// !$*UTF8*$!
{
	archiveVersion = 1;
	classes = {
	};
	objectVersion = 77;
	objects = {

/* Begin PBXBuildFile section */
		00784956D290EAEC19D04959 /* SearchResultsView.swift in Sources */ = {isa = PBXBuildFile; fileRef = 1435C0DD43FCAF70997A38FE /* SearchResultsView.swift */; };
		05B1383CC57792D53E14F994 /* SearchServiceE2ETests.swift in Sources */ = {isa = PBXBuildFile; fileRef = AC20415B6621C355692B05FD /* SearchServiceE2ETests.swift */; };
		0803E5FC51013B1F3CDCDA6D /* SearchResultRow.swift in Sources */ = {isa = PBXBuildFile; fileRef = 6FED5D492861464949515BBA /* SearchResultRow.swift */; };
		087F31445E38074968372D1D /* ggml-backend-dl.cpp in Sources */ = {isa = PBXBuildFile; fileRef = 9A37475669160D9948FE3551 /* ggml-backend-dl.cpp */; };
		0AB56E2F92177740CDEF8F58 /* MetalKit.framework in Frameworks */ = {isa = PBXBuildFile; fileRef = 14CB56961D7863988BFF0E6B /* MetalKit.framework */; };
		17C2BB653660A36BFAC48BF7 /* TagEditingTests.swift in Sources */ = {isa = PBXBuildFile; fileRef = CD0099FBAA80B3E4D00DEE36 /* TagEditingTests.swift */; };
		1A13A14DB5130A27BD6A2611 /* TranscriptionEngine.swift in Sources */ = {isa = PBXBuildFile; fileRef = ADA3415A95AE4DD2103D2358 /* TranscriptionEngine.swift */; };
		1C35AC660D5017BEC6A7FC58 /* AudioPlayer.swift in Sources */ = {isa = PBXBuildFile; fileRef = 31EA7A2B90B3B83ED8A5A68C /* AudioPlayer.swift */; };
		1FFE31AA7BECE09FB63C40EB /* CrossSessionBrowsingE2ETests.swift in Sources */ = {isa = PBXBuildFile; fileRef = BDF7D3897CDA9EBD16A7E287 /* CrossSessionBrowsingE2ETests.swift */; };
		27E9FFE9F799D767829B0FB9 /* cpu-feats.cpp in Sources */ = {isa = PBXBuildFile; fileRef = BC81EDABE661427D198BE7D9 /* cpu-feats.cpp */; };
		35E1E0F0D09026D0F07A4747 /* ExportSheetTests.swift in Sources */ = {isa = PBXBuildFile; fileRef = 7AA4C97A76B7D4BCCBC8497C /* ExportSheetTests.swift */; };
		371F9375D13866ABEAE0CF16 /* quants.c in Sources */ = {isa = PBXBuildFile; fileRef = B896A5B0D74237E4940C0E36 /* quants.c */; };
		3D5B5CA2C9E90431B199A76C /* ggml-metal-device.m in Sources */ = {isa = PBXBuildFile; fileRef = 3E58E46BF1F4D1C4A469ECE4 /* ggml-metal-device.m */; };
		40816E881BE86220CA30874C /* SessionWaveformTimeline.swift in Sources */ = {isa = PBXBuildFile; fileRef = 8A673C944E5921822E34E28D /* SessionWaveformTimeline.swift */; };
		4129E7F111CE793CD064507F /* TagSidebarRow.swift in Sources */ = {isa = PBXBuildFile; fileRef = BF8CFA5751B76EDD4C38AC42 /* TagSidebarRow.swift */; };
		440B8A33EFDE5B20C6594794 /* RelatedTagsView.swift in Sources */ = {isa = PBXBuildFile; fileRef = EE11F1976DE6A82DADBBEDAD /* RelatedTagsView.swift */; };
		47A3A6FAD8F2762A8A6F5DB9 /* SearchServiceTests.swift in Sources */ = {isa = PBXBuildFile; fileRef = 15249DFF7FA6DC6AC273EF46 /* SearchServiceTests.swift */; };
		483EBF5CB15388A4061C741A /* DictlyKit in Frameworks */ = {isa = PBXBuildFile; productRef = C7A8F80EBE71320BD7E63E9E /* DictlyKit */; };
		49A335A68D56F9B968ED3F3E /* TagDetailPanel.swift in Sources */ = {isa = PBXBuildFile; fileRef = F99799ADDC35F183C7A44D98 /* TagDetailPanel.swift */; };
		5563C08F4FCE4549ED7275EE /* repack.cpp in Sources */ = {isa = PBXBuildFile; fileRef = C78BC6251E1812BF16F819C2 /* repack.cpp */; };
		575E88988088C8DF2DAA57E5 /* SessionReviewScreenTests.swift in Sources */ = {isa = PBXBuildFile; fileRef = E8E83175BC0B860D8AFE2B7A /* SessionReviewScreenTests.swift */; };
		5912233F295C6C406C521C0C /* Accelerate.framework in Frameworks */ = {isa = PBXBuildFile; fileRef = 458695DF0DBDB0A4ACDE750E /* Accelerate.framework */; };
		5AEEF9E41E6F97CB8725E8FE /* LocalNetworkReceiver.swift in Sources */ = {isa = PBXBuildFile; fileRef = B98B53E1C627818A5B42932D /* LocalNetworkReceiver.swift */; };
		60C9D5937128DF2334B02897 /* TagNotesTests.swift in Sources */ = {isa = PBXBuildFile; fileRef = 7D39556327FEE8030DAD8618 /* TagNotesTests.swift */; };
		630732A90060283F2ECBC0A1 /* TagDetailPanelTests.swift in Sources */ = {isa = PBXBuildFile; fileRef = FEE608B627F0CCABABD1F365 /* TagDetailPanelTests.swift */; };
		64A2669EA23F14BB5745BAA3 /* ImportService.swift in Sources */ = {isa = PBXBuildFile; fileRef = B4BEB495884ED9C7CAD7C2F2 /* ImportService.swift */; };
		68F862B146C911436B19E8EE /* ggml-threading.cpp in Sources */ = {isa = PBXBuildFile; fileRef = B581E8845D2D75E9747FB2F2 /* ggml-threading.cpp */; };
		693ED22DC6258ED0BC79C31B /* ggml-metal-ops.cpp in Sources */ = {isa = PBXBuildFile; fileRef = 2B435948CFAD6264F3E85E84 /* ggml-metal-ops.cpp */; };
		6E52A9688ABD53A2D5CCCB88 /* LocalNetworkReceiverTests.swift in Sources */ = {isa = PBXBuildFile; fileRef = 630711832B38B9EA2231CB37 /* LocalNetworkReceiverTests.swift */; };
		70D461518FC61E077B575F17 /* ExportSheet.swift in Sources */ = {isa = PBXBuildFile; fileRef = 43E0016CFBE669F4A2BB44EA /* ExportSheet.swift */; };
		781FE5A7A296C225D26A0740 /* ggml-metal-common.cpp in Sources */ = {isa = PBXBuildFile; fileRef = C88DD007FF38B33A69877B0B /* ggml-metal-common.cpp */; };
		79AB2E716EBEEA9F08AF30CC /* MetalPerformanceShaders.framework in Frameworks */ = {isa = PBXBuildFile; fileRef = BFADB80B3F2850DA824A5B8F /* MetalPerformanceShaders.framework */; };
		7C7CAB9D67E6AF1FFCC1632E /* gguf.cpp in Sources */ = {isa = PBXBuildFile; fileRef = CB20C48B809D37A9010A5A78 /* gguf.cpp */; };
		7E1ADC46A8D6A4CB7A2EA14C /* Epic5E2ETests.swift in Sources */ = {isa = PBXBuildFile; fileRef = 6A207B454FEDD9B833064E6D /* Epic5E2ETests.swift */; };
		7E299B2529392CAA3C708F28 /* traits.cpp in Sources */ = {isa = PBXBuildFile; fileRef = 42983207A5C4765ABE90CCF5 /* traits.cpp */; };
		8026E48D8E51F41B6ACCC2BB /* ContentView.swift in Sources */ = {isa = PBXBuildFile; fileRef = 8D79153280CF49C24B46C221 /* ContentView.swift */; };
		80EA11780778E4779BFD34F8 /* TagSidebar.swift in Sources */ = {isa = PBXBuildFile; fileRef = C99BEC7DCA95A5E95CB29E76 /* TagSidebar.swift */; };
		815BFEDA3DA7708495726387 /* Epic4E2ETests.swift in Sources */ = {isa = PBXBuildFile; fileRef = 9AAD34E9934EB9CE2C48094E /* Epic4E2ETests.swift */; };
		8326B3028C9BA4200ED48232 /* ggml-cpu.cpp in Sources */ = {isa = PBXBuildFile; fileRef = EFC45DC8E7A131783015B5C5 /* ggml-cpu.cpp */; };
		84AD22FFFF7F034714853504 /* ggml-backend.cpp in Sources */ = {isa = PBXBuildFile; fileRef = FCB4BCE2FFDCDE2484B1D85B /* ggml-backend.cpp */; };
		8A6DB152EBC4B0A3C905461E /* ggml-metal-context.m in Sources */ = {isa = PBXBuildFile; fileRef = B5D7CB3D25D2B977B7053D80 /* ggml-metal-context.m */; };
		8C26268F224DFF0AA5F044AC /* SearchService.swift in Sources */ = {isa = PBXBuildFile; fileRef = 3D17B2B00DA8CB0AFC800A3C /* SearchService.swift */; };
		91AFB9ADB1B04464F16A493B /* ggml-opt.cpp in Sources */ = {isa = PBXBuildFile; fileRef = 0A7023370F0EA4A5D7DB4212 /* ggml-opt.cpp */; };
		92DBF6409F0C0D5F820C9204 /* CrossSessionBrowsingTests.swift in Sources */ = {isa = PBXBuildFile; fileRef = 7CDCB851020E207A507FD5A1 /* CrossSessionBrowsingTests.swift */; };
		92F0D3A84DFB496F395CDDFF /* NewTagForm.swift in Sources */ = {isa = PBXBuildFile; fileRef = 00C90B9A4FA48D53D6737AA1 /* NewTagForm.swift */; };
		97C056EF81487795B68803AF /* SessionReviewScreen.swift in Sources */ = {isa = PBXBuildFile; fileRef = DB85059BE85A27C7184F5C28 /* SessionReviewScreen.swift */; };
		97DB1175FB96FD8E6F73ED1F /* TagMarkerShape.swift in Sources */ = {isa = PBXBuildFile; fileRef = C04427E954A5A6EAFB76D739 /* TagMarkerShape.swift */; };
		9CC8BC7AD31A4C44807A1929 /* ops.cpp in Sources */ = {isa = PBXBuildFile; fileRef = 30F2B13D35BF245D546C21C2 /* ops.cpp */; };
		9D10F95BF68AE49E91B222C3 /* ggml.cpp in Sources */ = {isa = PBXBuildFile; fileRef = 1EBDD4C7947B69F534E65161 /* ggml.cpp */; };
		AC709183638F0ED7559833E1 /* whisper.cpp in Sources */ = {isa = PBXBuildFile; fileRef = E167BF3628F18E7384BEB37E /* whisper.cpp */; };
		B12F56FAC43C6346A67DD5D6 /* TranscriptionEngineTests.swift in Sources */ = {isa = PBXBuildFile; fileRef = 1CE3FBD4D334B9E4737B2BA8 /* TranscriptionEngineTests.swift */; };
		B29B86F6F675C74596AA89B1 /* quants.c in Sources */ = {isa = PBXBuildFile; fileRef = 10F2F49E95DC953E802BFEF3 /* quants.c */; };
		B56461F468BB5C2F027BA0E8 /* ModelManagerTests.swift in Sources */ = {isa = PBXBuildFile; fileRef = 096B63A4B3A32B1E5506BB36 /* ModelManagerTests.swift */; };
		B649E9A6FCA496D770BC8743 /* unary-ops.cpp in Sources */ = {isa = PBXBuildFile; fileRef = 63331FCC95A0FF7036C2DF5A /* unary-ops.cpp */; };
		B663EA01126D66D07F343D26 /* WaveformDataProvider.swift in Sources */ = {isa = PBXBuildFile; fileRef = 37E0598116A25B1CDE9AD437 /* WaveformDataProvider.swift */; };
		BCAED8D36C822AA36C27F4DF /* ImportProgressView.swift in Sources */ = {isa = PBXBuildFile; fileRef = AC2E9ED61A8775A41989834D /* ImportProgressView.swift */; };
		BD4D70193DB25494555DD1AE /* RetroactiveTagTests.swift in Sources */ = {isa = PBXBuildFile; fileRef = 943DCAF14A9E49CD2AF0147B /* RetroactiveTagTests.swift */; };
		C219054539490DBD3F6F4340 /* PreferencesWindow.swift in Sources */ = {isa = PBXBuildFile; fileRef = 3B010B705AA06A5BD1749B44 /* PreferencesWindow.swift */; };
		C2A5F98F32A9198805EB399F /* ggml.c in Sources */ = {isa = PBXBuildFile; fileRef = 6356CAFFF77B4C9C423BE569 /* ggml.c */; };
		C2A7586C1073C934BFA89A0E /* repack.cpp in Sources */ = {isa = PBXBuildFile; fileRef = 5869C7AAD8B8767004BE13EB /* repack.cpp */; };
		C5E3B5BCF8DFDEECC5C4BC6F /* DictlyMacApp.swift in Sources */ = {isa = PBXBuildFile; fileRef = 95E649BA6DF1539916AFC171 /* DictlyMacApp.swift */; };
		C8D106718C656CA73D4BAA9B /* ggml-quants.c in Sources */ = {isa = PBXBuildFile; fileRef = A68126562CC78E52EF0C9A98 /* ggml-quants.c */; };
		C971785B7E3B412A0CD33E79 /* WaveformTimelineTests.swift in Sources */ = {isa = PBXBuildFile; fileRef = 5C11C91837FD6C6CD89BFBD8 /* WaveformTimelineTests.swift */; };
		CCBEA63E5AA4AB94035C246A /* CoreML.framework in Frameworks */ = {isa = PBXBuildFile; fileRef = F895FADB439548125B64C15C /* CoreML.framework */; };
		CD522D0FC73F86D987E6F005 /* ggml-metal-device.cpp in Sources */ = {isa = PBXBuildFile; fileRef = 35E173BC456CE2060940E8F2 /* ggml-metal-device.cpp */; };
		CE2490032C1555544D4392DE /* ModelManagementView.swift in Sources */ = {isa = PBXBuildFile; fileRef = 208F2639D55E84ABF69B3380 /* ModelManagementView.swift */; };
		CF037BF36FCACE3122FAE6D8 /* ggml-backend-reg.cpp in Sources */ = {isa = PBXBuildFile; fileRef = 63DA8296483395274EDD8ECC /* ggml-backend-reg.cpp */; };
		D085ED2F9D3B22D3DBF46B6E /* binary-ops.cpp in Sources */ = {isa = PBXBuildFile; fileRef = 7C20E54732BAB0502F652F8C /* binary-ops.cpp */; };
		D0E235FAB8094AD5A850773E /* SidebarCampaignGroupingTests.swift in Sources */ = {isa = PBXBuildFile; fileRef = 555F88CE53E1A251EE8F1446 /* SidebarCampaignGroupingTests.swift */; };
		E4422D33370E60310F7EDFDA /* WhisperBridge.swift in Sources */ = {isa = PBXBuildFile; fileRef = 7846868E46CDF395D6251590 /* WhisperBridge.swift */; };
		E4E6019C7C2C1FED06A584E7 /* ggml-cpu.c in Sources */ = {isa = PBXBuildFile; fileRef = D71ED8CE857F9E96140BBFC4 /* ggml-cpu.c */; };
		E86F70A8B0CC20F126937255 /* CategoryColorHelper.swift in Sources */ = {isa = PBXBuildFile; fileRef = 5AF6212CC3464C0246405B2D /* CategoryColorHelper.swift */; };
		E89B3FAB32A9A61B34328160 /* DictlyKit in Frameworks */ = {isa = PBXBuildFile; productRef = 6D779627DD09B4C0A1B8FA61 /* DictlyKit */; };
		EB113796D499E2B4A330D046 /* WhisperBridgeTests.swift in Sources */ = {isa = PBXBuildFile; fileRef = 070CD852F413FD4AFC2D0C5F /* WhisperBridgeTests.swift */; };
		F0FB00CC325B605BE9C11202 /* Metal.framework in Frameworks */ = {isa = PBXBuildFile; fileRef = 3C823397DBFDC0DFE6E6C7A5 /* Metal.framework */; };
		F292C87D2E124E72CC56FBF0 /* TagSidebarFilterTests.swift in Sources */ = {isa = PBXBuildFile; fileRef = 1F6374291370DD5930374CA1 /* TagSidebarFilterTests.swift */; };
		F4A20228D9C9A06557D23293 /* hbm.cpp in Sources */ = {isa = PBXBuildFile; fileRef = 71D8FDE1ECAB27E242F3309A /* hbm.cpp */; };
		F4F3492A52C73AD6E109335E /* ImportServiceTests.swift in Sources */ = {isa = PBXBuildFile; fileRef = 2BD4B11F67071DA75BD374EC /* ImportServiceTests.swift */; };
		F507AFDC15605AECB65C8217 /* AudioPlayerTests.swift in Sources */ = {isa = PBXBuildFile; fileRef = 59F65E68A1AE0ABC255509BE /* AudioPlayerTests.swift */; };
		F7EF4690FCB0A282EE129E13 /* ggml-alloc.c in Sources */ = {isa = PBXBuildFile; fileRef = B9E13F3878655BAB38CD3912 /* ggml-alloc.c */; };
		FA23E38625EC25107248D682 /* ggml-metal.cpp in Sources */ = {isa = PBXBuildFile; fileRef = 6B46FB9DDD9601F4A3628A6E /* ggml-metal.cpp */; };
		FC461A24CEE9F5346D9173C0 /* ModelManager.swift in Sources */ = {isa = PBXBuildFile; fileRef = F62A922B7D7C15A23BE93475 /* ModelManager.swift */; };
		FC8D5F2D3E33C77EBCF5702E /* SessionNotesView.swift in Sources */ = {isa = PBXBuildFile; fileRef = CE5E547187C158D1B74BA811 /* SessionNotesView.swift */; };
		FCED9B9A773DDDB14014E8B3 /* libWhisperLib.a in Frameworks */ = {isa = PBXBuildFile; fileRef = 0A775D46B9312570E230085E /* libWhisperLib.a */; };
		FEE50944E6FC3F8C47073F38 /* vec.cpp in Sources */ = {isa = PBXBuildFile; fileRef = 067DE932C55A19AFAEE4DD45 /* vec.cpp */; };
/* End PBXBuildFile section */

/* Begin PBXContainerItemProxy section */
		17FDB92CB5295D2859D01B11 /* PBXContainerItemProxy */ = {
			isa = PBXContainerItemProxy;
			containerPortal = AF1B8E01C6B7CEFB5471684D /* Project object */;
			proxyType = 1;
			remoteGlobalIDString = 3CAC782FA2DDF35F09AC7FD8;
			remoteInfo = WhisperLib;
		};
		34394DDA1F01D11E190DE795 /* PBXContainerItemProxy */ = {
			isa = PBXContainerItemProxy;
			containerPortal = AF1B8E01C6B7CEFB5471684D /* Project object */;
			proxyType = 1;
			remoteGlobalIDString = 62761C5198395EC9CF834280;
			remoteInfo = DictlyMac;
		};
/* End PBXContainerItemProxy section */

/* Begin PBXFileReference section */
		00C90B9A4FA48D53D6737AA1 /* NewTagForm.swift */ = {isa = PBXFileReference; lastKnownFileType = sourcecode.swift; path = NewTagForm.swift; sourceTree = "<group>"; };
		067DE932C55A19AFAEE4DD45 /* vec.cpp */ = {isa = PBXFileReference; lastKnownFileType = sourcecode.cpp.cpp; path = vec.cpp; sourceTree = "<group>"; };
		070CD852F413FD4AFC2D0C5F /* WhisperBridgeTests.swift */ = {isa = PBXFileReference; lastKnownFileType = sourcecode.swift; path = WhisperBridgeTests.swift; sourceTree = "<group>"; };
		096B63A4B3A32B1E5506BB36 /* ModelManagerTests.swift */ = {isa = PBXFileReference; lastKnownFileType = sourcecode.swift; path = ModelManagerTests.swift; sourceTree = "<group>"; };
		0A7023370F0EA4A5D7DB4212 /* ggml-opt.cpp */ = {isa = PBXFileReference; lastKnownFileType = sourcecode.cpp.cpp; path = "ggml-opt.cpp"; sourceTree = "<group>"; };
		0A775D46B9312570E230085E /* libWhisperLib.a */ = {isa = PBXFileReference; explicitFileType = archive.ar; includeInIndex = 0; path = libWhisperLib.a; sourceTree = BUILT_PRODUCTS_DIR; };
		10F2F49E95DC953E802BFEF3 /* quants.c */ = {isa = PBXFileReference; lastKnownFileType = sourcecode.c.c; path = quants.c; sourceTree = "<group>"; };
		1435C0DD43FCAF70997A38FE /* SearchResultsView.swift */ = {isa = PBXFileReference; lastKnownFileType = sourcecode.swift; path = SearchResultsView.swift; sourceTree = "<group>"; };
		14CB56961D7863988BFF0E6B /* MetalKit.framework */ = {isa = PBXFileReference; lastKnownFileType = wrapper.framework; path = MetalKit.framework; sourceTree = "<group>"; };
		15249DFF7FA6DC6AC273EF46 /* SearchServiceTests.swift */ = {isa = PBXFileReference; lastKnownFileType = sourcecode.swift; path = SearchServiceTests.swift; sourceTree = "<group>"; };
		188A4D7CFED71AB1512E62D2 /* .gitkeep */ = {isa = PBXFileReference; path = .gitkeep; sourceTree = "<group>"; };
		1CE3FBD4D334B9E4737B2BA8 /* TranscriptionEngineTests.swift */ = {isa = PBXFileReference; lastKnownFileType = sourcecode.swift; path = TranscriptionEngineTests.swift; sourceTree = "<group>"; };
		1EBDD4C7947B69F534E65161 /* ggml.cpp */ = {isa = PBXFileReference; lastKnownFileType = sourcecode.cpp.cpp; path = ggml.cpp; sourceTree = "<group>"; };
		1F6374291370DD5930374CA1 /* TagSidebarFilterTests.swift */ = {isa = PBXFileReference; lastKnownFileType = sourcecode.swift; path = TagSidebarFilterTests.swift; sourceTree = "<group>"; };
		208F2639D55E84ABF69B3380 /* ModelManagementView.swift */ = {isa = PBXFileReference; lastKnownFileType = sourcecode.swift; path = ModelManagementView.swift; sourceTree = "<group>"; };
		2B435948CFAD6264F3E85E84 /* ggml-metal-ops.cpp */ = {isa = PBXFileReference; lastKnownFileType = sourcecode.cpp.cpp; path = "ggml-metal-ops.cpp"; sourceTree = "<group>"; };
		2BD4B11F67071DA75BD374EC /* ImportServiceTests.swift */ = {isa = PBXFileReference; lastKnownFileType = sourcecode.swift; path = ImportServiceTests.swift; sourceTree = "<group>"; };
		30F2B13D35BF245D546C21C2 /* ops.cpp */ = {isa = PBXFileReference; lastKnownFileType = sourcecode.cpp.cpp; path = ops.cpp; sourceTree = "<group>"; };
		31EA7A2B90B3B83ED8A5A68C /* AudioPlayer.swift */ = {isa = PBXFileReference; lastKnownFileType = sourcecode.swift; path = AudioPlayer.swift; sourceTree = "<group>"; };
		35E173BC456CE2060940E8F2 /* ggml-metal-device.cpp */ = {isa = PBXFileReference; lastKnownFileType = sourcecode.cpp.cpp; path = "ggml-metal-device.cpp"; sourceTree = "<group>"; };
		37E0598116A25B1CDE9AD437 /* WaveformDataProvider.swift */ = {isa = PBXFileReference; lastKnownFileType = sourcecode.swift; path = WaveformDataProvider.swift; sourceTree = "<group>"; };
		3B010B705AA06A5BD1749B44 /* PreferencesWindow.swift */ = {isa = PBXFileReference; lastKnownFileType = sourcecode.swift; path = PreferencesWindow.swift; sourceTree = "<group>"; };
		3C823397DBFDC0DFE6E6C7A5 /* Metal.framework */ = {isa = PBXFileReference; lastKnownFileType = wrapper.framework; path = Metal.framework; sourceTree = "<group>"; };
		3D17B2B00DA8CB0AFC800A3C /* SearchService.swift */ = {isa = PBXFileReference; lastKnownFileType = sourcecode.swift; path = SearchService.swift; sourceTree = "<group>"; };
		3E58E46BF1F4D1C4A469ECE4 /* ggml-metal-device.m */ = {isa = PBXFileReference; lastKnownFileType = sourcecode.c.objc; path = "ggml-metal-device.m"; sourceTree = "<group>"; };
		42983207A5C4765ABE90CCF5 /* traits.cpp */ = {isa = PBXFileReference; lastKnownFileType = sourcecode.cpp.cpp; path = traits.cpp; sourceTree = "<group>"; };
		43E0016CFBE669F4A2BB44EA /* ExportSheet.swift */ = {isa = PBXFileReference; lastKnownFileType = sourcecode.swift; path = ExportSheet.swift; sourceTree = "<group>"; };
		451A0E0AFA5C65057119CDBD /* DictlyMac.app */ = {isa = PBXFileReference; explicitFileType = wrapper.application; includeInIndex = 0; path = DictlyMac.app; sourceTree = BUILT_PRODUCTS_DIR; };
		458695DF0DBDB0A4ACDE750E /* Accelerate.framework */ = {isa = PBXFileReference; lastKnownFileType = wrapper.framework; path = Accelerate.framework; sourceTree = "<group>"; };
		555F88CE53E1A251EE8F1446 /* SidebarCampaignGroupingTests.swift */ = {isa = PBXFileReference; lastKnownFileType = sourcecode.swift; path = SidebarCampaignGroupingTests.swift; sourceTree = "<group>"; };
		5869C7AAD8B8767004BE13EB /* repack.cpp */ = {isa = PBXFileReference; lastKnownFileType = sourcecode.cpp.cpp; path = repack.cpp; sourceTree = "<group>"; };
		59F65E68A1AE0ABC255509BE /* AudioPlayerTests.swift */ = {isa = PBXFileReference; lastKnownFileType = sourcecode.swift; path = AudioPlayerTests.swift; sourceTree = "<group>"; };
		5AF6212CC3464C0246405B2D /* CategoryColorHelper.swift */ = {isa = PBXFileReference; lastKnownFileType = sourcecode.swift; path = CategoryColorHelper.swift; sourceTree = "<group>"; };
		5C11C91837FD6C6CD89BFBD8 /* WaveformTimelineTests.swift */ = {isa = PBXFileReference; lastKnownFileType = sourcecode.swift; path = WaveformTimelineTests.swift; sourceTree = "<group>"; };
		630711832B38B9EA2231CB37 /* LocalNetworkReceiverTests.swift */ = {isa = PBXFileReference; lastKnownFileType = sourcecode.swift; path = LocalNetworkReceiverTests.swift; sourceTree = "<group>"; };
		63331FCC95A0FF7036C2DF5A /* unary-ops.cpp */ = {isa = PBXFileReference; lastKnownFileType = sourcecode.cpp.cpp; path = "unary-ops.cpp"; sourceTree = "<group>"; };
		6356CAFFF77B4C9C423BE569 /* ggml.c */ = {isa = PBXFileReference; lastKnownFileType = sourcecode.c.c; path = ggml.c; sourceTree = "<group>"; };
		63DA8296483395274EDD8ECC /* ggml-backend-reg.cpp */ = {isa = PBXFileReference; lastKnownFileType = sourcecode.cpp.cpp; path = "ggml-backend-reg.cpp"; sourceTree = "<group>"; };
		6A207B454FEDD9B833064E6D /* Epic5E2ETests.swift */ = {isa = PBXFileReference; lastKnownFileType = sourcecode.swift; path = Epic5E2ETests.swift; sourceTree = "<group>"; };
		6B46FB9DDD9601F4A3628A6E /* ggml-metal.cpp */ = {isa = PBXFileReference; lastKnownFileType = sourcecode.cpp.cpp; path = "ggml-metal.cpp"; sourceTree = "<group>"; };
		6FED5D492861464949515BBA /* SearchResultRow.swift */ = {isa = PBXFileReference; lastKnownFileType = sourcecode.swift; path = SearchResultRow.swift; sourceTree = "<group>"; };
		71D8FDE1ECAB27E242F3309A /* hbm.cpp */ = {isa = PBXFileReference; lastKnownFileType = sourcecode.cpp.cpp; path = hbm.cpp; sourceTree = "<group>"; };
		7846868E46CDF395D6251590 /* WhisperBridge.swift */ = {isa = PBXFileReference; lastKnownFileType = sourcecode.swift; path = WhisperBridge.swift; sourceTree = "<group>"; };
		7AA4C97A76B7D4BCCBC8497C /* ExportSheetTests.swift */ = {isa = PBXFileReference; lastKnownFileType = sourcecode.swift; path = ExportSheetTests.swift; sourceTree = "<group>"; };
		7C20E54732BAB0502F652F8C /* binary-ops.cpp */ = {isa = PBXFileReference; lastKnownFileType = sourcecode.cpp.cpp; path = "binary-ops.cpp"; sourceTree = "<group>"; };
		7CDCB851020E207A507FD5A1 /* CrossSessionBrowsingTests.swift */ = {isa = PBXFileReference; lastKnownFileType = sourcecode.swift; path = CrossSessionBrowsingTests.swift; sourceTree = "<group>"; };
		7D39556327FEE8030DAD8618 /* TagNotesTests.swift */ = {isa = PBXFileReference; lastKnownFileType = sourcecode.swift; path = TagNotesTests.swift; sourceTree = "<group>"; };
		8A673C944E5921822E34E28D /* SessionWaveformTimeline.swift */ = {isa = PBXFileReference; lastKnownFileType = sourcecode.swift; path = SessionWaveformTimeline.swift; sourceTree = "<group>"; };
		8D79153280CF49C24B46C221 /* ContentView.swift */ = {isa = PBXFileReference; lastKnownFileType = sourcecode.swift; path = ContentView.swift; sourceTree = "<group>"; };
		8FE1A8998D5DF4CE00BA743B /* WhisperBridge-Bridging-Header.h */ = {isa = PBXFileReference; lastKnownFileType = sourcecode.c.h; path = "WhisperBridge-Bridging-Header.h"; sourceTree = "<group>"; };
		943DCAF14A9E49CD2AF0147B /* RetroactiveTagTests.swift */ = {isa = PBXFileReference; lastKnownFileType = sourcecode.swift; path = RetroactiveTagTests.swift; sourceTree = "<group>"; };
		9454BE7EEE3DB0B18BBEE02A /* .gitkeep */ = {isa = PBXFileReference; path = .gitkeep; sourceTree = "<group>"; };
		95E649BA6DF1539916AFC171 /* DictlyMacApp.swift */ = {isa = PBXFileReference; lastKnownFileType = sourcecode.swift; path = DictlyMacApp.swift; sourceTree = "<group>"; };
		9A37475669160D9948FE3551 /* ggml-backend-dl.cpp */ = {isa = PBXFileReference; lastKnownFileType = sourcecode.cpp.cpp; path = "ggml-backend-dl.cpp"; sourceTree = "<group>"; };
		9AAD34E9934EB9CE2C48094E /* Epic4E2ETests.swift */ = {isa = PBXFileReference; lastKnownFileType = sourcecode.swift; path = Epic4E2ETests.swift; sourceTree = "<group>"; };
		9EB04EFF1D057998274F3D54 /* .gitkeep */ = {isa = PBXFileReference; path = .gitkeep; sourceTree = "<group>"; };
		A68126562CC78E52EF0C9A98 /* ggml-quants.c */ = {isa = PBXFileReference; lastKnownFileType = sourcecode.c.c; path = "ggml-quants.c"; sourceTree = "<group>"; };
		A8885E926145C865765F63DE /* .gitkeep */ = {isa = PBXFileReference; path = .gitkeep; sourceTree = "<group>"; };
		AC20415B6621C355692B05FD /* SearchServiceE2ETests.swift */ = {isa = PBXFileReference; lastKnownFileType = sourcecode.swift; path = SearchServiceE2ETests.swift; sourceTree = "<group>"; };
		AC2E9ED61A8775A41989834D /* ImportProgressView.swift */ = {isa = PBXFileReference; lastKnownFileType = sourcecode.swift; path = ImportProgressView.swift; sourceTree = "<group>"; };
		ADA3415A95AE4DD2103D2358 /* TranscriptionEngine.swift */ = {isa = PBXFileReference; lastKnownFileType = sourcecode.swift; path = TranscriptionEngine.swift; sourceTree = "<group>"; };
		B4BEB495884ED9C7CAD7C2F2 /* ImportService.swift */ = {isa = PBXFileReference; lastKnownFileType = sourcecode.swift; path = ImportService.swift; sourceTree = "<group>"; };
		B581E8845D2D75E9747FB2F2 /* ggml-threading.cpp */ = {isa = PBXFileReference; lastKnownFileType = sourcecode.cpp.cpp; path = "ggml-threading.cpp"; sourceTree = "<group>"; };
		B5D7CB3D25D2B977B7053D80 /* ggml-metal-context.m */ = {isa = PBXFileReference; lastKnownFileType = sourcecode.c.objc; path = "ggml-metal-context.m"; sourceTree = "<group>"; };
		B629B3ADAFBE8F7A1A8C0040 /* DictlyMacTests.xctest */ = {isa = PBXFileReference; explicitFileType = wrapper.cfbundle; includeInIndex = 0; path = DictlyMacTests.xctest; sourceTree = BUILT_PRODUCTS_DIR; };
		B896A5B0D74237E4940C0E36 /* quants.c */ = {isa = PBXFileReference; lastKnownFileType = sourcecode.c.c; path = quants.c; sourceTree = "<group>"; };
		B98B53E1C627818A5B42932D /* LocalNetworkReceiver.swift */ = {isa = PBXFileReference; lastKnownFileType = sourcecode.swift; path = LocalNetworkReceiver.swift; sourceTree = "<group>"; };
		B9E13F3878655BAB38CD3912 /* ggml-alloc.c */ = {isa = PBXFileReference; lastKnownFileType = sourcecode.c.c; path = "ggml-alloc.c"; sourceTree = "<group>"; };
		BC6F035F6865123E34DDB2E6 /* DictlyKit */ = {isa = PBXFileReference; lastKnownFileType = folder; name = DictlyKit; path = ../DictlyKit; sourceTree = SOURCE_ROOT; };
		BC81EDABE661427D198BE7D9 /* cpu-feats.cpp */ = {isa = PBXFileReference; lastKnownFileType = sourcecode.cpp.cpp; path = "cpu-feats.cpp"; sourceTree = "<group>"; };
		BDF7D3897CDA9EBD16A7E287 /* CrossSessionBrowsingE2ETests.swift */ = {isa = PBXFileReference; lastKnownFileType = sourcecode.swift; path = CrossSessionBrowsingE2ETests.swift; sourceTree = "<group>"; };
		BF8CFA5751B76EDD4C38AC42 /* TagSidebarRow.swift */ = {isa = PBXFileReference; lastKnownFileType = sourcecode.swift; path = TagSidebarRow.swift; sourceTree = "<group>"; };
		BFADB80B3F2850DA824A5B8F /* MetalPerformanceShaders.framework */ = {isa = PBXFileReference; lastKnownFileType = wrapper.framework; path = MetalPerformanceShaders.framework; sourceTree = "<group>"; };
		C04427E954A5A6EAFB76D739 /* TagMarkerShape.swift */ = {isa = PBXFileReference; lastKnownFileType = sourcecode.swift; path = TagMarkerShape.swift; sourceTree = "<group>"; };
		C649C01D39BCD15BAB1CE49E /* .gitkeep */ = {isa = PBXFileReference; path = .gitkeep; sourceTree = "<group>"; };
		C78BC6251E1812BF16F819C2 /* repack.cpp */ = {isa = PBXFileReference; lastKnownFileType = sourcecode.cpp.cpp; path = repack.cpp; sourceTree = "<group>"; };
		C88DD007FF38B33A69877B0B /* ggml-metal-common.cpp */ = {isa = PBXFileReference; lastKnownFileType = sourcecode.cpp.cpp; path = "ggml-metal-common.cpp"; sourceTree = "<group>"; };
		C99BEC7DCA95A5E95CB29E76 /* TagSidebar.swift */ = {isa = PBXFileReference; lastKnownFileType = sourcecode.swift; path = TagSidebar.swift; sourceTree = "<group>"; };
		CB20C48B809D37A9010A5A78 /* gguf.cpp */ = {isa = PBXFileReference; lastKnownFileType = sourcecode.cpp.cpp; path = gguf.cpp; sourceTree = "<group>"; };
		CD0099FBAA80B3E4D00DEE36 /* TagEditingTests.swift */ = {isa = PBXFileReference; lastKnownFileType = sourcecode.swift; path = TagEditingTests.swift; sourceTree = "<group>"; };
		CE5E547187C158D1B74BA811 /* SessionNotesView.swift */ = {isa = PBXFileReference; lastKnownFileType = sourcecode.swift; path = SessionNotesView.swift; sourceTree = "<group>"; };
		D71ED8CE857F9E96140BBFC4 /* ggml-cpu.c */ = {isa = PBXFileReference; lastKnownFileType = sourcecode.c.c; path = "ggml-cpu.c"; sourceTree = "<group>"; };
		DB85059BE85A27C7184F5C28 /* SessionReviewScreen.swift */ = {isa = PBXFileReference; lastKnownFileType = sourcecode.swift; path = SessionReviewScreen.swift; sourceTree = "<group>"; };
		E093A48C431BE0333F497950 /* .gitkeep */ = {isa = PBXFileReference; path = .gitkeep; sourceTree = "<group>"; };
		E167BF3628F18E7384BEB37E /* whisper.cpp */ = {isa = PBXFileReference; lastKnownFileType = sourcecode.cpp.cpp; path = whisper.cpp; sourceTree = "<group>"; };
		E39A02E06E7DC2F7802567A6 /* .gitkeep */ = {isa = PBXFileReference; path = .gitkeep; sourceTree = "<group>"; };
		E39FE108FE0E186C30B84CAC /* .gitkeep */ = {isa = PBXFileReference; path = .gitkeep; sourceTree = "<group>"; };
		E8E83175BC0B860D8AFE2B7A /* SessionReviewScreenTests.swift */ = {isa = PBXFileReference; lastKnownFileType = sourcecode.swift; path = SessionReviewScreenTests.swift; sourceTree = "<group>"; };
		EE11F1976DE6A82DADBBEDAD /* RelatedTagsView.swift */ = {isa = PBXFileReference; lastKnownFileType = sourcecode.swift; path = RelatedTagsView.swift; sourceTree = "<group>"; };
		EFC45DC8E7A131783015B5C5 /* ggml-cpu.cpp */ = {isa = PBXFileReference; lastKnownFileType = sourcecode.cpp.cpp; path = "ggml-cpu.cpp"; sourceTree = "<group>"; };
		F62A922B7D7C15A23BE93475 /* ModelManager.swift */ = {isa = PBXFileReference; lastKnownFileType = sourcecode.swift; path = ModelManager.swift; sourceTree = "<group>"; };
		F895FADB439548125B64C15C /* CoreML.framework */ = {isa = PBXFileReference; lastKnownFileType = wrapper.framework; path = CoreML.framework; sourceTree = "<group>"; };
		F99799ADDC35F183C7A44D98 /* TagDetailPanel.swift */ = {isa = PBXFileReference; lastKnownFileType = sourcecode.swift; path = TagDetailPanel.swift; sourceTree = "<group>"; };
		FCB4BCE2FFDCDE2484B1D85B /* ggml-backend.cpp */ = {isa = PBXFileReference; lastKnownFileType = sourcecode.cpp.cpp; path = "ggml-backend.cpp"; sourceTree = "<group>"; };
		FEE608B627F0CCABABD1F365 /* TagDetailPanelTests.swift */ = {isa = PBXFileReference; lastKnownFileType = sourcecode.swift; path = TagDetailPanelTests.swift; sourceTree = "<group>"; };
/* End PBXFileReference section */

/* Begin PBXFrameworksBuildPhase section */
		072475F78EEBFA21663AE7AD /* Frameworks */ = {
			isa = PBXFrameworksBuildPhase;
			buildActionMask = 2147483647;
			files = (
				E89B3FAB32A9A61B34328160 /* DictlyKit in Frameworks */,
			);
			runOnlyForDeploymentPostprocessing = 0;
		};
		6F4F8BBFC7918469196445B8 /* Frameworks */ = {
			isa = PBXFrameworksBuildPhase;
			buildActionMask = 2147483647;
			files = (
				483EBF5CB15388A4061C741A /* DictlyKit in Frameworks */,
				FCED9B9A773DDDB14014E8B3 /* libWhisperLib.a in Frameworks */,
				F0FB00CC325B605BE9C11202 /* Metal.framework in Frameworks */,
				0AB56E2F92177740CDEF8F58 /* MetalKit.framework in Frameworks */,
				79AB2E716EBEEA9F08AF30CC /* MetalPerformanceShaders.framework in Frameworks */,
				CCBEA63E5AA4AB94035C246A /* CoreML.framework in Frameworks */,
				5912233F295C6C406C521C0C /* Accelerate.framework in Frameworks */,
			);
			runOnlyForDeploymentPostprocessing = 0;
		};
/* End PBXFrameworksBuildPhase section */

/* Begin PBXGroup section */
		041CC83D20CC6BFA9E2B3A42 /* Frameworks */ = {
			isa = PBXGroup;
			children = (
				458695DF0DBDB0A4ACDE750E /* Accelerate.framework */,
				F895FADB439548125B64C15C /* CoreML.framework */,
				3C823397DBFDC0DFE6E6C7A5 /* Metal.framework */,
				14CB56961D7863988BFF0E6B /* MetalKit.framework */,
				BFADB80B3F2850DA824A5B8F /* MetalPerformanceShaders.framework */,
			);
			name = Frameworks;
			sourceTree = "<group>";
		};
		067C08D608B18FA011893428 = {
			isa = PBXGroup;
			children = (
				23E53F03A9B6D0166A5C11F4 /* App */,
				9134B8EAD58AC10C77863678 /* Campaigns */,
				1B5792082D55330D7949F840 /* Dictly (kopie) */,
				777DA888D953213E321D9A65 /* Export */,
				6DC0A1320FC0A6B2DAB877F0 /* Import */,
				9B444FB2F46D61DBB2B657F6 /* Packages */,
				7778336A3D11F9CBF315B031 /* Review */,
				CACCB923AD674455BB2398BB /* Search */,
				F7C55C541B7F24ACC93E0963 /* Settings */,
				08DAF3B0500510CBC5D50EAA /* Transcription */,
				041CC83D20CC6BFA9E2B3A42 /* Frameworks */,
				6F0AAFC1884D885B01A85E4E /* Products */,
			);
			sourceTree = "<group>";
		};
		08DAF3B0500510CBC5D50EAA /* Transcription */ = {
			isa = PBXGroup;
			children = (
				9454BE7EEE3DB0B18BBEE02A /* .gitkeep */,
				208F2639D55E84ABF69B3380 /* ModelManagementView.swift */,
				F62A922B7D7C15A23BE93475 /* ModelManager.swift */,
				ADA3415A95AE4DD2103D2358 /* TranscriptionEngine.swift */,
				8FE1A8998D5DF4CE00BA743B /* WhisperBridge-Bridging-Header.h */,
				7846868E46CDF395D6251590 /* WhisperBridge.swift */,
			);
			path = Transcription;
			sourceTree = "<group>";
		};
		0E2057FDA9F066ED0259D840 /* ggml */ = {
			isa = PBXGroup;
			children = (
				F1BB5FFA2BDE6DFA677FF462 /* src */,
			);
			path = ggml;
			sourceTree = "<group>";
		};
		1B5792082D55330D7949F840 /* Dictly (kopie) */ = {
			isa = PBXGroup;
			children = (
				EADA3E5BACEA271C35C50E06 /* DictlyMacTests */,
				28B18E16DF2AB0328530AD1E /* Vendor */,
			);
			name = "Dictly (kopie)";
			path = ..;
			sourceTree = "<group>";
		};
		20ADB78EBFB9D9552D430002 /* src */ = {
			isa = PBXGroup;
			children = (
				E167BF3628F18E7384BEB37E /* whisper.cpp */,
			);
			path = src;
			sourceTree = "<group>";
		};
		23E53F03A9B6D0166A5C11F4 /* App */ = {
			isa = PBXGroup;
			children = (
				8D79153280CF49C24B46C221 /* ContentView.swift */,
				95E649BA6DF1539916AFC171 /* DictlyMacApp.swift */,
			);
			path = App;
			sourceTree = "<group>";
		};
		283C6166902A9068BB900651 /* ggml-cpu */ = {
			isa = PBXGroup;
			children = (
				7C20E54732BAB0502F652F8C /* binary-ops.cpp */,
				D71ED8CE857F9E96140BBFC4 /* ggml-cpu.c */,
				EFC45DC8E7A131783015B5C5 /* ggml-cpu.cpp */,
				71D8FDE1ECAB27E242F3309A /* hbm.cpp */,
				30F2B13D35BF245D546C21C2 /* ops.cpp */,
				B896A5B0D74237E4940C0E36 /* quants.c */,
				5869C7AAD8B8767004BE13EB /* repack.cpp */,
				42983207A5C4765ABE90CCF5 /* traits.cpp */,
				63331FCC95A0FF7036C2DF5A /* unary-ops.cpp */,
				067DE932C55A19AFAEE4DD45 /* vec.cpp */,
				A1CFE4237F74F92DC4809AE2 /* arch */,
			);
			path = "ggml-cpu";
			sourceTree = "<group>";
		};
		28B18E16DF2AB0328530AD1E /* Vendor */ = {
			isa = PBXGroup;
			children = (
				DE45227F979B1A41A385707B /* whisper.cpp */,
			);
			path = Vendor;
			sourceTree = "<group>";
		};
		5B72800FDBBEB8E862F391E3 /* SearchTests */ = {
			isa = PBXGroup;
			children = (
				AC20415B6621C355692B05FD /* SearchServiceE2ETests.swift */,
				15249DFF7FA6DC6AC273EF46 /* SearchServiceTests.swift */,
			);
			path = SearchTests;
			sourceTree = "<group>";
		};
		5CE3C7E6C302A0FCCCC5F6CC /* SidebarTests */ = {
			isa = PBXGroup;
			children = (
				555F88CE53E1A251EE8F1446 /* SidebarCampaignGroupingTests.swift */,
			);
			path = SidebarTests;
			sourceTree = "<group>";
		};
		6DC0A1320FC0A6B2DAB877F0 /* Import */ = {
			isa = PBXGroup;
			children = (
				E39A02E06E7DC2F7802567A6 /* .gitkeep */,
				AC2E9ED61A8775A41989834D /* ImportProgressView.swift */,
				B4BEB495884ED9C7CAD7C2F2 /* ImportService.swift */,
				B98B53E1C627818A5B42932D /* LocalNetworkReceiver.swift */,
			);
			path = Import;
			sourceTree = "<group>";
		};
		6F0AAFC1884D885B01A85E4E /* Products */ = {
			isa = PBXGroup;
			children = (
				451A0E0AFA5C65057119CDBD /* DictlyMac.app */,
				B629B3ADAFBE8F7A1A8C0040 /* DictlyMacTests.xctest */,
				0A775D46B9312570E230085E /* libWhisperLib.a */,
			);
			name = Products;
			sourceTree = "<group>";
		};
		7778336A3D11F9CBF315B031 /* Review */ = {
			isa = PBXGroup;
			children = (
				E093A48C431BE0333F497950 /* .gitkeep */,
				31EA7A2B90B3B83ED8A5A68C /* AudioPlayer.swift */,
				5AF6212CC3464C0246405B2D /* CategoryColorHelper.swift */,
				00C90B9A4FA48D53D6737AA1 /* NewTagForm.swift */,
				EE11F1976DE6A82DADBBEDAD /* RelatedTagsView.swift */,
				DB85059BE85A27C7184F5C28 /* SessionReviewScreen.swift */,
				8A673C944E5921822E34E28D /* SessionWaveformTimeline.swift */,
				F99799ADDC35F183C7A44D98 /* TagDetailPanel.swift */,
				C04427E954A5A6EAFB76D739 /* TagMarkerShape.swift */,
				C99BEC7DCA95A5E95CB29E76 /* TagSidebar.swift */,
				BF8CFA5751B76EDD4C38AC42 /* TagSidebarRow.swift */,
				37E0598116A25B1CDE9AD437 /* WaveformDataProvider.swift */,
			);
			path = Review;
			sourceTree = "<group>";
		};
		777DA888D953213E321D9A65 /* Export */ = {
			isa = PBXGroup;
			children = (
				188A4D7CFED71AB1512E62D2 /* .gitkeep */,
				43E0016CFBE669F4A2BB44EA /* ExportSheet.swift */,
			);
			path = Export;
			sourceTree = "<group>";
		};
		7DA69C76B13D0366CE46330C /* ExportTests */ = {
			isa = PBXGroup;
			children = (
				7AA4C97A76B7D4BCCBC8497C /* ExportSheetTests.swift */,
			);
			path = ExportTests;
			sourceTree = "<group>";
		};
		9134B8EAD58AC10C77863678 /* Campaigns */ = {
			isa = PBXGroup;
			children = (
				E39FE108FE0E186C30B84CAC /* .gitkeep */,
				CE5E547187C158D1B74BA811 /* SessionNotesView.swift */,
			);
			path = Campaigns;
			sourceTree = "<group>";
		};
		91D2B0DC14EBDA612838CCDF /* ggml-metal */ = {
			isa = PBXGroup;
			children = (
				C88DD007FF38B33A69877B0B /* ggml-metal-common.cpp */,
				B5D7CB3D25D2B977B7053D80 /* ggml-metal-context.m */,
				35E173BC456CE2060940E8F2 /* ggml-metal-device.cpp */,
				3E58E46BF1F4D1C4A469ECE4 /* ggml-metal-device.m */,
				2B435948CFAD6264F3E85E84 /* ggml-metal-ops.cpp */,
				6B46FB9DDD9601F4A3628A6E /* ggml-metal.cpp */,
			);
			path = "ggml-metal";
			sourceTree = "<group>";
		};
		9B444FB2F46D61DBB2B657F6 /* Packages */ = {
			isa = PBXGroup;
			children = (
				BC6F035F6865123E34DDB2E6 /* DictlyKit */,
			);
			name = Packages;
			sourceTree = "<group>";
		};
		A1CFE4237F74F92DC4809AE2 /* arch */ = {
			isa = PBXGroup;
			children = (
				AA0E89E4E5E527460E702338 /* arm */,
			);
			path = arch;
			sourceTree = "<group>";
		};
		AA0E89E4E5E527460E702338 /* arm */ = {
			isa = PBXGroup;
			children = (
				BC81EDABE661427D198BE7D9 /* cpu-feats.cpp */,
				10F2F49E95DC953E802BFEF3 /* quants.c */,
				C78BC6251E1812BF16F819C2 /* repack.cpp */,
			);
			path = arm;
			sourceTree = "<group>";
		};
		B62165400DC9D7EB7994D7CF /* ImportTests */ = {
			isa = PBXGroup;
			children = (
				2BD4B11F67071DA75BD374EC /* ImportServiceTests.swift */,
				630711832B38B9EA2231CB37 /* LocalNetworkReceiverTests.swift */,
			);
			path = ImportTests;
			sourceTree = "<group>";
		};
		B7CD48FC44C1F659CA8FB0E4 /* ReviewTests */ = {
			isa = PBXGroup;
			children = (
				59F65E68A1AE0ABC255509BE /* AudioPlayerTests.swift */,
				BDF7D3897CDA9EBD16A7E287 /* CrossSessionBrowsingE2ETests.swift */,
				7CDCB851020E207A507FD5A1 /* CrossSessionBrowsingTests.swift */,
				9AAD34E9934EB9CE2C48094E /* Epic4E2ETests.swift */,
				943DCAF14A9E49CD2AF0147B /* RetroactiveTagTests.swift */,
				E8E83175BC0B860D8AFE2B7A /* SessionReviewScreenTests.swift */,
				FEE608B627F0CCABABD1F365 /* TagDetailPanelTests.swift */,
				CD0099FBAA80B3E4D00DEE36 /* TagEditingTests.swift */,
				7D39556327FEE8030DAD8618 /* TagNotesTests.swift */,
				1F6374291370DD5930374CA1 /* TagSidebarFilterTests.swift */,
				5C11C91837FD6C6CD89BFBD8 /* WaveformTimelineTests.swift */,
			);
			path = ReviewTests;
			sourceTree = "<group>";
		};
		C6B45B7F40EE43EF3F38BC90 /* TranscriptionTests */ = {
			isa = PBXGroup;
			children = (
				6A207B454FEDD9B833064E6D /* Epic5E2ETests.swift */,
				096B63A4B3A32B1E5506BB36 /* ModelManagerTests.swift */,
				1CE3FBD4D334B9E4737B2BA8 /* TranscriptionEngineTests.swift */,
				070CD852F413FD4AFC2D0C5F /* WhisperBridgeTests.swift */,
			);
			path = TranscriptionTests;
			sourceTree = "<group>";
		};
		CACCB923AD674455BB2398BB /* Search */ = {
			isa = PBXGroup;
			children = (
				C649C01D39BCD15BAB1CE49E /* .gitkeep */,
				6FED5D492861464949515BBA /* SearchResultRow.swift */,
				1435C0DD43FCAF70997A38FE /* SearchResultsView.swift */,
				3D17B2B00DA8CB0AFC800A3C /* SearchService.swift */,
			);
			path = Search;
			sourceTree = "<group>";
		};
		DE45227F979B1A41A385707B /* whisper.cpp */ = {
			isa = PBXGroup;
			children = (
				0E2057FDA9F066ED0259D840 /* ggml */,
				20ADB78EBFB9D9552D430002 /* src */,
			);
			path = whisper.cpp;
			sourceTree = "<group>";
		};
		EADA3E5BACEA271C35C50E06 /* DictlyMacTests */ = {
			isa = PBXGroup;
			children = (
				9EB04EFF1D057998274F3D54 /* .gitkeep */,
				7DA69C76B13D0366CE46330C /* ExportTests */,
				B62165400DC9D7EB7994D7CF /* ImportTests */,
				B7CD48FC44C1F659CA8FB0E4 /* ReviewTests */,
				5B72800FDBBEB8E862F391E3 /* SearchTests */,
				5CE3C7E6C302A0FCCCC5F6CC /* SidebarTests */,
				C6B45B7F40EE43EF3F38BC90 /* TranscriptionTests */,
			);
			path = DictlyMacTests;
			sourceTree = "<group>";
		};
		F1BB5FFA2BDE6DFA677FF462 /* src */ = {
			isa = PBXGroup;
			children = (
				B9E13F3878655BAB38CD3912 /* ggml-alloc.c */,
				9A37475669160D9948FE3551 /* ggml-backend-dl.cpp */,
				63DA8296483395274EDD8ECC /* ggml-backend-reg.cpp */,
				FCB4BCE2FFDCDE2484B1D85B /* ggml-backend.cpp */,
				0A7023370F0EA4A5D7DB4212 /* ggml-opt.cpp */,
				A68126562CC78E52EF0C9A98 /* ggml-quants.c */,
				B581E8845D2D75E9747FB2F2 /* ggml-threading.cpp */,
				6356CAFFF77B4C9C423BE569 /* ggml.c */,
				1EBDD4C7947B69F534E65161 /* ggml.cpp */,
				CB20C48B809D37A9010A5A78 /* gguf.cpp */,
				283C6166902A9068BB900651 /* ggml-cpu */,
				91D2B0DC14EBDA612838CCDF /* ggml-metal */,
			);
			path = src;
			sourceTree = "<group>";
		};
		F7C55C541B7F24ACC93E0963 /* Settings */ = {
			isa = PBXGroup;
			children = (
				A8885E926145C865765F63DE /* .gitkeep */,
				3B010B705AA06A5BD1749B44 /* PreferencesWindow.swift */,
			);
			path = Settings;
			sourceTree = "<group>";
		};
/* End PBXGroup section */

/* Begin PBXNativeTarget section */
		3CAC782FA2DDF35F09AC7FD8 /* WhisperLib */ = {
			isa = PBXNativeTarget;
			buildConfigurationList = 5805E5CE3396D1ED74A1B136 /* Build configuration list for PBXNativeTarget "WhisperLib" */;
			buildPhases = (
				D28019C56DB2B5A6664805F7 /* Sources */,
			);
			buildRules = (
			);
			dependencies = (
			);
			name = WhisperLib;
			packageProductDependencies = (
			);
			productName = WhisperLib;
			productReference = 0A775D46B9312570E230085E /* libWhisperLib.a */;
			productType = "com.apple.product-type.library.static";
		};
		62761C5198395EC9CF834280 /* DictlyMac */ = {
			isa = PBXNativeTarget;
			buildConfigurationList = E70DDBE01EFB7D8E9069D2D8 /* Build configuration list for PBXNativeTarget "DictlyMac" */;
			buildPhases = (
				D7B6126F378A7EE9844A0B02 /* Sources */,
				95909D4E16ADBE4029DEB49E /* Compile whisper.cpp Metal Shader */,
				6F4F8BBFC7918469196445B8 /* Frameworks */,
			);
			buildRules = (
			);
			dependencies = (
				F0D7C0233078108E7D9B3BB2 /* PBXTargetDependency */,
			);
			name = DictlyMac;
			packageProductDependencies = (
				C7A8F80EBE71320BD7E63E9E /* DictlyKit */,
			);
			productName = DictlyMac;
			productReference = 451A0E0AFA5C65057119CDBD /* DictlyMac.app */;
			productType = "com.apple.product-type.application";
		};
		F43878420F28469110FD34CC /* DictlyMacTests */ = {
			isa = PBXNativeTarget;
			buildConfigurationList = 5D62CECA7EC9EEAC1B579710 /* Build configuration list for PBXNativeTarget "DictlyMacTests" */;
			buildPhases = (
				34352181509A7CD807BC3D05 /* Sources */,
				072475F78EEBFA21663AE7AD /* Frameworks */,
			);
			buildRules = (
			);
			dependencies = (
				BCB3ED18B872B09E8FA94C80 /* PBXTargetDependency */,
			);
			name = DictlyMacTests;
			packageProductDependencies = (
				6D779627DD09B4C0A1B8FA61 /* DictlyKit */,
			);
			productName = DictlyMacTests;
			productReference = B629B3ADAFBE8F7A1A8C0040 /* DictlyMacTests.xctest */;
			productType = "com.apple.product-type.bundle.unit-test";
		};
/* End PBXNativeTarget section */

/* Begin PBXProject section */
		AF1B8E01C6B7CEFB5471684D /* Project object */ = {
			isa = PBXProject;
			attributes = {
				BuildIndependentTargetsInParallel = YES;
				LastUpgradeCheck = 1600;
				TargetAttributes = {
					3CAC782FA2DDF35F09AC7FD8 = {
						DevelopmentTeam = "";
						ProvisioningStyle = Automatic;
					};
					62761C5198395EC9CF834280 = {
						DevelopmentTeam = "";
						ProvisioningStyle = Automatic;
					};
					F43878420F28469110FD34CC = {
						DevelopmentTeam = "";
						ProvisioningStyle = Automatic;
					};
				};
			};
			buildConfigurationList = D6E8889CBBFE9E1EED5579B1 /* Build configuration list for PBXProject "DictlyMac" */;
			developmentRegion = en;
			hasScannedForEncodings = 0;
			knownRegions = (
				Base,
				en,
			);
			mainGroup = 067C08D608B18FA011893428;
			minimizedProjectReferenceProxies = 1;
			packageReferences = (
				7C7FF6C87F5287FA673A44F5 /* XCLocalSwiftPackageReference "../DictlyKit" */,
			);
			preferredProjectObjectVersion = 77;
			productRefGroup = 6F0AAFC1884D885B01A85E4E /* Products */;
			projectDirPath = "";
			projectRoot = "";
			targets = (
				62761C5198395EC9CF834280 /* DictlyMac */,
				F43878420F28469110FD34CC /* DictlyMacTests */,
				3CAC782FA2DDF35F09AC7FD8 /* WhisperLib */,
			);
		};
/* End PBXProject section */

/* Begin PBXShellScriptBuildPhase section */
		95909D4E16ADBE4029DEB49E /* Compile whisper.cpp Metal Shader */ = {
			isa = PBXShellScriptBuildPhase;
			buildActionMask = 2147483647;
			files = (
			);
			inputFileListPaths = (
			);
			inputPaths = (
				"$(SRCROOT)/../Vendor/whisper.cpp/ggml/src/ggml-metal/ggml-metal.metal",
				"$(SRCROOT)/../Vendor/whisper.cpp/ggml/src/ggml-common.h",
				"$(SRCROOT)/../Vendor/whisper.cpp/ggml/src/ggml-metal/ggml-metal-impl.h",
			);
			name = "Compile whisper.cpp Metal Shader";
			outputFileListPaths = (
			);
			outputPaths = (
				"$(BUILT_PRODUCTS_DIR)/$(UNLOCALIZED_RESOURCES_FOLDER_PATH)/default.metallib",
			);
			runOnlyForDeploymentPostprocessing = 0;
			shellPath = /bin/sh;
			shellScript = "#!/bin/bash\nset -e\nGGML_SRC=\"${SRCROOT}/../Vendor/whisper.cpp/ggml/src\"\nMETAL_SRC=\"${GGML_SRC}/ggml-metal/ggml-metal.metal\"\nAIR_OUT=\"${TEMP_DIR}/ggml-metal.air\"\nRESOURCES_OUT=\"${BUILT_PRODUCTS_DIR}/${UNLOCALIZED_RESOURCES_FOLDER_PATH}\"\n\nmkdir -p \"${RESOURCES_OUT}\"\n\nxcrun -sdk macosx metal \\\n  -fno-fast-math \\\n  -I \"${GGML_SRC}\" \\\n  -I \"${GGML_SRC}/ggml-metal\" \\\n  -c \"${METAL_SRC}\" \\\n  -o \"${AIR_OUT}\"\n\nxcrun -sdk macosx metallib \\\n  \"${AIR_OUT}\" \\\n  -o \"${RESOURCES_OUT}/default.metallib\"\n";
		};
/* End PBXShellScriptBuildPhase section */

/* Begin PBXSourcesBuildPhase section */
		34352181509A7CD807BC3D05 /* Sources */ = {
			isa = PBXSourcesBuildPhase;
			buildActionMask = 2147483647;
			files = (
				F507AFDC15605AECB65C8217 /* AudioPlayerTests.swift in Sources */,
				1FFE31AA7BECE09FB63C40EB /* CrossSessionBrowsingE2ETests.swift in Sources */,
				92DBF6409F0C0D5F820C9204 /* CrossSessionBrowsingTests.swift in Sources */,
				815BFEDA3DA7708495726387 /* Epic4E2ETests.swift in Sources */,
				7E1ADC46A8D6A4CB7A2EA14C /* Epic5E2ETests.swift in Sources */,
				35E1E0F0D09026D0F07A4747 /* ExportSheetTests.swift in Sources */,
				F4F3492A52C73AD6E109335E /* ImportServiceTests.swift in Sources */,
				6E52A9688ABD53A2D5CCCB88 /* LocalNetworkReceiverTests.swift in Sources */,
				B56461F468BB5C2F027BA0E8 /* ModelManagerTests.swift in Sources */,
				BD4D70193DB25494555DD1AE /* RetroactiveTagTests.swift in Sources */,
				05B1383CC57792D53E14F994 /* SearchServiceE2ETests.swift in Sources */,
				47A3A6FAD8F2762A8A6F5DB9 /* SearchServiceTests.swift in Sources */,
				575E88988088C8DF2DAA57E5 /* SessionReviewScreenTests.swift in Sources */,
				D0E235FAB8094AD5A850773E /* SidebarCampaignGroupingTests.swift in Sources */,
				630732A90060283F2ECBC0A1 /* TagDetailPanelTests.swift in Sources */,
				17C2BB653660A36BFAC48BF7 /* TagEditingTests.swift in Sources */,
				60C9D5937128DF2334B02897 /* TagNotesTests.swift in Sources */,
				F292C87D2E124E72CC56FBF0 /* TagSidebarFilterTests.swift in Sources */,
				B12F56FAC43C6346A67DD5D6 /* TranscriptionEngineTests.swift in Sources */,
				C971785B7E3B412A0CD33E79 /* WaveformTimelineTests.swift in Sources */,
				EB113796D499E2B4A330D046 /* WhisperBridgeTests.swift in Sources */,
			);
			runOnlyForDeploymentPostprocessing = 0;
		};
		D28019C56DB2B5A6664805F7 /* Sources */ = {
			isa = PBXSourcesBuildPhase;
			buildActionMask = 2147483647;
			files = (
				D085ED2F9D3B22D3DBF46B6E /* binary-ops.cpp in Sources */,
				27E9FFE9F799D767829B0FB9 /* cpu-feats.cpp in Sources */,
				F7EF4690FCB0A282EE129E13 /* ggml-alloc.c in Sources */,
				087F31445E38074968372D1D /* ggml-backend-dl.cpp in Sources */,
				CF037BF36FCACE3122FAE6D8 /* ggml-backend-reg.cpp in Sources */,
				84AD22FFFF7F034714853504 /* ggml-backend.cpp in Sources */,
				E4E6019C7C2C1FED06A584E7 /* ggml-cpu.c in Sources */,
				8326B3028C9BA4200ED48232 /* ggml-cpu.cpp in Sources */,
				781FE5A7A296C225D26A0740 /* ggml-metal-common.cpp in Sources */,
				8A6DB152EBC4B0A3C905461E /* ggml-metal-context.m in Sources */,
				CD522D0FC73F86D987E6F005 /* ggml-metal-device.cpp in Sources */,
				3D5B5CA2C9E90431B199A76C /* ggml-metal-device.m in Sources */,
				693ED22DC6258ED0BC79C31B /* ggml-metal-ops.cpp in Sources */,
				FA23E38625EC25107248D682 /* ggml-metal.cpp in Sources */,
				91AFB9ADB1B04464F16A493B /* ggml-opt.cpp in Sources */,
				C8D106718C656CA73D4BAA9B /* ggml-quants.c in Sources */,
				68F862B146C911436B19E8EE /* ggml-threading.cpp in Sources */,
				C2A5F98F32A9198805EB399F /* ggml.c in Sources */,
				9D10F95BF68AE49E91B222C3 /* ggml.cpp in Sources */,
				7C7CAB9D67E6AF1FFCC1632E /* gguf.cpp in Sources */,
				F4A20228D9C9A06557D23293 /* hbm.cpp in Sources */,
				9CC8BC7AD31A4C44807A1929 /* ops.cpp in Sources */,
				371F9375D13866ABEAE0CF16 /* quants.c in Sources */,
				B29B86F6F675C74596AA89B1 /* quants.c in Sources */,
				C2A7586C1073C934BFA89A0E /* repack.cpp in Sources */,
				5563C08F4FCE4549ED7275EE /* repack.cpp in Sources */,
				7E299B2529392CAA3C708F28 /* traits.cpp in Sources */,
				B649E9A6FCA496D770BC8743 /* unary-ops.cpp in Sources */,
				FEE50944E6FC3F8C47073F38 /* vec.cpp in Sources */,
				AC709183638F0ED7559833E1 /* whisper.cpp in Sources */,
			);
			runOnlyForDeploymentPostprocessing = 0;
		};
		D7B6126F378A7EE9844A0B02 /* Sources */ = {
			isa = PBXSourcesBuildPhase;
			buildActionMask = 2147483647;
			files = (
				1C35AC660D5017BEC6A7FC58 /* AudioPlayer.swift in Sources */,
				E86F70A8B0CC20F126937255 /* CategoryColorHelper.swift in Sources */,
				8026E48D8E51F41B6ACCC2BB /* ContentView.swift in Sources */,
				C5E3B5BCF8DFDEECC5C4BC6F /* DictlyMacApp.swift in Sources */,
				70D461518FC61E077B575F17 /* ExportSheet.swift in Sources */,
				BCAED8D36C822AA36C27F4DF /* ImportProgressView.swift in Sources */,
				64A2669EA23F14BB5745BAA3 /* ImportService.swift in Sources */,
				5AEEF9E41E6F97CB8725E8FE /* LocalNetworkReceiver.swift in Sources */,
				CE2490032C1555544D4392DE /* ModelManagementView.swift in Sources */,
				FC461A24CEE9F5346D9173C0 /* ModelManager.swift in Sources */,
				92F0D3A84DFB496F395CDDFF /* NewTagForm.swift in Sources */,
				C219054539490DBD3F6F4340 /* PreferencesWindow.swift in Sources */,
				440B8A33EFDE5B20C6594794 /* RelatedTagsView.swift in Sources */,
				0803E5FC51013B1F3CDCDA6D /* SearchResultRow.swift in Sources */,
				00784956D290EAEC19D04959 /* SearchResultsView.swift in Sources */,
				8C26268F224DFF0AA5F044AC /* SearchService.swift in Sources */,
				FC8D5F2D3E33C77EBCF5702E /* SessionNotesView.swift in Sources */,
				97C056EF81487795B68803AF /* SessionReviewScreen.swift in Sources */,
				40816E881BE86220CA30874C /* SessionWaveformTimeline.swift in Sources */,
				49A335A68D56F9B968ED3F3E /* TagDetailPanel.swift in Sources */,
				97DB1175FB96FD8E6F73ED1F /* TagMarkerShape.swift in Sources */,
				80EA11780778E4779BFD34F8 /* TagSidebar.swift in Sources */,
				4129E7F111CE793CD064507F /* TagSidebarRow.swift in Sources */,
				1A13A14DB5130A27BD6A2611 /* TranscriptionEngine.swift in Sources */,
				B663EA01126D66D07F343D26 /* WaveformDataProvider.swift in Sources */,
				E4422D33370E60310F7EDFDA /* WhisperBridge.swift in Sources */,
			);
			runOnlyForDeploymentPostprocessing = 0;
		};
/* End PBXSourcesBuildPhase section */

/* Begin PBXTargetDependency section */
		BCB3ED18B872B09E8FA94C80 /* PBXTargetDependency */ = {
			isa = PBXTargetDependency;
			target = 62761C5198395EC9CF834280 /* DictlyMac */;
			targetProxy = 34394DDA1F01D11E190DE795 /* PBXContainerItemProxy */;
		};
		F0D7C0233078108E7D9B3BB2 /* PBXTargetDependency */ = {
			isa = PBXTargetDependency;
			target = 3CAC782FA2DDF35F09AC7FD8 /* WhisperLib */;
			targetProxy = 17FDB92CB5295D2859D01B11 /* PBXContainerItemProxy */;
		};
/* End PBXTargetDependency section */

/* Begin XCBuildConfiguration section */
		3139A447AF462DE39C3EB2A9 /* Debug */ = {
			isa = XCBuildConfiguration;
			buildSettings = {
				CLANG_CXX_LANGUAGE_STANDARD = "c++17";
				CLANG_ENABLE_MODULES = YES;
				CLANG_ENABLE_OBJC_ARC = NO;
				COMBINE_HIDPI_IMAGES = YES;
				GCC_C_LANGUAGE_STANDARD = c11;
				GCC_WARN_INHIBIT_ALL_WARNINGS = YES;
				HEADER_SEARCH_PATHS = "$(SRCROOT)/../Vendor/whisper.cpp/include $(SRCROOT)/../Vendor/whisper.cpp/ggml/include $(SRCROOT)/../Vendor/whisper.cpp/ggml/src $(SRCROOT)/../Vendor/whisper.cpp/ggml/src/ggml-cpu $(SRCROOT)/../Vendor/whisper.cpp/ggml/src/ggml-cpu/arch/arm $(SRCROOT)/../Vendor/whisper.cpp/ggml/src/ggml-metal $(SRCROOT)/../Vendor/whisper.cpp/src";
				LD_RUNPATH_SEARCH_PATHS = (
					"$(inherited)",
					"@executable_path/../Frameworks",
				);
				MACOSX_DEPLOYMENT_TARGET = 14.0;
				OTHER_CFLAGS = "-O3 -DNDEBUG -DGGML_USE_METAL -DGGML_USE_CPU -DGGML_USE_ACCELERATE -DACCELERATE_NEW_LAPACK -DACCELERATE_LAPACK_ILP64 -DWHISPER_VERSION=\\\"1.8.4\\\" -DGGML_VERSION=\\\"0.9.8\\\" -DGGML_COMMIT=\\\"9386f239\\\"";
				OTHER_CPLUSPLUSFLAGS = "-O3 -DNDEBUG -DGGML_USE_METAL -DGGML_USE_CPU -DGGML_USE_ACCELERATE -DACCELERATE_NEW_LAPACK -DACCELERATE_LAPACK_ILP64 -DWHISPER_VERSION=\\\"1.8.4\\\" -DGGML_VERSION=\\\"0.9.8\\\" -DGGML_COMMIT=\\\"9386f239\\\"";
				PRODUCT_BUNDLE_IDENTIFIER = com.dictly.WhisperLib;
				PRODUCT_NAME = WhisperLib;
				SDKROOT = macosx;
				SKIP_INSTALL = YES;
				SWIFT_VERSION = "";
			};
			name = Debug;
		};
		522DDC47DB44DFCB9CD16386 /* Debug */ = {
			isa = XCBuildConfiguration;
			buildSettings = {
				BUNDLE_LOADER = "$(TEST_HOST)";
				COMBINE_HIDPI_IMAGES = YES;
				GENERATE_INFOPLIST_FILE = YES;
				HEADER_SEARCH_PATHS = "$(SRCROOT)/../Vendor/whisper.cpp/include $(SRCROOT)/../Vendor/whisper.cpp/ggml/include";
				LD_RUNPATH_SEARCH_PATHS = (
					"$(inherited)",
					"@executable_path/../Frameworks",
					"@loader_path/../Frameworks",
				);
				MACOSX_DEPLOYMENT_TARGET = 14.0;
				PRODUCT_BUNDLE_IDENTIFIER = com.dictly.mac.tests;
				SDKROOT = macosx;
				SWIFT_VERSION = 6.0;
				TEST_HOST = "$(BUILT_PRODUCTS_DIR)/DictlyMac.app/Contents/MacOS/DictlyMac";
			};
			name = Debug;
		};
		5F88B8F5B85864ABDCF5FF1E /* Release */ = {
			isa = XCBuildConfiguration;
			buildSettings = {
				BUNDLE_LOADER = "$(TEST_HOST)";
				COMBINE_HIDPI_IMAGES = YES;
				GENERATE_INFOPLIST_FILE = YES;
				HEADER_SEARCH_PATHS = "$(SRCROOT)/../Vendor/whisper.cpp/include $(SRCROOT)/../Vendor/whisper.cpp/ggml/include";
				LD_RUNPATH_SEARCH_PATHS = (
					"$(inherited)",
					"@executable_path/../Frameworks",
					"@loader_path/../Frameworks",
				);
				MACOSX_DEPLOYMENT_TARGET = 14.0;
				PRODUCT_BUNDLE_IDENTIFIER = com.dictly.mac.tests;
				SDKROOT = macosx;
				SWIFT_VERSION = 6.0;
				TEST_HOST = "$(BUILT_PRODUCTS_DIR)/DictlyMac.app/Contents/MacOS/DictlyMac";
			};
			name = Release;
		};
		96A0AE363181DED22E0FE431 /* Debug */ = {
			isa = XCBuildConfiguration;
			buildSettings = {
				ASSETCATALOG_COMPILER_APPICON_NAME = AppIcon;
				ASSETCATALOG_COMPILER_GLOBAL_ACCENT_COLOR_NAME = AccentColor;
				CODE_SIGN_ENTITLEMENTS = Resources/DictlyMac.entitlements;
				COMBINE_HIDPI_IMAGES = YES;
				FRAMEWORK_SEARCH_PATHS = (
					"$(inherited)",
					"\".\"",
				);
				HEADER_SEARCH_PATHS = "$(SRCROOT)/../Vendor/whisper.cpp/include $(SRCROOT)/../Vendor/whisper.cpp/ggml/include";
				INFOPLIST_FILE = Resources/Info.plist;
				LD_RUNPATH_SEARCH_PATHS = (
					"$(inherited)",
					"@executable_path/../Frameworks",
				);
				MACOSX_DEPLOYMENT_TARGET = 14.0;
				OTHER_LDFLAGS = (
					"-ObjC -lc++",
					"-ObjC",
				);
				PRODUCT_BUNDLE_IDENTIFIER = com.dictly.mac;
				SDKROOT = macosx;
				SWIFT_OBJC_BRIDGING_HEADER = "$(SRCROOT)/Transcription/WhisperBridge-Bridging-Header.h";
			};
			name = Debug;
		};
		AE01875F07869335058FE96E /* Release */ = {
			isa = XCBuildConfiguration;
			buildSettings = {
				CLANG_CXX_LANGUAGE_STANDARD = "c++17";
				CLANG_ENABLE_MODULES = YES;
				CLANG_ENABLE_OBJC_ARC = NO;
				COMBINE_HIDPI_IMAGES = YES;
				GCC_C_LANGUAGE_STANDARD = c11;
				GCC_WARN_INHIBIT_ALL_WARNINGS = YES;
				HEADER_SEARCH_PATHS = "$(SRCROOT)/../Vendor/whisper.cpp/include $(SRCROOT)/../Vendor/whisper.cpp/ggml/include $(SRCROOT)/../Vendor/whisper.cpp/ggml/src $(SRCROOT)/../Vendor/whisper.cpp/ggml/src/ggml-cpu $(SRCROOT)/../Vendor/whisper.cpp/ggml/src/ggml-cpu/arch/arm $(SRCROOT)/../Vendor/whisper.cpp/ggml/src/ggml-metal $(SRCROOT)/../Vendor/whisper.cpp/src";
				LD_RUNPATH_SEARCH_PATHS = (
					"$(inherited)",
					"@executable_path/../Frameworks",
				);
				MACOSX_DEPLOYMENT_TARGET = 14.0;
				OTHER_CFLAGS = "-O3 -DNDEBUG -DGGML_USE_METAL -DGGML_USE_CPU -DGGML_USE_ACCELERATE -DACCELERATE_NEW_LAPACK -DACCELERATE_LAPACK_ILP64 -DWHISPER_VERSION=\\\"1.8.4\\\" -DGGML_VERSION=\\\"0.9.8\\\" -DGGML_COMMIT=\\\"9386f239\\\"";
				OTHER_CPLUSPLUSFLAGS = "-O3 -DNDEBUG -DGGML_USE_METAL -DGGML_USE_CPU -DGGML_USE_ACCELERATE -DACCELERATE_NEW_LAPACK -DACCELERATE_LAPACK_ILP64 -DWHISPER_VERSION=\\\"1.8.4\\\" -DGGML_VERSION=\\\"0.9.8\\\" -DGGML_COMMIT=\\\"9386f239\\\"";
				PRODUCT_BUNDLE_IDENTIFIER = com.dictly.WhisperLib;
				PRODUCT_NAME = WhisperLib;
				SDKROOT = macosx;
				SKIP_INSTALL = YES;
				SWIFT_VERSION = "";
			};
			name = Release;
		};
		B6133B571420AF74E1F880EE /* Release */ = {
			isa = XCBuildConfiguration;
			buildSettings = {
				ALWAYS_SEARCH_USER_PATHS = NO;
				CLANG_ANALYZER_NONNULL = YES;
				CLANG_ANALYZER_NUMBER_OBJECT_CONVERSION = YES_AGGRESSIVE;
				CLANG_CXX_LANGUAGE_STANDARD = "gnu++14";
				CLANG_CXX_LIBRARY = "libc++";
				CLANG_ENABLE_MODULES = YES;
				CLANG_ENABLE_OBJC_ARC = YES;
				CLANG_ENABLE_OBJC_WEAK = YES;
				CLANG_WARN_BLOCK_CAPTURE_AUTORELEASING = YES;
				CLANG_WARN_BOOL_CONVERSION = YES;
				CLANG_WARN_COMMA = YES;
				CLANG_WARN_CONSTANT_CONVERSION = YES;
				CLANG_WARN_DEPRECATED_OBJC_IMPLEMENTATIONS = YES;
				CLANG_WARN_DIRECT_OBJC_ISA_USAGE = YES_ERROR;
				CLANG_WARN_DOCUMENTATION_COMMENTS = YES;
				CLANG_WARN_EMPTY_BODY = YES;
				CLANG_WARN_ENUM_CONVERSION = YES;
				CLANG_WARN_INFINITE_RECURSION = YES;
				CLANG_WARN_INT_CONVERSION = YES;
				CLANG_WARN_NON_LITERAL_NULL_CONVERSION = YES;
				CLANG_WARN_OBJC_IMPLICIT_RETAIN_SELF = YES;
				CLANG_WARN_OBJC_LITERAL_CONVERSION = YES;
				CLANG_WARN_OBJC_ROOT_CLASS = YES_ERROR;
				CLANG_WARN_QUOTED_INCLUDE_IN_FRAMEWORK_HEADER = YES;
				CLANG_WARN_RANGE_LOOP_ANALYSIS = YES;
				CLANG_WARN_STRICT_PROTOTYPES = YES;
				CLANG_WARN_SUSPICIOUS_MOVE = YES;
				CLANG_WARN_UNGUARDED_AVAILABILITY = YES_AGGRESSIVE;
				CLANG_WARN_UNREACHABLE_CODE = YES;
				CLANG_WARN__DUPLICATE_METHOD_MATCH = YES;
				CODE_SIGN_STYLE = Automatic;
				COPY_PHASE_STRIP = NO;
				CURRENT_PROJECT_VERSION = 1;
				DEBUG_INFORMATION_FORMAT = "dwarf-with-dsym";
				DEVELOPMENT_TEAM = "";
				ENABLE_NS_ASSERTIONS = NO;
				ENABLE_STRICT_OBJC_MSGSEND = YES;
				GCC_C_LANGUAGE_STANDARD = gnu11;
				GCC_NO_COMMON_BLOCKS = YES;
				GCC_WARN_64_TO_32_BIT_CONVERSION = YES;
				GCC_WARN_ABOUT_RETURN_TYPE = YES_ERROR;
				GCC_WARN_UNDECLARED_SELECTOR = YES;
				GCC_WARN_UNINITIALIZED_AUTOS = YES_AGGRESSIVE;
				GCC_WARN_UNUSED_FUNCTION = YES;
				GCC_WARN_UNUSED_VARIABLE = YES;
				MACOSX_DEPLOYMENT_TARGET = 14.0;
				MARKETING_VERSION = 1.0.0;
				MTL_ENABLE_DEBUG_INFO = NO;
				MTL_FAST_MATH = YES;
				PRODUCT_NAME = "$(TARGET_NAME)";
				SDKROOT = macosx;
				SWIFT_COMPILATION_MODE = wholemodule;
				SWIFT_OPTIMIZATION_LEVEL = "-O";
				SWIFT_VERSION = 6.0;
			};
			name = Release;
		};
		DBAF174FA9936E46E2FB1209 /* Debug */ = {
			isa = XCBuildConfiguration;
			buildSettings = {
				ALWAYS_SEARCH_USER_PATHS = NO;
				CLANG_ANALYZER_NONNULL = YES;
				CLANG_ANALYZER_NUMBER_OBJECT_CONVERSION = YES_AGGRESSIVE;
				CLANG_CXX_LANGUAGE_STANDARD = "gnu++14";
				CLANG_CXX_LIBRARY = "libc++";
				CLANG_ENABLE_MODULES = YES;
				CLANG_ENABLE_OBJC_ARC = YES;
				CLANG_ENABLE_OBJC_WEAK = YES;
				CLANG_WARN_BLOCK_CAPTURE_AUTORELEASING = YES;
				CLANG_WARN_BOOL_CONVERSION = YES;
				CLANG_WARN_COMMA = YES;
				CLANG_WARN_CONSTANT_CONVERSION = YES;
				CLANG_WARN_DEPRECATED_OBJC_IMPLEMENTATIONS = YES;
				CLANG_WARN_DIRECT_OBJC_ISA_USAGE = YES_ERROR;
				CLANG_WARN_DOCUMENTATION_COMMENTS = YES;
				CLANG_WARN_EMPTY_BODY = YES;
				CLANG_WARN_ENUM_CONVERSION = YES;
				CLANG_WARN_INFINITE_RECURSION = YES;
				CLANG_WARN_INT_CONVERSION = YES;
				CLANG_WARN_NON_LITERAL_NULL_CONVERSION = YES;
				CLANG_WARN_OBJC_IMPLICIT_RETAIN_SELF = YES;
				CLANG_WARN_OBJC_LITERAL_CONVERSION = YES;
				CLANG_WARN_OBJC_ROOT_CLASS = YES_ERROR;
				CLANG_WARN_QUOTED_INCLUDE_IN_FRAMEWORK_HEADER = YES;
				CLANG_WARN_RANGE_LOOP_ANALYSIS = YES;
				CLANG_WARN_STRICT_PROTOTYPES = YES;
				CLANG_WARN_SUSPICIOUS_MOVE = YES;
				CLANG_WARN_UNGUARDED_AVAILABILITY = YES_AGGRESSIVE;
				CLANG_WARN_UNREACHABLE_CODE = YES;
				CLANG_WARN__DUPLICATE_METHOD_MATCH = YES;
				CODE_SIGN_STYLE = Automatic;
				COPY_PHASE_STRIP = NO;
				CURRENT_PROJECT_VERSION = 1;
				DEBUG_INFORMATION_FORMAT = dwarf;
				DEVELOPMENT_TEAM = "";
				ENABLE_STRICT_OBJC_MSGSEND = YES;
				ENABLE_TESTABILITY = YES;
				GCC_C_LANGUAGE_STANDARD = gnu11;
				GCC_DYNAMIC_NO_PIC = NO;
				GCC_NO_COMMON_BLOCKS = YES;
				GCC_OPTIMIZATION_LEVEL = 0;
				GCC_PREPROCESSOR_DEFINITIONS = (
					"$(inherited)",
					"DEBUG=1",
				);
				GCC_WARN_64_TO_32_BIT_CONVERSION = YES;
				GCC_WARN_ABOUT_RETURN_TYPE = YES_ERROR;
				GCC_WARN_UNDECLARED_SELECTOR = YES;
				GCC_WARN_UNINITIALIZED_AUTOS = YES_AGGRESSIVE;
				GCC_WARN_UNUSED_FUNCTION = YES;
				GCC_WARN_UNUSED_VARIABLE = YES;
				MACOSX_DEPLOYMENT_TARGET = 14.0;
				MARKETING_VERSION = 1.0.0;
				MTL_ENABLE_DEBUG_INFO = INCLUDE_SOURCE;
				MTL_FAST_MATH = YES;
				ONLY_ACTIVE_ARCH = YES;
				PRODUCT_NAME = "$(TARGET_NAME)";
				SDKROOT = macosx;
				SWIFT_ACTIVE_COMPILATION_CONDITIONS = DEBUG;
				SWIFT_OPTIMIZATION_LEVEL = "-Onone";
				SWIFT_VERSION = 6.0;
			};
			name = Debug;
		};
		EF89FCBAD03AF1327C6D7D12 /* Release */ = {
			isa = XCBuildConfiguration;
			buildSettings = {
				ASSETCATALOG_COMPILER_APPICON_NAME = AppIcon;
				ASSETCATALOG_COMPILER_GLOBAL_ACCENT_COLOR_NAME = AccentColor;
				CODE_SIGN_ENTITLEMENTS = Resources/DictlyMac.entitlements;
				COMBINE_HIDPI_IMAGES = YES;
				FRAMEWORK_SEARCH_PATHS = (
					"$(inherited)",
					"\".\"",
				);
				HEADER_SEARCH_PATHS = "$(SRCROOT)/../Vendor/whisper.cpp/include $(SRCROOT)/../Vendor/whisper.cpp/ggml/include";
				INFOPLIST_FILE = Resources/Info.plist;
				LD_RUNPATH_SEARCH_PATHS = (
					"$(inherited)",
					"@executable_path/../Frameworks",
				);
				MACOSX_DEPLOYMENT_TARGET = 14.0;
				OTHER_LDFLAGS = (
					"-ObjC -lc++",
					"-ObjC",
				);
				PRODUCT_BUNDLE_IDENTIFIER = com.dictly.mac;
				SDKROOT = macosx;
				SWIFT_OBJC_BRIDGING_HEADER = "$(SRCROOT)/Transcription/WhisperBridge-Bridging-Header.h";
			};
			name = Release;
		};
/* End XCBuildConfiguration section */

/* Begin XCConfigurationList section */
		5805E5CE3396D1ED74A1B136 /* Build configuration list for PBXNativeTarget "WhisperLib" */ = {
			isa = XCConfigurationList;
			buildConfigurations = (
				3139A447AF462DE39C3EB2A9 /* Debug */,
				AE01875F07869335058FE96E /* Release */,
			);
			defaultConfigurationIsVisible = 0;
			defaultConfigurationName = Debug;
		};
		5D62CECA7EC9EEAC1B579710 /* Build configuration list for PBXNativeTarget "DictlyMacTests" */ = {
			isa = XCConfigurationList;
			buildConfigurations = (
				522DDC47DB44DFCB9CD16386 /* Debug */,
				5F88B8F5B85864ABDCF5FF1E /* Release */,
			);
			defaultConfigurationIsVisible = 0;
			defaultConfigurationName = Debug;
		};
		D6E8889CBBFE9E1EED5579B1 /* Build configuration list for PBXProject "DictlyMac" */ = {
			isa = XCConfigurationList;
			buildConfigurations = (
				DBAF174FA9936E46E2FB1209 /* Debug */,
				B6133B571420AF74E1F880EE /* Release */,
			);
			defaultConfigurationIsVisible = 0;
			defaultConfigurationName = Debug;
		};
		E70DDBE01EFB7D8E9069D2D8 /* Build configuration list for PBXNativeTarget "DictlyMac" */ = {
			isa = XCConfigurationList;
			buildConfigurations = (
				96A0AE363181DED22E0FE431 /* Debug */,
				EF89FCBAD03AF1327C6D7D12 /* Release */,
			);
			defaultConfigurationIsVisible = 0;
			defaultConfigurationName = Debug;
		};
/* End XCConfigurationList section */

/* Begin XCLocalSwiftPackageReference section */
		7C7FF6C87F5287FA673A44F5 /* XCLocalSwiftPackageReference "../DictlyKit" */ = {
			isa = XCLocalSwiftPackageReference;
			relativePath = ../DictlyKit;
		};
/* End XCLocalSwiftPackageReference section */

/* Begin XCSwiftPackageProductDependency section */
		6D779627DD09B4C0A1B8FA61 /* DictlyKit */ = {
			isa = XCSwiftPackageProductDependency;
			productName = DictlyKit;
		};
		C7A8F80EBE71320BD7E63E9E /* DictlyKit */ = {
			isa = XCSwiftPackageProductDependency;
			productName = DictlyKit;
		};
/* End XCSwiftPackageProductDependency section */
	};
	rootObject = AF1B8E01C6B7CEFB5471684D /* Project object */;
}
