// !$*UTF8*$!
{
	archiveVersion = 1;
	classes = {
	};
	objectVersion = 77;
	objects = {

/* Begin PBXBuildFile section */
		00784956D290EAEC19D04959 /* SearchResultsView.swift in Sources */ = {isa = PBXBuildFile; fileRef = 1435C0DD43FCAF70997A38FE /* SearchResultsView.swift */; };
		02D6FF348AEC49F25640266B /* ggml-opt.cpp in Sources */ = {isa = PBXBuildFile; fileRef = F48EBF43DF1D333B138C8DBC /* ggml-opt.cpp */; };
		032D5E2295539DBF5908002B /* ggml-metal-ops.cpp in Sources */ = {isa = PBXBuildFile; fileRef = BABD3D926C7FEF4F61647A21 /* ggml-metal-ops.cpp */; };
		0803E5FC51013B1F3CDCDA6D /* SearchResultRow.swift in Sources */ = {isa = PBXBuildFile; fileRef = 6FED5D492861464949515BBA /* SearchResultRow.swift */; };
		0AB56E2F92177740CDEF8F58 /* MetalKit.framework in Frameworks */ = {isa = PBXBuildFile; fileRef = 14CB56961D7863988BFF0E6B /* MetalKit.framework */; };
		0E659AF851CE284CA45E3E4D /* ggml-metal-device.m in Sources */ = {isa = PBXBuildFile; fileRef = 94732176F576D551A8CCF6AD /* ggml-metal-device.m */; };
		0FDEBC18A721B24B9039CA12 /* ggml-threading.cpp in Sources */ = {isa = PBXBuildFile; fileRef = B739789036BA8992C9466FAE /* ggml-threading.cpp */; };
		17D59B7924F6D1CB1262632D /* Epic4E2ETests.swift in Sources */ = {isa = PBXBuildFile; fileRef = A14EBA4559C2CA7F42EDF345 /* Epic4E2ETests.swift */; };
		1A13A14DB5130A27BD6A2611 /* TranscriptionEngine.swift in Sources */ = {isa = PBXBuildFile; fileRef = ADA3415A95AE4DD2103D2358 /* TranscriptionEngine.swift */; };
		1C35AC660D5017BEC6A7FC58 /* AudioPlayer.swift in Sources */ = {isa = PBXBuildFile; fileRef = 31EA7A2B90B3B83ED8A5A68C /* AudioPlayer.swift */; };
		1C90B97EA0741C8FA8198382 /* SidebarCampaignGroupingTests.swift in Sources */ = {isa = PBXBuildFile; fileRef = D7E5DC9608A1258BD85683AD /* SidebarCampaignGroupingTests.swift */; };
		1DEDFC2466223F21B8712746 /* WaveformTimelineTests.swift in Sources */ = {isa = PBXBuildFile; fileRef = 70530FB5B1A0B50C10D6B239 /* WaveformTimelineTests.swift */; };
		26E04F043018F7C91BF169B8 /* ggml-metal-device.cpp in Sources */ = {isa = PBXBuildFile; fileRef = 661CC2F5FF31DF07E7AE5AC1 /* ggml-metal-device.cpp */; };
		274AA8CE735C9162DEB3AE59 /* ggml-cpu.c in Sources */ = {isa = PBXBuildFile; fileRef = 415B961B9A65AB77C0FB9986 /* ggml-cpu.c */; };
		2FAE3B48E4857B4891AB09F9 /* ggml-cpu.cpp in Sources */ = {isa = PBXBuildFile; fileRef = FB370B84D290DC88D323F378 /* ggml-cpu.cpp */; };
		33FC6B207E1ACB71E5844922 /* SearchServiceTests.swift in Sources */ = {isa = PBXBuildFile; fileRef = F13E69A1F2205D3EA4D2AE1A /* SearchServiceTests.swift */; };
		352285A70CCCF684A50F0BAC /* ggml-alloc.c in Sources */ = {isa = PBXBuildFile; fileRef = 49742FCDB1782F79A149F47E /* ggml-alloc.c */; };
		35FC26ACD59F33DE1D7233E3 /* hbm.cpp in Sources */ = {isa = PBXBuildFile; fileRef = D9FB708D7062E2C1E1C161FA /* hbm.cpp */; };
		382AC0E4ABE1AFA40AB826B3 /* Epic7E2ETests.swift in Sources */ = {isa = PBXBuildFile; fileRef = 96549D5CCB67F248CE715717 /* Epic7E2ETests.swift */; };
		386798842B650C189FAA08D0 /* repack.cpp in Sources */ = {isa = PBXBuildFile; fileRef = B9B09A3738E6D239DA72E293 /* repack.cpp */; };
		3D300ADE937E7E09A5C732EE /* ggml-metal-common.cpp in Sources */ = {isa = PBXBuildFile; fileRef = 62CA593DEC44A20604376F18 /* ggml-metal-common.cpp */; };
		3FA9D01686581B2B5585BB36 /* ggml-metal-context.m in Sources */ = {isa = PBXBuildFile; fileRef = 2C4A866F7A62565CBBD1012E /* ggml-metal-context.m */; };
		40816E881BE86220CA30874C /* SessionWaveformTimeline.swift in Sources */ = {isa = PBXBuildFile; fileRef = 8A673C944E5921822E34E28D /* SessionWaveformTimeline.swift */; };
		4129E7F111CE793CD064507F /* TagSidebarRow.swift in Sources */ = {isa = PBXBuildFile; fileRef = BF8CFA5751B76EDD4C38AC42 /* TagSidebarRow.swift */; };
		440B8A33EFDE5B20C6594794 /* RelatedTagsView.swift in Sources */ = {isa = PBXBuildFile; fileRef = EE11F1976DE6A82DADBBEDAD /* RelatedTagsView.swift */; };
		447E3D1F8D2C4D95EB53F462 /* TagEditingTests.swift in Sources */ = {isa = PBXBuildFile; fileRef = 56FBC15C342B617BDFC280CF /* TagEditingTests.swift */; };
		483EBF5CB15388A4061C741A /* DictlyKit in Frameworks */ = {isa = PBXBuildFile; productRef = C7A8F80EBE71320BD7E63E9E /* DictlyKit */; };
		49A335A68D56F9B968ED3F3E /* TagDetailPanel.swift in Sources */ = {isa = PBXBuildFile; fileRef = F99799ADDC35F183C7A44D98 /* TagDetailPanel.swift */; };
		557E025A65416275D500FB3E /* ggml-backend-dl.cpp in Sources */ = {isa = PBXBuildFile; fileRef = BC80D850B524E4421F4C3A6C /* ggml-backend-dl.cpp */; };
		5886527D3905BD1555B828A2 /* quants.c in Sources */ = {isa = PBXBuildFile; fileRef = 45E5A9BC03895C2E9A88B301 /* quants.c */; };
		5912233F295C6C406C521C0C /* Accelerate.framework in Frameworks */ = {isa = PBXBuildFile; fileRef = 458695DF0DBDB0A4ACDE750E /* Accelerate.framework */; };
		5AEEF9E41E6F97CB8725E8FE /* LocalNetworkReceiver.swift in Sources */ = {isa = PBXBuildFile; fileRef = B98B53E1C627818A5B42932D /* LocalNetworkReceiver.swift */; };
		5CA760521A00DA465F507199 /* ggml.c in Sources */ = {isa = PBXBuildFile; fileRef = 601CC59FB9D31D64A36A4F61 /* ggml.c */; };
		64A2669EA23F14BB5745BAA3 /* ImportService.swift in Sources */ = {isa = PBXBuildFile; fileRef = B4BEB495884ED9C7CAD7C2F2 /* ImportService.swift */; };
		67A29C8ADDDAD56339A0108E /* ExportSheetTests.swift in Sources */ = {isa = PBXBuildFile; fileRef = 7107DE269823A007824B7DA4 /* ExportSheetTests.swift */; };
		6C79E45E144857DDE7CBBD1B /* Assets.xcassets in Resources */ = {isa = PBXBuildFile; fileRef = F857947F0E710A9300A47104 /* Assets.xcassets */; };
		70532302CD40F27848FC723D /* vec.cpp in Sources */ = {isa = PBXBuildFile; fileRef = 42D6DEF872EF1C53CDE7C3FA /* vec.cpp */; };
		70A3C7C8A78017187A9FE04C /* Epic5E2ETests.swift in Sources */ = {isa = PBXBuildFile; fileRef = F24D8178ADB5E61D67DD3783 /* Epic5E2ETests.swift */; };
		70D461518FC61E077B575F17 /* ExportSheet.swift in Sources */ = {isa = PBXBuildFile; fileRef = 43E0016CFBE669F4A2BB44EA /* ExportSheet.swift */; };
		77196158B2E138CAA821C610 /* CrossSessionBrowsingE2ETests.swift in Sources */ = {isa = PBXBuildFile; fileRef = 38F245200FC243E9D187E9E5 /* CrossSessionBrowsingE2ETests.swift */; };
		771C7795746723423E620F96 /* AudioPlayerTests.swift in Sources */ = {isa = PBXBuildFile; fileRef = C084CB9CD7FF8B51353E7B78 /* AudioPlayerTests.swift */; };
		796625AD17DB8D0B815D8764 /* ggml.cpp in Sources */ = {isa = PBXBuildFile; fileRef = 0348C776B1387A58D8D8D31C /* ggml.cpp */; };
		79AB2E716EBEEA9F08AF30CC /* MetalPerformanceShaders.framework in Frameworks */ = {isa = PBXBuildFile; fileRef = BFADB80B3F2850DA824A5B8F /* MetalPerformanceShaders.framework */; };
		7A1E023107BC92BC8D9B2F5A /* gguf.cpp in Sources */ = {isa = PBXBuildFile; fileRef = 1D98EB789BC34226138491C2 /* gguf.cpp */; };
		8026E48D8E51F41B6ACCC2BB /* ContentView.swift in Sources */ = {isa = PBXBuildFile; fileRef = 8D79153280CF49C24B46C221 /* ContentView.swift */; };
		80EA11780778E4779BFD34F8 /* TagSidebar.swift in Sources */ = {isa = PBXBuildFile; fileRef = C99BEC7DCA95A5E95CB29E76 /* TagSidebar.swift */; };
		8C26268F224DFF0AA5F044AC /* SearchService.swift in Sources */ = {isa = PBXBuildFile; fileRef = 3D17B2B00DA8CB0AFC800A3C /* SearchService.swift */; };
		8C97FECDEDFDCEFDBF398AB1 /* ModelManagerTests.swift in Sources */ = {isa = PBXBuildFile; fileRef = 4CEBA07F0A0F098120CE41F4 /* ModelManagerTests.swift */; };
		92454C32745174FB7C84158E /* SessionReviewScreenTests.swift in Sources */ = {isa = PBXBuildFile; fileRef = 7558F6B4A422BA5011FF53B1 /* SessionReviewScreenTests.swift */; };
		92F0D3A84DFB496F395CDDFF /* NewTagForm.swift in Sources */ = {isa = PBXBuildFile; fileRef = 00C90B9A4FA48D53D6737AA1 /* NewTagForm.swift */; };
		956017ACBAD5FE0DF18B03E6 /* whisper.cpp in Sources */ = {isa = PBXBuildFile; fileRef = 83B37532EE65792C5C9196FC /* whisper.cpp */; };
		97C056EF81487795B68803AF /* SessionReviewScreen.swift in Sources */ = {isa = PBXBuildFile; fileRef = DB85059BE85A27C7184F5C28 /* SessionReviewScreen.swift */; };
		97DB1175FB96FD8E6F73ED1F /* TagMarkerShape.swift in Sources */ = {isa = PBXBuildFile; fileRef = C04427E954A5A6EAFB76D739 /* TagMarkerShape.swift */; };
		9868C90F722DC9D0D0765B84 /* WhisperBridgeTests.swift in Sources */ = {isa = PBXBuildFile; fileRef = 53128431C3BF8DA0E1CF7CE6 /* WhisperBridgeTests.swift */; };
		9A1BEE72C5358CBE1F2DEB19 /* CrossSessionBrowsingTests.swift in Sources */ = {isa = PBXBuildFile; fileRef = FC80BB8EABF30BF3C8F977E2 /* CrossSessionBrowsingTests.swift */; };
		A1A89D063A7FC11A9587089B /* RetroactiveTagTests.swift in Sources */ = {isa = PBXBuildFile; fileRef = F970ACD586D234522EBBFD8B /* RetroactiveTagTests.swift */; };
		A5E6644E30022D93BBCEEF74 /* LocalNetworkReceiverTests.swift in Sources */ = {isa = PBXBuildFile; fileRef = 7A126C04C5D63FC8A42058B5 /* LocalNetworkReceiverTests.swift */; };
		AAFE25ECEF47448A398DBFF2 /* unary-ops.cpp in Sources */ = {isa = PBXBuildFile; fileRef = 4252328867DD3210E1BD6DD7 /* unary-ops.cpp */; };
		B2FA89A08FEF6677A63CE2B0 /* quants.c in Sources */ = {isa = PBXBuildFile; fileRef = 00C828BBC782595E99A1CFB0 /* quants.c */; };
		B663EA01126D66D07F343D26 /* WaveformDataProvider.swift in Sources */ = {isa = PBXBuildFile; fileRef = 37E0598116A25B1CDE9AD437 /* WaveformDataProvider.swift */; };
		BA66AF7DE624078928ABC3EB /* TranscriptionEngineTests.swift in Sources */ = {isa = PBXBuildFile; fileRef = BA5A2C4B55D7446FF040F9DB /* TranscriptionEngineTests.swift */; };
		BAE079D991FBEA5F1DD6EC12 /* traits.cpp in Sources */ = {isa = PBXBuildFile; fileRef = 9543F4E40C5069D8E1EA62BC /* traits.cpp */; };
		BCAED8D36C822AA36C27F4DF /* ImportProgressView.swift in Sources */ = {isa = PBXBuildFile; fileRef = AC2E9ED61A8775A41989834D /* ImportProgressView.swift */; };
		C219054539490DBD3F6F4340 /* PreferencesWindow.swift in Sources */ = {isa = PBXBuildFile; fileRef = 3B010B705AA06A5BD1749B44 /* PreferencesWindow.swift */; };
		C2DC4EABC5169161844EB126 /* ggml-backend-reg.cpp in Sources */ = {isa = PBXBuildFile; fileRef = 9070BA933D624AE7A15DFF1B /* ggml-backend-reg.cpp */; };
		C5E3B5BCF8DFDEECC5C4BC6F /* DictlyMacApp.swift in Sources */ = {isa = PBXBuildFile; fileRef = 95E649BA6DF1539916AFC171 /* DictlyMacApp.swift */; };
		C6650D569FEBFE6EAE107EE4 /* TagNotesTests.swift in Sources */ = {isa = PBXBuildFile; fileRef = 599C9D1A7AFE8931DB172728 /* TagNotesTests.swift */; };
		C7B4AB4D1CC584B9CF9AC043 /* repack.cpp in Sources */ = {isa = PBXBuildFile; fileRef = F16D1AEB981FD650B28FA060 /* repack.cpp */; };
		C8971FD8145E8C3D31D59F0E /* ImportServiceTests.swift in Sources */ = {isa = PBXBuildFile; fileRef = 997BA1CEBFF4F212E37C3089 /* ImportServiceTests.swift */; };
		CCBEA63E5AA4AB94035C246A /* CoreML.framework in Frameworks */ = {isa = PBXBuildFile; fileRef = F895FADB439548125B64C15C /* CoreML.framework */; };
		CCD4552897FF5899B39F6A31 /* ggml-quants.c in Sources */ = {isa = PBXBuildFile; fileRef = F9B7B6592954FB9EF12A053B /* ggml-quants.c */; };
		CE2490032C1555544D4392DE /* ModelManagementView.swift in Sources */ = {isa = PBXBuildFile; fileRef = 208F2639D55E84ABF69B3380 /* ModelManagementView.swift */; };
		D18F90D52DEBEC77AC51D0BE /* ggml-backend.cpp in Sources */ = {isa = PBXBuildFile; fileRef = A747211ED5B2FA12EB43CCBC /* ggml-backend.cpp */; };
		D3620B26292DEF2BEB9D0D4A /* cpu-feats.cpp in Sources */ = {isa = PBXBuildFile; fileRef = 623CE6A7DC551E477170FA26 /* cpu-feats.cpp */; };
		E2529E8C629FBA4F62CDC036 /* ops.cpp in Sources */ = {isa = PBXBuildFile; fileRef = DE8E55647297D25A1C01C331 /* ops.cpp */; };
		E4422D33370E60310F7EDFDA /* WhisperBridge.swift in Sources */ = {isa = PBXBuildFile; fileRef = 7846868E46CDF395D6251590 /* WhisperBridge.swift */; };
		E86F70A8B0CC20F126937255 /* CategoryColorHelper.swift in Sources */ = {isa = PBXBuildFile; fileRef = 5AF6212CC3464C0246405B2D /* CategoryColorHelper.swift */; };
		E89B3FAB32A9A61B34328160 /* DictlyKit in Frameworks */ = {isa = PBXBuildFile; productRef = 6D779627DD09B4C0A1B8FA61 /* DictlyKit */; };
		E8BBEFDEB0CF30F4D9EA8B47 /* binary-ops.cpp in Sources */ = {isa = PBXBuildFile; fileRef = AE3EFF9105121807A1A80EBD /* binary-ops.cpp */; };
		EEDD3B8DF75416292DCD911D /* ggml-metal.cpp in Sources */ = {isa = PBXBuildFile; fileRef = 233ACBAA0A25F9D69515083C /* ggml-metal.cpp */; };
		F0FB00CC325B605BE9C11202 /* Metal.framework in Frameworks */ = {isa = PBXBuildFile; fileRef = 3C823397DBFDC0DFE6E6C7A5 /* Metal.framework */; };
		F19B61E9151A4C2670FBD10E /* TagDetailPanelTests.swift in Sources */ = {isa = PBXBuildFile; fileRef = 645E2356F3721A5B8E80B49A /* TagDetailPanelTests.swift */; };
		F5AFD0E71197158E762D4C75 /* TagPackPickerView.swift in Sources */ = {isa = PBXBuildFile; fileRef = 2B1D3461060C52B321F0A83A /* TagPackPickerView.swift */; };
		F7AD87BC996413380E8411D7 /* TagSidebarFilterTests.swift in Sources */ = {isa = PBXBuildFile; fileRef = B2768D67AF7F3CE71E9C188F /* TagSidebarFilterTests.swift */; };
		FC461A24CEE9F5346D9173C0 /* ModelManager.swift in Sources */ = {isa = PBXBuildFile; fileRef = F62A922B7D7C15A23BE93475 /* ModelManager.swift */; };
		FC8D5F2D3E33C77EBCF5702E /* SessionNotesView.swift in Sources */ = {isa = PBXBuildFile; fileRef = CE5E547187C158D1B74BA811 /* SessionNotesView.swift */; };
		FCED9B9A773DDDB14014E8B3 /* libWhisperLib.a in Frameworks */ = {isa = PBXBuildFile; fileRef = 0A775D46B9312570E230085E /* libWhisperLib.a */; };
		FFC5570372B838FFDB01D479 /* SearchServiceE2ETests.swift in Sources */ = {isa = PBXBuildFile; fileRef = 3AE777EA93EF0F0D2767C022 /* SearchServiceE2ETests.swift */; };
/* End PBXBuildFile section */

/* Begin PBXContainerItemProxy section */
		17FDB92CB5295D2859D01B11 /* PBXContainerItemProxy */ = {
			isa = PBXContainerItemProxy;
			containerPortal = AF1B8E01C6B7CEFB5471684D /* Project object */;
			proxyType = 1;
			remoteGlobalIDString = 3CAC782FA2DDF35F09AC7FD8;
			remoteInfo = WhisperLib;
		};
		34394DDA1F01D11E190DE795 /* PBXContainerItemProxy */ = {
			isa = PBXContainerItemProxy;
			containerPortal = AF1B8E01C6B7CEFB5471684D /* Project object */;
			proxyType = 1;
			remoteGlobalIDString = 62761C5198395EC9CF834280;
			remoteInfo = DictlyMac;
		};
/* End PBXContainerItemProxy section */

/* Begin PBXFileReference section */
		00C828BBC782595E99A1CFB0 /* quants.c */ = {isa = PBXFileReference; lastKnownFileType = sourcecode.c.c; path = quants.c; sourceTree = "<group>"; };
		00C90B9A4FA48D53D6737AA1 /* NewTagForm.swift */ = {isa = PBXFileReference; lastKnownFileType = sourcecode.swift; path = NewTagForm.swift; sourceTree = "<group>"; };
		0348C776B1387A58D8D8D31C /* ggml.cpp */ = {isa = PBXFileReference; lastKnownFileType = sourcecode.cpp.cpp; path = ggml.cpp; sourceTree = "<group>"; };
		0A775D46B9312570E230085E /* libWhisperLib.a */ = {isa = PBXFileReference; explicitFileType = archive.ar; includeInIndex = 0; path = libWhisperLib.a; sourceTree = BUILT_PRODUCTS_DIR; };
		1435C0DD43FCAF70997A38FE /* SearchResultsView.swift */ = {isa = PBXFileReference; lastKnownFileType = sourcecode.swift; path = SearchResultsView.swift; sourceTree = "<group>"; };
		14CB56961D7863988BFF0E6B /* MetalKit.framework */ = {isa = PBXFileReference; lastKnownFileType = wrapper.framework; path = MetalKit.framework; sourceTree = "<group>"; };
		188A4D7CFED71AB1512E62D2 /* .gitkeep */ = {isa = PBXFileReference; path = .gitkeep; sourceTree = "<group>"; };
		1D98EB789BC34226138491C2 /* gguf.cpp */ = {isa = PBXFileReference; lastKnownFileType = sourcecode.cpp.cpp; path = gguf.cpp; sourceTree = "<group>"; };
		208F2639D55E84ABF69B3380 /* ModelManagementView.swift */ = {isa = PBXFileReference; lastKnownFileType = sourcecode.swift; path = ModelManagementView.swift; sourceTree = "<group>"; };
		233ACBAA0A25F9D69515083C /* ggml-metal.cpp */ = {isa = PBXFileReference; lastKnownFileType = sourcecode.cpp.cpp; path = "ggml-metal.cpp"; sourceTree = "<group>"; };
		2B1D3461060C52B321F0A83A /* TagPackPickerView.swift */ = {isa = PBXFileReference; lastKnownFileType = sourcecode.swift; path = TagPackPickerView.swift; sourceTree = "<group>"; };
		2C4A866F7A62565CBBD1012E /* ggml-metal-context.m */ = {isa = PBXFileReference; lastKnownFileType = sourcecode.c.objc; path = "ggml-metal-context.m"; sourceTree = "<group>"; };
		31EA7A2B90B3B83ED8A5A68C /* AudioPlayer.swift */ = {isa = PBXFileReference; lastKnownFileType = sourcecode.swift; path = AudioPlayer.swift; sourceTree = "<group>"; };
		37E0598116A25B1CDE9AD437 /* WaveformDataProvider.swift */ = {isa = PBXFileReference; lastKnownFileType = sourcecode.swift; path = WaveformDataProvider.swift; sourceTree = "<group>"; };
		38F245200FC243E9D187E9E5 /* CrossSessionBrowsingE2ETests.swift */ = {isa = PBXFileReference; lastKnownFileType = sourcecode.swift; path = CrossSessionBrowsingE2ETests.swift; sourceTree = "<group>"; };
		3AE777EA93EF0F0D2767C022 /* SearchServiceE2ETests.swift */ = {isa = PBXFileReference; lastKnownFileType = sourcecode.swift; path = SearchServiceE2ETests.swift; sourceTree = "<group>"; };
		3B010B705AA06A5BD1749B44 /* PreferencesWindow.swift */ = {isa = PBXFileReference; lastKnownFileType = sourcecode.swift; path = PreferencesWindow.swift; sourceTree = "<group>"; };
		3C823397DBFDC0DFE6E6C7A5 /* Metal.framework */ = {isa = PBXFileReference; lastKnownFileType = wrapper.framework; path = Metal.framework; sourceTree = "<group>"; };
		3D17B2B00DA8CB0AFC800A3C /* SearchService.swift */ = {isa = PBXFileReference; lastKnownFileType = sourcecode.swift; path = SearchService.swift; sourceTree = "<group>"; };
		415B961B9A65AB77C0FB9986 /* ggml-cpu.c */ = {isa = PBXFileReference; lastKnownFileType = sourcecode.c.c; path = "ggml-cpu.c"; sourceTree = "<group>"; };
		4252328867DD3210E1BD6DD7 /* unary-ops.cpp */ = {isa = PBXFileReference; lastKnownFileType = sourcecode.cpp.cpp; path = "unary-ops.cpp"; sourceTree = "<group>"; };
		42D6DEF872EF1C53CDE7C3FA /* vec.cpp */ = {isa = PBXFileReference; lastKnownFileType = sourcecode.cpp.cpp; path = vec.cpp; sourceTree = "<group>"; };
		43E0016CFBE669F4A2BB44EA /* ExportSheet.swift */ = {isa = PBXFileReference; lastKnownFileType = sourcecode.swift; path = ExportSheet.swift; sourceTree = "<group>"; };
		451A0E0AFA5C65057119CDBD /* DictlyMac.app */ = {isa = PBXFileReference; explicitFileType = wrapper.application; includeInIndex = 0; path = DictlyMac.app; sourceTree = BUILT_PRODUCTS_DIR; };
		458695DF0DBDB0A4ACDE750E /* Accelerate.framework */ = {isa = PBXFileReference; lastKnownFileType = wrapper.framework; path = Accelerate.framework; sourceTree = "<group>"; };
		45E5A9BC03895C2E9A88B301 /* quants.c */ = {isa = PBXFileReference; lastKnownFileType = sourcecode.c.c; path = quants.c; sourceTree = "<group>"; };
		49742FCDB1782F79A149F47E /* ggml-alloc.c */ = {isa = PBXFileReference; lastKnownFileType = sourcecode.c.c; path = "ggml-alloc.c"; sourceTree = "<group>"; };
		4CEBA07F0A0F098120CE41F4 /* ModelManagerTests.swift */ = {isa = PBXFileReference; lastKnownFileType = sourcecode.swift; path = ModelManagerTests.swift; sourceTree = "<group>"; };
		53128431C3BF8DA0E1CF7CE6 /* WhisperBridgeTests.swift */ = {isa = PBXFileReference; lastKnownFileType = sourcecode.swift; path = WhisperBridgeTests.swift; sourceTree = "<group>"; };
		56FBC15C342B617BDFC280CF /* TagEditingTests.swift */ = {isa = PBXFileReference; lastKnownFileType = sourcecode.swift; path = TagEditingTests.swift; sourceTree = "<group>"; };
		599C9D1A7AFE8931DB172728 /* TagNotesTests.swift */ = {isa = PBXFileReference; lastKnownFileType = sourcecode.swift; path = TagNotesTests.swift; sourceTree = "<group>"; };
		5AF6212CC3464C0246405B2D /* CategoryColorHelper.swift */ = {isa = PBXFileReference; lastKnownFileType = sourcecode.swift; path = CategoryColorHelper.swift; sourceTree = "<group>"; };
		601CC59FB9D31D64A36A4F61 /* ggml.c */ = {isa = PBXFileReference; lastKnownFileType = sourcecode.c.c; path = ggml.c; sourceTree = "<group>"; };
		623CE6A7DC551E477170FA26 /* cpu-feats.cpp */ = {isa = PBXFileReference; lastKnownFileType = sourcecode.cpp.cpp; path = "cpu-feats.cpp"; sourceTree = "<group>"; };
		62CA593DEC44A20604376F18 /* ggml-metal-common.cpp */ = {isa = PBXFileReference; lastKnownFileType = sourcecode.cpp.cpp; path = "ggml-metal-common.cpp"; sourceTree = "<group>"; };
		645E2356F3721A5B8E80B49A /* TagDetailPanelTests.swift */ = {isa = PBXFileReference; lastKnownFileType = sourcecode.swift; path = TagDetailPanelTests.swift; sourceTree = "<group>"; };
		661CC2F5FF31DF07E7AE5AC1 /* ggml-metal-device.cpp */ = {isa = PBXFileReference; lastKnownFileType = sourcecode.cpp.cpp; path = "ggml-metal-device.cpp"; sourceTree = "<group>"; };
		6FED5D492861464949515BBA /* SearchResultRow.swift */ = {isa = PBXFileReference; lastKnownFileType = sourcecode.swift; path = SearchResultRow.swift; sourceTree = "<group>"; };
		70530FB5B1A0B50C10D6B239 /* WaveformTimelineTests.swift */ = {isa = PBXFileReference; lastKnownFileType = sourcecode.swift; path = WaveformTimelineTests.swift; sourceTree = "<group>"; };
		7107DE269823A007824B7DA4 /* ExportSheetTests.swift */ = {isa = PBXFileReference; lastKnownFileType = sourcecode.swift; path = ExportSheetTests.swift; sourceTree = "<group>"; };
		7558F6B4A422BA5011FF53B1 /* SessionReviewScreenTests.swift */ = {isa = PBXFileReference; lastKnownFileType = sourcecode.swift; path = SessionReviewScreenTests.swift; sourceTree = "<group>"; };
		7846868E46CDF395D6251590 /* WhisperBridge.swift */ = {isa = PBXFileReference; lastKnownFileType = sourcecode.swift; path = WhisperBridge.swift; sourceTree = "<group>"; };
		7A126C04C5D63FC8A42058B5 /* LocalNetworkReceiverTests.swift */ = {isa = PBXFileReference; lastKnownFileType = sourcecode.swift; path = LocalNetworkReceiverTests.swift; sourceTree = "<group>"; };
		83B37532EE65792C5C9196FC /* whisper.cpp */ = {isa = PBXFileReference; lastKnownFileType = sourcecode.cpp.cpp; path = whisper.cpp; sourceTree = "<group>"; };
		8A673C944E5921822E34E28D /* SessionWaveformTimeline.swift */ = {isa = PBXFileReference; lastKnownFileType = sourcecode.swift; path = SessionWaveformTimeline.swift; sourceTree = "<group>"; };
		8D79153280CF49C24B46C221 /* ContentView.swift */ = {isa = PBXFileReference; lastKnownFileType = sourcecode.swift; path = ContentView.swift; sourceTree = "<group>"; };
		8FE1A8998D5DF4CE00BA743B /* WhisperBridge-Bridging-Header.h */ = {isa = PBXFileReference; lastKnownFileType = sourcecode.c.h; path = "WhisperBridge-Bridging-Header.h"; sourceTree = "<group>"; };
		9070BA933D624AE7A15DFF1B /* ggml-backend-reg.cpp */ = {isa = PBXFileReference; lastKnownFileType = sourcecode.cpp.cpp; path = "ggml-backend-reg.cpp"; sourceTree = "<group>"; };
		9454BE7EEE3DB0B18BBEE02A /* .gitkeep */ = {isa = PBXFileReference; path = .gitkeep; sourceTree = "<group>"; };
		94732176F576D551A8CCF6AD /* ggml-metal-device.m */ = {isa = PBXFileReference; lastKnownFileType = sourcecode.c.objc; path = "ggml-metal-device.m"; sourceTree = "<group>"; };
		9543F4E40C5069D8E1EA62BC /* traits.cpp */ = {isa = PBXFileReference; lastKnownFileType = sourcecode.cpp.cpp; path = traits.cpp; sourceTree = "<group>"; };
		95E649BA6DF1539916AFC171 /* DictlyMacApp.swift */ = {isa = PBXFileReference; lastKnownFileType = sourcecode.swift; path = DictlyMacApp.swift; sourceTree = "<group>"; };
		96549D5CCB67F248CE715717 /* Epic7E2ETests.swift */ = {isa = PBXFileReference; lastKnownFileType = sourcecode.swift; path = Epic7E2ETests.swift; sourceTree = "<group>"; };
		99327E31A240BA62096C9831 /* .gitkeep */ = {isa = PBXFileReference; path = .gitkeep; sourceTree = "<group>"; };
		997BA1CEBFF4F212E37C3089 /* ImportServiceTests.swift */ = {isa = PBXFileReference; lastKnownFileType = sourcecode.swift; path = ImportServiceTests.swift; sourceTree = "<group>"; };
		A14EBA4559C2CA7F42EDF345 /* Epic4E2ETests.swift */ = {isa = PBXFileReference; lastKnownFileType = sourcecode.swift; path = Epic4E2ETests.swift; sourceTree = "<group>"; };
		A747211ED5B2FA12EB43CCBC /* ggml-backend.cpp */ = {isa = PBXFileReference; lastKnownFileType = sourcecode.cpp.cpp; path = "ggml-backend.cpp"; sourceTree = "<group>"; };
		A8885E926145C865765F63DE /* .gitkeep */ = {isa = PBXFileReference; path = .gitkeep; sourceTree = "<group>"; };
		AC2E9ED61A8775A41989834D /* ImportProgressView.swift */ = {isa = PBXFileReference; lastKnownFileType = sourcecode.swift; path = ImportProgressView.swift; sourceTree = "<group>"; };
		ADA3415A95AE4DD2103D2358 /* TranscriptionEngine.swift */ = {isa = PBXFileReference; lastKnownFileType = sourcecode.swift; path = TranscriptionEngine.swift; sourceTree = "<group>"; };
		AE3EFF9105121807A1A80EBD /* binary-ops.cpp */ = {isa = PBXFileReference; lastKnownFileType = sourcecode.cpp.cpp; path = "binary-ops.cpp"; sourceTree = "<group>"; };
		B2768D67AF7F3CE71E9C188F /* TagSidebarFilterTests.swift */ = {isa = PBXFileReference; lastKnownFileType = sourcecode.swift; path = TagSidebarFilterTests.swift; sourceTree = "<group>"; };
		B4BEB495884ED9C7CAD7C2F2 /* ImportService.swift */ = {isa = PBXFileReference; lastKnownFileType = sourcecode.swift; path = ImportService.swift; sourceTree = "<group>"; };
		B629B3ADAFBE8F7A1A8C0040 /* DictlyMacTests.xctest */ = {isa = PBXFileReference; explicitFileType = wrapper.cfbundle; includeInIndex = 0; path = DictlyMacTests.xctest; sourceTree = BUILT_PRODUCTS_DIR; };
		B739789036BA8992C9466FAE /* ggml-threading.cpp */ = {isa = PBXFileReference; lastKnownFileType = sourcecode.cpp.cpp; path = "ggml-threading.cpp"; sourceTree = "<group>"; };
		B98B53E1C627818A5B42932D /* LocalNetworkReceiver.swift */ = {isa = PBXFileReference; lastKnownFileType = sourcecode.swift; path = LocalNetworkReceiver.swift; sourceTree = "<group>"; };
		B9B09A3738E6D239DA72E293 /* repack.cpp */ = {isa = PBXFileReference; lastKnownFileType = sourcecode.cpp.cpp; path = repack.cpp; sourceTree = "<group>"; };
		BA5A2C4B55D7446FF040F9DB /* TranscriptionEngineTests.swift */ = {isa = PBXFileReference; lastKnownFileType = sourcecode.swift; path = TranscriptionEngineTests.swift; sourceTree = "<group>"; };
		BABD3D926C7FEF4F61647A21 /* ggml-metal-ops.cpp */ = {isa = PBXFileReference; lastKnownFileType = sourcecode.cpp.cpp; path = "ggml-metal-ops.cpp"; sourceTree = "<group>"; };
		BC6F035F6865123E34DDB2E6 /* DictlyKit */ = {isa = PBXFileReference; lastKnownFileType = folder; name = DictlyKit; path = ../DictlyKit; sourceTree = SOURCE_ROOT; };
		BC80D850B524E4421F4C3A6C /* ggml-backend-dl.cpp */ = {isa = PBXFileReference; lastKnownFileType = sourcecode.cpp.cpp; path = "ggml-backend-dl.cpp"; sourceTree = "<group>"; };
		BF8CFA5751B76EDD4C38AC42 /* TagSidebarRow.swift */ = {isa = PBXFileReference; lastKnownFileType = sourcecode.swift; path = TagSidebarRow.swift; sourceTree = "<group>"; };
		BFADB80B3F2850DA824A5B8F /* MetalPerformanceShaders.framework */ = {isa = PBXFileReference; lastKnownFileType = wrapper.framework; path = MetalPerformanceShaders.framework; sourceTree = "<group>"; };
		C04427E954A5A6EAFB76D739 /* TagMarkerShape.swift */ = {isa = PBXFileReference; lastKnownFileType = sourcecode.swift; path = TagMarkerShape.swift; sourceTree = "<group>"; };
		C084CB9CD7FF8B51353E7B78 /* AudioPlayerTests.swift */ = {isa = PBXFileReference; lastKnownFileType = sourcecode.swift; path = AudioPlayerTests.swift; sourceTree = "<group>"; };
		C649C01D39BCD15BAB1CE49E /* .gitkeep */ = {isa = PBXFileReference; path = .gitkeep; sourceTree = "<group>"; };
		C99BEC7DCA95A5E95CB29E76 /* TagSidebar.swift */ = {isa = PBXFileReference; lastKnownFileType = sourcecode.swift; path = TagSidebar.swift; sourceTree = "<group>"; };
		CE5E547187C158D1B74BA811 /* SessionNotesView.swift */ = {isa = PBXFileReference; lastKnownFileType = sourcecode.swift; path = SessionNotesView.swift; sourceTree = "<group>"; };
		D7E5DC9608A1258BD85683AD /* SidebarCampaignGroupingTests.swift */ = {isa = PBXFileReference; lastKnownFileType = sourcecode.swift; path = SidebarCampaignGroupingTests.swift; sourceTree = "<group>"; };
		D9FB708D7062E2C1E1C161FA /* hbm.cpp */ = {isa = PBXFileReference; lastKnownFileType = sourcecode.cpp.cpp; path = hbm.cpp; sourceTree = "<group>"; };
		DB85059BE85A27C7184F5C28 /* SessionReviewScreen.swift */ = {isa = PBXFileReference; lastKnownFileType = sourcecode.swift; path = SessionReviewScreen.swift; sourceTree = "<group>"; };
		DE8E55647297D25A1C01C331 /* ops.cpp */ = {isa = PBXFileReference; lastKnownFileType = sourcecode.cpp.cpp; path = ops.cpp; sourceTree = "<group>"; };
		E093A48C431BE0333F497950 /* .gitkeep */ = {isa = PBXFileReference; path = .gitkeep; sourceTree = "<group>"; };
		E39A02E06E7DC2F7802567A6 /* .gitkeep */ = {isa = PBXFileReference; path = .gitkeep; sourceTree = "<group>"; };
		E39FE108FE0E186C30B84CAC /* .gitkeep */ = {isa = PBXFileReference; path = .gitkeep; sourceTree = "<group>"; };
		EE11F1976DE6A82DADBBEDAD /* RelatedTagsView.swift */ = {isa = PBXFileReference; lastKnownFileType = sourcecode.swift; path = RelatedTagsView.swift; sourceTree = "<group>"; };
		F13E69A1F2205D3EA4D2AE1A /* SearchServiceTests.swift */ = {isa = PBXFileReference; lastKnownFileType = sourcecode.swift; path = SearchServiceTests.swift; sourceTree = "<group>"; };
		F16D1AEB981FD650B28FA060 /* repack.cpp */ = {isa = PBXFileReference; lastKnownFileType = sourcecode.cpp.cpp; path = repack.cpp; sourceTree = "<group>"; };
		F24D8178ADB5E61D67DD3783 /* Epic5E2ETests.swift */ = {isa = PBXFileReference; lastKnownFileType = sourcecode.swift; path = Epic5E2ETests.swift; sourceTree = "<group>"; };
		F48EBF43DF1D333B138C8DBC /* ggml-opt.cpp */ = {isa = PBXFileReference; lastKnownFileType = sourcecode.cpp.cpp; path = "ggml-opt.cpp"; sourceTree = "<group>"; };
		F62A922B7D7C15A23BE93475 /* ModelManager.swift */ = {isa = PBXFileReference; lastKnownFileType = sourcecode.swift; path = ModelManager.swift; sourceTree = "<group>"; };
		F857947F0E710A9300A47104 /* Assets.xcassets */ = {isa = PBXFileReference; lastKnownFileType = folder.assetcatalog; path = Assets.xcassets; sourceTree = "<group>"; };
		F895FADB439548125B64C15C /* CoreML.framework */ = {isa = PBXFileReference; lastKnownFileType = wrapper.framework; path = CoreML.framework; sourceTree = "<group>"; };
		F970ACD586D234522EBBFD8B /* RetroactiveTagTests.swift */ = {isa = PBXFileReference; lastKnownFileType = sourcecode.swift; path = RetroactiveTagTests.swift; sourceTree = "<group>"; };
		F99799ADDC35F183C7A44D98 /* TagDetailPanel.swift */ = {isa = PBXFileReference; lastKnownFileType = sourcecode.swift; path = TagDetailPanel.swift; sourceTree = "<group>"; };
		F9B7B6592954FB9EF12A053B /* ggml-quants.c */ = {isa = PBXFileReference; lastKnownFileType = sourcecode.c.c; path = "ggml-quants.c"; sourceTree = "<group>"; };
		FB370B84D290DC88D323F378 /* ggml-cpu.cpp */ = {isa = PBXFileReference; lastKnownFileType = sourcecode.cpp.cpp; path = "ggml-cpu.cpp"; sourceTree = "<group>"; };
		FC80BB8EABF30BF3C8F977E2 /* CrossSessionBrowsingTests.swift */ = {isa = PBXFileReference; lastKnownFileType = sourcecode.swift; path = CrossSessionBrowsingTests.swift; sourceTree = "<group>"; };
/* End PBXFileReference section */

/* Begin PBXFrameworksBuildPhase section */
		072475F78EEBFA21663AE7AD /* Frameworks */ = {
			isa = PBXFrameworksBuildPhase;
			buildActionMask = 2147483647;
			files = (
				E89B3FAB32A9A61B34328160 /* DictlyKit in Frameworks */,
			);
			runOnlyForDeploymentPostprocessing = 0;
		};
		6F4F8BBFC7918469196445B8 /* Frameworks */ = {
			isa = PBXFrameworksBuildPhase;
			buildActionMask = 2147483647;
			files = (
				483EBF5CB15388A4061C741A /* DictlyKit in Frameworks */,
				FCED9B9A773DDDB14014E8B3 /* libWhisperLib.a in Frameworks */,
				F0FB00CC325B605BE9C11202 /* Metal.framework in Frameworks */,
				0AB56E2F92177740CDEF8F58 /* MetalKit.framework in Frameworks */,
				79AB2E716EBEEA9F08AF30CC /* MetalPerformanceShaders.framework in Frameworks */,
				CCBEA63E5AA4AB94035C246A /* CoreML.framework in Frameworks */,
				5912233F295C6C406C521C0C /* Accelerate.framework in Frameworks */,
			);
			runOnlyForDeploymentPostprocessing = 0;
		};
/* End PBXFrameworksBuildPhase section */

/* Begin PBXGroup section */
		041CC83D20CC6BFA9E2B3A42 /* Frameworks */ = {
			isa = PBXGroup;
			children = (
				458695DF0DBDB0A4ACDE750E /* Accelerate.framework */,
				F895FADB439548125B64C15C /* CoreML.framework */,
				3C823397DBFDC0DFE6E6C7A5 /* Metal.framework */,
				14CB56961D7863988BFF0E6B /* MetalKit.framework */,
				BFADB80B3F2850DA824A5B8F /* MetalPerformanceShaders.framework */,
			);
			name = Frameworks;
			sourceTree = "<group>";
		};
		067C08D608B18FA011893428 = {
			isa = PBXGroup;
			children = (
				23E53F03A9B6D0166A5C11F4 /* App */,
				9134B8EAD58AC10C77863678 /* Campaigns */,
				74C0FDFC565F3615E3348B65 /* Dictly */,
				777DA888D953213E321D9A65 /* Export */,
				6DC0A1320FC0A6B2DAB877F0 /* Import */,
				9B444FB2F46D61DBB2B657F6 /* Packages */,
				70DA77C6F815D856DA1849B0 /* Resources */,
				7778336A3D11F9CBF315B031 /* Review */,
				CACCB923AD674455BB2398BB /* Search */,
				F7C55C541B7F24ACC93E0963 /* Settings */,
				08DAF3B0500510CBC5D50EAA /* Transcription */,
				041CC83D20CC6BFA9E2B3A42 /* Frameworks */,
				6F0AAFC1884D885B01A85E4E /* Products */,
			);
			sourceTree = "<group>";
		};
		08DAF3B0500510CBC5D50EAA /* Transcription */ = {
			isa = PBXGroup;
			children = (
				9454BE7EEE3DB0B18BBEE02A /* .gitkeep */,
				208F2639D55E84ABF69B3380 /* ModelManagementView.swift */,
				F62A922B7D7C15A23BE93475 /* ModelManager.swift */,
				ADA3415A95AE4DD2103D2358 /* TranscriptionEngine.swift */,
				8FE1A8998D5DF4CE00BA743B /* WhisperBridge-Bridging-Header.h */,
				7846868E46CDF395D6251590 /* WhisperBridge.swift */,
			);
			path = Transcription;
			sourceTree = "<group>";
		};
		0B92FC84F0C4ABAA763DEE98 /* SidebarTests */ = {
			isa = PBXGroup;
			children = (
				D7E5DC9608A1258BD85683AD /* SidebarCampaignGroupingTests.swift */,
			);
			path = SidebarTests;
			sourceTree = "<group>";
		};
		172C0BCE41107693672DC358 /* ExportTests */ = {
			isa = PBXGroup;
			children = (
				7107DE269823A007824B7DA4 /* ExportSheetTests.swift */,
			);
			path = ExportTests;
			sourceTree = "<group>";
		};
		17C5D6EC7472EAB04669F7B7 /* SearchTests */ = {
			isa = PBXGroup;
			children = (
				3AE777EA93EF0F0D2767C022 /* SearchServiceE2ETests.swift */,
				F13E69A1F2205D3EA4D2AE1A /* SearchServiceTests.swift */,
			);
			path = SearchTests;
			sourceTree = "<group>";
		};
		23E53F03A9B6D0166A5C11F4 /* App */ = {
			isa = PBXGroup;
			children = (
				8D79153280CF49C24B46C221 /* ContentView.swift */,
				95E649BA6DF1539916AFC171 /* DictlyMacApp.swift */,
			);
			path = App;
			sourceTree = "<group>";
		};
		27EFFE4DA9F0D1107E07BD01 /* ggml-cpu */ = {
			isa = PBXGroup;
			children = (
				AE3EFF9105121807A1A80EBD /* binary-ops.cpp */,
				415B961B9A65AB77C0FB9986 /* ggml-cpu.c */,
				FB370B84D290DC88D323F378 /* ggml-cpu.cpp */,
				D9FB708D7062E2C1E1C161FA /* hbm.cpp */,
				DE8E55647297D25A1C01C331 /* ops.cpp */,
				45E5A9BC03895C2E9A88B301 /* quants.c */,
				F16D1AEB981FD650B28FA060 /* repack.cpp */,
				9543F4E40C5069D8E1EA62BC /* traits.cpp */,
				4252328867DD3210E1BD6DD7 /* unary-ops.cpp */,
				42D6DEF872EF1C53CDE7C3FA /* vec.cpp */,
				351D2F1C03C6B72C37E9F15E /* arch */,
			);
			path = "ggml-cpu";
			sourceTree = "<group>";
		};
		2E9C6B70AFCDCBC9A91DD57D /* ImportTests */ = {
			isa = PBXGroup;
			children = (
				997BA1CEBFF4F212E37C3089 /* ImportServiceTests.swift */,
				7A126C04C5D63FC8A42058B5 /* LocalNetworkReceiverTests.swift */,
			);
			path = ImportTests;
			sourceTree = "<group>";
		};
		351D2F1C03C6B72C37E9F15E /* arch */ = {
			isa = PBXGroup;
			children = (
				E8C957890231C09A1CB83C01 /* arm */,
			);
			path = arch;
			sourceTree = "<group>";
		};
		5D4A734FB9DEEC637773546A /* TranscriptionTests */ = {
			isa = PBXGroup;
			children = (
				F24D8178ADB5E61D67DD3783 /* Epic5E2ETests.swift */,
				4CEBA07F0A0F098120CE41F4 /* ModelManagerTests.swift */,
				BA5A2C4B55D7446FF040F9DB /* TranscriptionEngineTests.swift */,
				53128431C3BF8DA0E1CF7CE6 /* WhisperBridgeTests.swift */,
			);
			path = TranscriptionTests;
			sourceTree = "<group>";
		};
		6DC0A1320FC0A6B2DAB877F0 /* Import */ = {
			isa = PBXGroup;
			children = (
				E39A02E06E7DC2F7802567A6 /* .gitkeep */,
				AC2E9ED61A8775A41989834D /* ImportProgressView.swift */,
				B4BEB495884ED9C7CAD7C2F2 /* ImportService.swift */,
				B98B53E1C627818A5B42932D /* LocalNetworkReceiver.swift */,
			);
			path = Import;
			sourceTree = "<group>";
		};
		6E79B4AAFFD5FB86DE51192B /* ReviewTests */ = {
			isa = PBXGroup;
			children = (
				C084CB9CD7FF8B51353E7B78 /* AudioPlayerTests.swift */,
				38F245200FC243E9D187E9E5 /* CrossSessionBrowsingE2ETests.swift */,
				FC80BB8EABF30BF3C8F977E2 /* CrossSessionBrowsingTests.swift */,
				A14EBA4559C2CA7F42EDF345 /* Epic4E2ETests.swift */,
				96549D5CCB67F248CE715717 /* Epic7E2ETests.swift */,
				F970ACD586D234522EBBFD8B /* RetroactiveTagTests.swift */,
				7558F6B4A422BA5011FF53B1 /* SessionReviewScreenTests.swift */,
				645E2356F3721A5B8E80B49A /* TagDetailPanelTests.swift */,
				56FBC15C342B617BDFC280CF /* TagEditingTests.swift */,
				599C9D1A7AFE8931DB172728 /* TagNotesTests.swift */,
				B2768D67AF7F3CE71E9C188F /* TagSidebarFilterTests.swift */,
				70530FB5B1A0B50C10D6B239 /* WaveformTimelineTests.swift */,
			);
			path = ReviewTests;
			sourceTree = "<group>";
		};
		6F0AAFC1884D885B01A85E4E /* Products */ = {
			isa = PBXGroup;
			children = (
				451A0E0AFA5C65057119CDBD /* DictlyMac.app */,
				B629B3ADAFBE8F7A1A8C0040 /* DictlyMacTests.xctest */,
				0A775D46B9312570E230085E /* libWhisperLib.a */,
			);
			name = Products;
			sourceTree = "<group>";
		};
		70DA77C6F815D856DA1849B0 /* Resources */ = {
			isa = PBXGroup;
			children = (
				F857947F0E710A9300A47104 /* Assets.xcassets */,
			);
			path = Resources;
			sourceTree = "<group>";
		};
		74C0FDFC565F3615E3348B65 /* Dictly */ = {
			isa = PBXGroup;
			children = (
				ED1545B6449F2FAC7347F82C /* DictlyMacTests */,
				9B980C0FBEAA70D31B8C541B /* Vendor */,
			);
			name = Dictly;
			path = ..;
			sourceTree = "<group>";
		};
		7778336A3D11F9CBF315B031 /* Review */ = {
			isa = PBXGroup;
			children = (
				E093A48C431BE0333F497950 /* .gitkeep */,
				31EA7A2B90B3B83ED8A5A68C /* AudioPlayer.swift */,
				5AF6212CC3464C0246405B2D /* CategoryColorHelper.swift */,
				00C90B9A4FA48D53D6737AA1 /* NewTagForm.swift */,
				EE11F1976DE6A82DADBBEDAD /* RelatedTagsView.swift */,
				DB85059BE85A27C7184F5C28 /* SessionReviewScreen.swift */,
				8A673C944E5921822E34E28D /* SessionWaveformTimeline.swift */,
				F99799ADDC35F183C7A44D98 /* TagDetailPanel.swift */,
				C04427E954A5A6EAFB76D739 /* TagMarkerShape.swift */,
				C99BEC7DCA95A5E95CB29E76 /* TagSidebar.swift */,
				BF8CFA5751B76EDD4C38AC42 /* TagSidebarRow.swift */,
				37E0598116A25B1CDE9AD437 /* WaveformDataProvider.swift */,
			);
			path = Review;
			sourceTree = "<group>";
		};
		777DA888D953213E321D9A65 /* Export */ = {
			isa = PBXGroup;
			children = (
				188A4D7CFED71AB1512E62D2 /* .gitkeep */,
				43E0016CFBE669F4A2BB44EA /* ExportSheet.swift */,
			);
			path = Export;
			sourceTree = "<group>";
		};
		9134B8EAD58AC10C77863678 /* Campaigns */ = {
			isa = PBXGroup;
			children = (
				E39FE108FE0E186C30B84CAC /* .gitkeep */,
				CE5E547187C158D1B74BA811 /* SessionNotesView.swift */,
			);
			path = Campaigns;
			sourceTree = "<group>";
		};
		9B444FB2F46D61DBB2B657F6 /* Packages */ = {
			isa = PBXGroup;
			children = (
				BC6F035F6865123E34DDB2E6 /* DictlyKit */,
			);
			name = Packages;
			sourceTree = "<group>";
		};
		9B980C0FBEAA70D31B8C541B /* Vendor */ = {
			isa = PBXGroup;
			children = (
				EA5CED8C6D41E2F6C0E98873 /* whisper.cpp */,
			);
			path = Vendor;
			sourceTree = "<group>";
		};
		9F761DB0D68CEDDB4FF430AC /* src */ = {
			isa = PBXGroup;
			children = (
				49742FCDB1782F79A149F47E /* ggml-alloc.c */,
				BC80D850B524E4421F4C3A6C /* ggml-backend-dl.cpp */,
				9070BA933D624AE7A15DFF1B /* ggml-backend-reg.cpp */,
				A747211ED5B2FA12EB43CCBC /* ggml-backend.cpp */,
				F48EBF43DF1D333B138C8DBC /* ggml-opt.cpp */,
				F9B7B6592954FB9EF12A053B /* ggml-quants.c */,
				B739789036BA8992C9466FAE /* ggml-threading.cpp */,
				601CC59FB9D31D64A36A4F61 /* ggml.c */,
				0348C776B1387A58D8D8D31C /* ggml.cpp */,
				1D98EB789BC34226138491C2 /* gguf.cpp */,
				27EFFE4DA9F0D1107E07BD01 /* ggml-cpu */,
				C9CB441D2CE813C4A3209A57 /* ggml-metal */,
			);
			path = src;
			sourceTree = "<group>";
		};
		C9CB441D2CE813C4A3209A57 /* ggml-metal */ = {
			isa = PBXGroup;
			children = (
				62CA593DEC44A20604376F18 /* ggml-metal-common.cpp */,
				2C4A866F7A62565CBBD1012E /* ggml-metal-context.m */,
				661CC2F5FF31DF07E7AE5AC1 /* ggml-metal-device.cpp */,
				94732176F576D551A8CCF6AD /* ggml-metal-device.m */,
				BABD3D926C7FEF4F61647A21 /* ggml-metal-ops.cpp */,
				233ACBAA0A25F9D69515083C /* ggml-metal.cpp */,
			);
			path = "ggml-metal";
			sourceTree = "<group>";
		};
		CACCB923AD674455BB2398BB /* Search */ = {
			isa = PBXGroup;
			children = (
				C649C01D39BCD15BAB1CE49E /* .gitkeep */,
				6FED5D492861464949515BBA /* SearchResultRow.swift */,
				1435C0DD43FCAF70997A38FE /* SearchResultsView.swift */,
				3D17B2B00DA8CB0AFC800A3C /* SearchService.swift */,
			);
			path = Search;
			sourceTree = "<group>";
		};
		DE13465B30DC611196B852AA /* ggml */ = {
			isa = PBXGroup;
			children = (
				9F761DB0D68CEDDB4FF430AC /* src */,
			);
			path = ggml;
			sourceTree = "<group>";
		};
		E8C957890231C09A1CB83C01 /* arm */ = {
			isa = PBXGroup;
			children = (
				623CE6A7DC551E477170FA26 /* cpu-feats.cpp */,
				00C828BBC782595E99A1CFB0 /* quants.c */,
				B9B09A3738E6D239DA72E293 /* repack.cpp */,
			);
			path = arm;
			sourceTree = "<group>";
		};
		EA5CED8C6D41E2F6C0E98873 /* whisper.cpp */ = {
			isa = PBXGroup;
			children = (
				DE13465B30DC611196B852AA /* ggml */,
				FF9684996B12170968318300 /* src */,
			);
			path = whisper.cpp;
			sourceTree = "<group>";
		};
		ED1545B6449F2FAC7347F82C /* DictlyMacTests */ = {
			isa = PBXGroup;
			children = (
				99327E31A240BA62096C9831 /* .gitkeep */,
				172C0BCE41107693672DC358 /* ExportTests */,
				2E9C6B70AFCDCBC9A91DD57D /* ImportTests */,
				6E79B4AAFFD5FB86DE51192B /* ReviewTests */,
				17C5D6EC7472EAB04669F7B7 /* SearchTests */,
				0B92FC84F0C4ABAA763DEE98 /* SidebarTests */,
				5D4A734FB9DEEC637773546A /* TranscriptionTests */,
			);
			path = DictlyMacTests;
			sourceTree = "<group>";
		};
		F7C55C541B7F24ACC93E0963 /* Settings */ = {
			isa = PBXGroup;
			children = (
				A8885E926145C865765F63DE /* .gitkeep */,
				3B010B705AA06A5BD1749B44 /* PreferencesWindow.swift */,
				2B1D3461060C52B321F0A83A /* TagPackPickerView.swift */,
			);
			path = Settings;
			sourceTree = "<group>";
		};
		FF9684996B12170968318300 /* src */ = {
			isa = PBXGroup;
			children = (
				83B37532EE65792C5C9196FC /* whisper.cpp */,
			);
			path = src;
			sourceTree = "<group>";
		};
/* End PBXGroup section */

/* Begin PBXNativeTarget section */
		3CAC782FA2DDF35F09AC7FD8 /* WhisperLib */ = {
			isa = PBXNativeTarget;
			buildConfigurationList = 5805E5CE3396D1ED74A1B136 /* Build configuration list for PBXNativeTarget "WhisperLib" */;
			buildPhases = (
				D28019C56DB2B5A6664805F7 /* Sources */,
			);
			buildRules = (
			);
			dependencies = (
			);
			name = WhisperLib;
			packageProductDependencies = (
			);
			productName = WhisperLib;
			productReference = 0A775D46B9312570E230085E /* libWhisperLib.a */;
			productType = "com.apple.product-type.library.static";
		};
		62761C5198395EC9CF834280 /* DictlyMac */ = {
			isa = PBXNativeTarget;
			buildConfigurationList = E70DDBE01EFB7D8E9069D2D8 /* Build configuration list for PBXNativeTarget "DictlyMac" */;
			buildPhases = (
				D7B6126F378A7EE9844A0B02 /* Sources */,
				95909D4E16ADBE4029DEB49E /* Compile whisper.cpp Metal Shader */,
				307AAB9A66B0BC9E8A3D80E0 /* Resources */,
				6F4F8BBFC7918469196445B8 /* Frameworks */,
			);
			buildRules = (
			);
			dependencies = (
				F0D7C0233078108E7D9B3BB2 /* PBXTargetDependency */,
			);
			name = DictlyMac;
			packageProductDependencies = (
				C7A8F80EBE71320BD7E63E9E /* DictlyKit */,
			);
			productName = DictlyMac;
			productReference = 451A0E0AFA5C65057119CDBD /* DictlyMac.app */;
			productType = "com.apple.product-type.application";
		};
		F43878420F28469110FD34CC /* DictlyMacTests */ = {
			isa = PBXNativeTarget;
			buildConfigurationList = 5D62CECA7EC9EEAC1B579710 /* Build configuration list for PBXNativeTarget "DictlyMacTests" */;
			buildPhases = (
				34352181509A7CD807BC3D05 /* Sources */,
				072475F78EEBFA21663AE7AD /* Frameworks */,
			);
			buildRules = (
			);
			dependencies = (
				BCB3ED18B872B09E8FA94C80 /* PBXTargetDependency */,
			);
			name = DictlyMacTests;
			packageProductDependencies = (
				6D779627DD09B4C0A1B8FA61 /* DictlyKit */,
			);
			productName = DictlyMacTests;
			productReference = B629B3ADAFBE8F7A1A8C0040 /* DictlyMacTests.xctest */;
			productType = "com.apple.product-type.bundle.unit-test";
		};
/* End PBXNativeTarget section */

/* Begin PBXProject section */
		AF1B8E01C6B7CEFB5471684D /* Project object */ = {
			isa = PBXProject;
			attributes = {
				BuildIndependentTargetsInParallel = YES;
				LastUpgradeCheck = 1600;
				TargetAttributes = {
					3CAC782FA2DDF35F09AC7FD8 = {
						DevelopmentTeam = 9H8L6QA868;
						ProvisioningStyle = Automatic;
					};
					62761C5198395EC9CF834280 = {
						DevelopmentTeam = 9H8L6QA868;
						ProvisioningStyle = Automatic;
					};
					F43878420F28469110FD34CC = {
						DevelopmentTeam = 9H8L6QA868;
						ProvisioningStyle = Automatic;
					};
				};
			};
			buildConfigurationList = D6E8889CBBFE9E1EED5579B1 /* Build configuration list for PBXProject "DictlyMac" */;
			developmentRegion = en;
			hasScannedForEncodings = 0;
			knownRegions = (
				Base,
				en,
			);
			mainGroup = 067C08D608B18FA011893428;
			minimizedProjectReferenceProxies = 1;
			packageReferences = (
				7C7FF6C87F5287FA673A44F5 /* XCLocalSwiftPackageReference "../DictlyKit" */,
			);
			preferredProjectObjectVersion = 77;
			productRefGroup = 6F0AAFC1884D885B01A85E4E /* Products */;
			projectDirPath = "";
			projectRoot = "";
			targets = (
				62761C5198395EC9CF834280 /* DictlyMac */,
				F43878420F28469110FD34CC /* DictlyMacTests */,
				3CAC782FA2DDF35F09AC7FD8 /* WhisperLib */,
			);
		};
/* End PBXProject section */

/* Begin PBXResourcesBuildPhase section */
		307AAB9A66B0BC9E8A3D80E0 /* Resources */ = {
			isa = PBXResourcesBuildPhase;
			buildActionMask = 2147483647;
			files = (
				6C79E45E144857DDE7CBBD1B /* Assets.xcassets in Resources */,
			);
			runOnlyForDeploymentPostprocessing = 0;
		};
/* End PBXResourcesBuildPhase section */

/* Begin PBXShellScriptBuildPhase section */
		95909D4E16ADBE4029DEB49E /* Compile whisper.cpp Metal Shader */ = {
			isa = PBXShellScriptBuildPhase;
			buildActionMask = 2147483647;
			files = (
			);
			inputFileListPaths = (
			);
			inputPaths = (
				"$(SRCROOT)/../Vendor/whisper.cpp/ggml/src/ggml-metal/ggml-metal.metal",
				"$(SRCROOT)/../Vendor/whisper.cpp/ggml/src/ggml-common.h",
				"$(SRCROOT)/../Vendor/whisper.cpp/ggml/src/ggml-metal/ggml-metal-impl.h",
			);
			name = "Compile whisper.cpp Metal Shader";
			outputFileListPaths = (
			);
			outputPaths = (
				"$(BUILT_PRODUCTS_DIR)/$(UNLOCALIZED_RESOURCES_FOLDER_PATH)/default.metallib",
			);
			runOnlyForDeploymentPostprocessing = 0;
			shellPath = /bin/sh;
			shellScript = "#!/bin/bash\nset -e\nGGML_SRC=\"${SRCROOT}/../Vendor/whisper.cpp/ggml/src\"\nMETAL_SRC=\"${GGML_SRC}/ggml-metal/ggml-metal.metal\"\nAIR_OUT=\"${TEMP_DIR}/ggml-metal.air\"\nRESOURCES_OUT=\"${BUILT_PRODUCTS_DIR}/${UNLOCALIZED_RESOURCES_FOLDER_PATH}\"\n\nmkdir -p \"${RESOURCES_OUT}\"\n\nxcrun -sdk macosx metal \\\n  -fno-fast-math \\\n  -I \"${GGML_SRC}\" \\\n  -I \"${GGML_SRC}/ggml-metal\" \\\n  -c \"${METAL_SRC}\" \\\n  -o \"${AIR_OUT}\"\n\nxcrun -sdk macosx metallib \\\n  \"${AIR_OUT}\" \\\n  -o \"${RESOURCES_OUT}/default.metallib\"\n";
		};
/* End PBXShellScriptBuildPhase section */

/* Begin PBXSourcesBuildPhase section */
		34352181509A7CD807BC3D05 /* Sources */ = {
			isa = PBXSourcesBuildPhase;
			buildActionMask = 2147483647;
			files = (
				771C7795746723423E620F96 /* AudioPlayerTests.swift in Sources */,
				77196158B2E138CAA821C610 /* CrossSessionBrowsingE2ETests.swift in Sources */,
				9A1BEE72C5358CBE1F2DEB19 /* CrossSessionBrowsingTests.swift in Sources */,
				17D59B7924F6D1CB1262632D /* Epic4E2ETests.swift in Sources */,
				70A3C7C8A78017187A9FE04C /* Epic5E2ETests.swift in Sources */,
				382AC0E4ABE1AFA40AB826B3 /* Epic7E2ETests.swift in Sources */,
				67A29C8ADDDAD56339A0108E /* ExportSheetTests.swift in Sources */,
				C8971FD8145E8C3D31D59F0E /* ImportServiceTests.swift in Sources */,
				A5E6644E30022D93BBCEEF74 /* LocalNetworkReceiverTests.swift in Sources */,
				8C97FECDEDFDCEFDBF398AB1 /* ModelManagerTests.swift in Sources */,
				A1A89D063A7FC11A9587089B /* RetroactiveTagTests.swift in Sources */,
				FFC5570372B838FFDB01D479 /* SearchServiceE2ETests.swift in Sources */,
				33FC6B207E1ACB71E5844922 /* SearchServiceTests.swift in Sources */,
				92454C32745174FB7C84158E /* SessionReviewScreenTests.swift in Sources */,
				1C90B97EA0741C8FA8198382 /* SidebarCampaignGroupingTests.swift in Sources */,
				F19B61E9151A4C2670FBD10E /* TagDetailPanelTests.swift in Sources */,
				447E3D1F8D2C4D95EB53F462 /* TagEditingTests.swift in Sources */,
				C6650D569FEBFE6EAE107EE4 /* TagNotesTests.swift in Sources */,
				F7AD87BC996413380E8411D7 /* TagSidebarFilterTests.swift in Sources */,
				BA66AF7DE624078928ABC3EB /* TranscriptionEngineTests.swift in Sources */,
				1DEDFC2466223F21B8712746 /* WaveformTimelineTests.swift in Sources */,
				9868C90F722DC9D0D0765B84 /* WhisperBridgeTests.swift in Sources */,
			);
			runOnlyForDeploymentPostprocessing = 0;
		};
		D28019C56DB2B5A6664805F7 /* Sources */ = {
			isa = PBXSourcesBuildPhase;
			buildActionMask = 2147483647;
			files = (
				E8BBEFDEB0CF30F4D9EA8B47 /* binary-ops.cpp in Sources */,
				D3620B26292DEF2BEB9D0D4A /* cpu-feats.cpp in Sources */,
				352285A70CCCF684A50F0BAC /* ggml-alloc.c in Sources */,
				557E025A65416275D500FB3E /* ggml-backend-dl.cpp in Sources */,
				C2DC4EABC5169161844EB126 /* ggml-backend-reg.cpp in Sources */,
				D18F90D52DEBEC77AC51D0BE /* ggml-backend.cpp in Sources */,
				274AA8CE735C9162DEB3AE59 /* ggml-cpu.c in Sources */,
				2FAE3B48E4857B4891AB09F9 /* ggml-cpu.cpp in Sources */,
				3D300ADE937E7E09A5C732EE /* ggml-metal-common.cpp in Sources */,
				3FA9D01686581B2B5585BB36 /* ggml-metal-context.m in Sources */,
				26E04F043018F7C91BF169B8 /* ggml-metal-device.cpp in Sources */,
				0E659AF851CE284CA45E3E4D /* ggml-metal-device.m in Sources */,
				032D5E2295539DBF5908002B /* ggml-metal-ops.cpp in Sources */,
				EEDD3B8DF75416292DCD911D /* ggml-metal.cpp in Sources */,
				02D6FF348AEC49F25640266B /* ggml-opt.cpp in Sources */,
				CCD4552897FF5899B39F6A31 /* ggml-quants.c in Sources */,
				0FDEBC18A721B24B9039CA12 /* ggml-threading.cpp in Sources */,
				5CA760521A00DA465F507199 /* ggml.c in Sources */,
				796625AD17DB8D0B815D8764 /* ggml.cpp in Sources */,
				7A1E023107BC92BC8D9B2F5A /* gguf.cpp in Sources */,
				35FC26ACD59F33DE1D7233E3 /* hbm.cpp in Sources */,
				E2529E8C629FBA4F62CDC036 /* ops.cpp in Sources */,
				5886527D3905BD1555B828A2 /* quants.c in Sources */,
				B2FA89A08FEF6677A63CE2B0 /* quants.c in Sources */,
				C7B4AB4D1CC584B9CF9AC043 /* repack.cpp in Sources */,
				386798842B650C189FAA08D0 /* repack.cpp in Sources */,
				BAE079D991FBEA5F1DD6EC12 /* traits.cpp in Sources */,
				AAFE25ECEF47448A398DBFF2 /* unary-ops.cpp in Sources */,
				70532302CD40F27848FC723D /* vec.cpp in Sources */,
				956017ACBAD5FE0DF18B03E6 /* whisper.cpp in Sources */,
			);
			runOnlyForDeploymentPostprocessing = 0;
		};
		D7B6126F378A7EE9844A0B02 /* Sources */ = {
			isa = PBXSourcesBuildPhase;
			buildActionMask = 2147483647;
			files = (
				1C35AC660D5017BEC6A7FC58 /* AudioPlayer.swift in Sources */,
				E86F70A8B0CC20F126937255 /* CategoryColorHelper.swift in Sources */,
				8026E48D8E51F41B6ACCC2BB /* ContentView.swift in Sources */,
				C5E3B5BCF8DFDEECC5C4BC6F /* DictlyMacApp.swift in Sources */,
				70D461518FC61E077B575F17 /* ExportSheet.swift in Sources */,
				BCAED8D36C822AA36C27F4DF /* ImportProgressView.swift in Sources */,
				64A2669EA23F14BB5745BAA3 /* ImportService.swift in Sources */,
				5AEEF9E41E6F97CB8725E8FE /* LocalNetworkReceiver.swift in Sources */,
				CE2490032C1555544D4392DE /* ModelManagementView.swift in Sources */,
				FC461A24CEE9F5346D9173C0 /* ModelManager.swift in Sources */,
				92F0D3A84DFB496F395CDDFF /* NewTagForm.swift in Sources */,
				C219054539490DBD3F6F4340 /* PreferencesWindow.swift in Sources */,
				440B8A33EFDE5B20C6594794 /* RelatedTagsView.swift in Sources */,
				0803E5FC51013B1F3CDCDA6D /* SearchResultRow.swift in Sources */,
				00784956D290EAEC19D04959 /* SearchResultsView.swift in Sources */,
				8C26268F224DFF0AA5F044AC /* SearchService.swift in Sources */,
				FC8D5F2D3E33C77EBCF5702E /* SessionNotesView.swift in Sources */,
				97C056EF81487795B68803AF /* SessionReviewScreen.swift in Sources */,
				40816E881BE86220CA30874C /* SessionWaveformTimeline.swift in Sources */,
				49A335A68D56F9B968ED3F3E /* TagDetailPanel.swift in Sources */,
				97DB1175FB96FD8E6F73ED1F /* TagMarkerShape.swift in Sources */,
				F5AFD0E71197158E762D4C75 /* TagPackPickerView.swift in Sources */,
				80EA11780778E4779BFD34F8 /* TagSidebar.swift in Sources */,
				4129E7F111CE793CD064507F /* TagSidebarRow.swift in Sources */,
				1A13A14DB5130A27BD6A2611 /* TranscriptionEngine.swift in Sources */,
				B663EA01126D66D07F343D26 /* WaveformDataProvider.swift in Sources */,
				E4422D33370E60310F7EDFDA /* WhisperBridge.swift in Sources */,
			);
			runOnlyForDeploymentPostprocessing = 0;
		};
/* End PBXSourcesBuildPhase section */

/* Begin PBXTargetDependency section */
		BCB3ED18B872B09E8FA94C80 /* PBXTargetDependency */ = {
			isa = PBXTargetDependency;
			target = 62761C5198395EC9CF834280 /* DictlyMac */;
			targetProxy = 34394DDA1F01D11E190DE795 /* PBXContainerItemProxy */;
		};
		F0D7C0233078108E7D9B3BB2 /* PBXTargetDependency */ = {
			isa = PBXTargetDependency;
			target = 3CAC782FA2DDF35F09AC7FD8 /* WhisperLib */;
			targetProxy = 17FDB92CB5295D2859D01B11 /* PBXContainerItemProxy */;
		};
/* End PBXTargetDependency section */

/* Begin XCBuildConfiguration section */
		3139A447AF462DE39C3EB2A9 /* Debug */ = {
			isa = XCBuildConfiguration;
			buildSettings = {
				CLANG_CXX_LANGUAGE_STANDARD = "c++17";
				CLANG_ENABLE_MODULES = YES;
				CLANG_ENABLE_OBJC_ARC = NO;
				COMBINE_HIDPI_IMAGES = YES;
				GCC_C_LANGUAGE_STANDARD = c11;
				GCC_WARN_INHIBIT_ALL_WARNINGS = YES;
				HEADER_SEARCH_PATHS = "$(SRCROOT)/../Vendor/whisper.cpp/include $(SRCROOT)/../Vendor/whisper.cpp/ggml/include $(SRCROOT)/../Vendor/whisper.cpp/ggml/src $(SRCROOT)/../Vendor/whisper.cpp/ggml/src/ggml-cpu $(SRCROOT)/../Vendor/whisper.cpp/ggml/src/ggml-cpu/arch/arm $(SRCROOT)/../Vendor/whisper.cpp/ggml/src/ggml-metal $(SRCROOT)/../Vendor/whisper.cpp/src";
				LD_RUNPATH_SEARCH_PATHS = (
					"$(inherited)",
					"@executable_path/../Frameworks",
				);
				MACOSX_DEPLOYMENT_TARGET = 14.0;
				OTHER_CFLAGS = "-O3 -DNDEBUG -DGGML_USE_METAL -DGGML_USE_CPU -DGGML_USE_ACCELERATE -DACCELERATE_NEW_LAPACK -DACCELERATE_LAPACK_ILP64 -DWHISPER_VERSION=\\\"1.8.4\\\" -DGGML_VERSION=\\\"0.9.8\\\" -DGGML_COMMIT=\\\"9386f239\\\"";
				OTHER_CPLUSPLUSFLAGS = "-O3 -DNDEBUG -DGGML_USE_METAL -DGGML_USE_CPU -DGGML_USE_ACCELERATE -DACCELERATE_NEW_LAPACK -DACCELERATE_LAPACK_ILP64 -DWHISPER_VERSION=\\\"1.8.4\\\" -DGGML_VERSION=\\\"0.9.8\\\" -DGGML_COMMIT=\\\"9386f239\\\"";
				PRODUCT_BUNDLE_IDENTIFIER = com.dictly.WhisperLib;
				PRODUCT_NAME = WhisperLib;
				SDKROOT = macosx;
				SKIP_INSTALL = YES;
				SWIFT_VERSION = "";
			};
			name = Debug;
		};
		522DDC47DB44DFCB9CD16386 /* Debug */ = {
			isa = XCBuildConfiguration;
			buildSettings = {
				BUNDLE_LOADER = "$(TEST_HOST)";
				COMBINE_HIDPI_IMAGES = YES;
				GENERATE_INFOPLIST_FILE = YES;
				HEADER_SEARCH_PATHS = "$(SRCROOT)/../Vendor/whisper.cpp/include $(SRCROOT)/../Vendor/whisper.cpp/ggml/include";
				LD_RUNPATH_SEARCH_PATHS = (
					"$(inherited)",
					"@executable_path/../Frameworks",
					"@loader_path/../Frameworks",
				);
				MACOSX_DEPLOYMENT_TARGET = 14.0;
				PRODUCT_BUNDLE_IDENTIFIER = com.dictly.mac.tests;
				SDKROOT = macosx;
				SWIFT_VERSION = 6.0;
				TEST_HOST = "$(BUILT_PRODUCTS_DIR)/DictlyMac.app/Contents/MacOS/DictlyMac";
			};
			name = Debug;
		};
		5F88B8F5B85864ABDCF5FF1E /* Release */ = {
			isa = XCBuildConfiguration;
			buildSettings = {
				BUNDLE_LOADER = "$(TEST_HOST)";
				COMBINE_HIDPI_IMAGES = YES;
				GENERATE_INFOPLIST_FILE = YES;
				HEADER_SEARCH_PATHS = "$(SRCROOT)/../Vendor/whisper.cpp/include $(SRCROOT)/../Vendor/whisper.cpp/ggml/include";
				LD_RUNPATH_SEARCH_PATHS = (
					"$(inherited)",
					"@executable_path/../Frameworks",
					"@loader_path/../Frameworks",
				);
				MACOSX_DEPLOYMENT_TARGET = 14.0;
				PRODUCT_BUNDLE_IDENTIFIER = com.dictly.mac.tests;
				SDKROOT = macosx;
				SWIFT_VERSION = 6.0;
				TEST_HOST = "$(BUILT_PRODUCTS_DIR)/DictlyMac.app/Contents/MacOS/DictlyMac";
			};
			name = Release;
		};
		96A0AE363181DED22E0FE431 /* Debug */ = {
			isa = XCBuildConfiguration;
			buildSettings = {
				ASSETCATALOG_COMPILER_APPICON_NAME = AppIcon;
				ASSETCATALOG_COMPILER_GLOBAL_ACCENT_COLOR_NAME = AccentColor;
				CODE_SIGN_ENTITLEMENTS = Resources/DictlyMac.debug.entitlements;
				COMBINE_HIDPI_IMAGES = YES;
				FRAMEWORK_SEARCH_PATHS = (
					"$(inherited)",
					"\".\"",
				);
				HEADER_SEARCH_PATHS = "$(SRCROOT)/../Vendor/whisper.cpp/include $(SRCROOT)/../Vendor/whisper.cpp/ggml/include";
				INFOPLIST_FILE = Resources/Info.plist;
				LD_RUNPATH_SEARCH_PATHS = (
					"$(inherited)",
					"@executable_path/../Frameworks",
				);
				MACOSX_DEPLOYMENT_TARGET = 14.0;
				OTHER_LDFLAGS = (
					"-ObjC -lc++",
					"-ObjC",
				);
				PRODUCT_BUNDLE_IDENTIFIER = com.dictly.mac;
				SDKROOT = macosx;
				SWIFT_OBJC_BRIDGING_HEADER = "$(SRCROOT)/Transcription/WhisperBridge-Bridging-Header.h";
			};
			name = Debug;
		};
		AE01875F07869335058FE96E /* Release */ = {
			isa = XCBuildConfiguration;
			buildSettings = {
				CLANG_CXX_LANGUAGE_STANDARD = "c++17";
				CLANG_ENABLE_MODULES = YES;
				CLANG_ENABLE_OBJC_ARC = NO;
				COMBINE_HIDPI_IMAGES = YES;
				GCC_C_LANGUAGE_STANDARD = c11;
				GCC_WARN_INHIBIT_ALL_WARNINGS = YES;
				HEADER_SEARCH_PATHS = "$(SRCROOT)/../Vendor/whisper.cpp/include $(SRCROOT)/../Vendor/whisper.cpp/ggml/include $(SRCROOT)/../Vendor/whisper.cpp/ggml/src $(SRCROOT)/../Vendor/whisper.cpp/ggml/src/ggml-cpu $(SRCROOT)/../Vendor/whisper.cpp/ggml/src/ggml-cpu/arch/arm $(SRCROOT)/../Vendor/whisper.cpp/ggml/src/ggml-metal $(SRCROOT)/../Vendor/whisper.cpp/src";
				LD_RUNPATH_SEARCH_PATHS = (
					"$(inherited)",
					"@executable_path/../Frameworks",
				);
				MACOSX_DEPLOYMENT_TARGET = 14.0;
				OTHER_CFLAGS = "-O3 -DNDEBUG -DGGML_USE_METAL -DGGML_USE_CPU -DGGML_USE_ACCELERATE -DACCELERATE_NEW_LAPACK -DACCELERATE_LAPACK_ILP64 -DWHISPER_VERSION=\\\"1.8.4\\\" -DGGML_VERSION=\\\"0.9.8\\\" -DGGML_COMMIT=\\\"9386f239\\\"";
				OTHER_CPLUSPLUSFLAGS = "-O3 -DNDEBUG -DGGML_USE_METAL -DGGML_USE_CPU -DGGML_USE_ACCELERATE -DACCELERATE_NEW_LAPACK -DACCELERATE_LAPACK_ILP64 -DWHISPER_VERSION=\\\"1.8.4\\\" -DGGML_VERSION=\\\"0.9.8\\\" -DGGML_COMMIT=\\\"9386f239\\\"";
				PRODUCT_BUNDLE_IDENTIFIER = com.dictly.WhisperLib;
				PRODUCT_NAME = WhisperLib;
				SDKROOT = macosx;
				SKIP_INSTALL = YES;
				SWIFT_VERSION = "";
			};
			name = Release;
		};
		B6133B571420AF74E1F880EE /* Release */ = {
			isa = XCBuildConfiguration;
			buildSettings = {
				ALWAYS_SEARCH_USER_PATHS = NO;
				CLANG_ANALYZER_NONNULL = YES;
				CLANG_ANALYZER_NUMBER_OBJECT_CONVERSION = YES_AGGRESSIVE;
				CLANG_CXX_LANGUAGE_STANDARD = "gnu++14";
				CLANG_CXX_LIBRARY = "libc++";
				CLANG_ENABLE_MODULES = YES;
				CLANG_ENABLE_OBJC_ARC = YES;
				CLANG_ENABLE_OBJC_WEAK = YES;
				CLANG_WARN_BLOCK_CAPTURE_AUTORELEASING = YES;
				CLANG_WARN_BOOL_CONVERSION = YES;
				CLANG_WARN_COMMA = YES;
				CLANG_WARN_CONSTANT_CONVERSION = YES;
				CLANG_WARN_DEPRECATED_OBJC_IMPLEMENTATIONS = YES;
				CLANG_WARN_DIRECT_OBJC_ISA_USAGE = YES_ERROR;
				CLANG_WARN_DOCUMENTATION_COMMENTS = YES;
				CLANG_WARN_EMPTY_BODY = YES;
				CLANG_WARN_ENUM_CONVERSION = YES;
				CLANG_WARN_INFINITE_RECURSION = YES;
				CLANG_WARN_INT_CONVERSION = YES;
				CLANG_WARN_NON_LITERAL_NULL_CONVERSION = YES;
				CLANG_WARN_OBJC_IMPLICIT_RETAIN_SELF = YES;
				CLANG_WARN_OBJC_LITERAL_CONVERSION = YES;
				CLANG_WARN_OBJC_ROOT_CLASS = YES_ERROR;
				CLANG_WARN_QUOTED_INCLUDE_IN_FRAMEWORK_HEADER = YES;
				CLANG_WARN_RANGE_LOOP_ANALYSIS = YES;
				CLANG_WARN_STRICT_PROTOTYPES = YES;
				CLANG_WARN_SUSPICIOUS_MOVE = YES;
				CLANG_WARN_UNGUARDED_AVAILABILITY = YES_AGGRESSIVE;
				CLANG_WARN_UNREACHABLE_CODE = YES;
				CLANG_WARN__DUPLICATE_METHOD_MATCH = YES;
				CODE_SIGN_STYLE = Automatic;
				COPY_PHASE_STRIP = NO;
				CURRENT_PROJECT_VERSION = 1;
				DEBUG_INFORMATION_FORMAT = "dwarf-with-dsym";
				DEVELOPMENT_TEAM = 9H8L6QA868;
				ENABLE_NS_ASSERTIONS = NO;
				ENABLE_STRICT_OBJC_MSGSEND = YES;
				GCC_C_LANGUAGE_STANDARD = gnu11;
				GCC_NO_COMMON_BLOCKS = YES;
				GCC_WARN_64_TO_32_BIT_CONVERSION = YES;
				GCC_WARN_ABOUT_RETURN_TYPE = YES_ERROR;
				GCC_WARN_UNDECLARED_SELECTOR = YES;
				GCC_WARN_UNINITIALIZED_AUTOS = YES_AGGRESSIVE;
				GCC_WARN_UNUSED_FUNCTION = YES;
				GCC_WARN_UNUSED_VARIABLE = YES;
				MACOSX_DEPLOYMENT_TARGET = 14.0;
				MARKETING_VERSION = 1.0.0;
				MTL_ENABLE_DEBUG_INFO = NO;
				MTL_FAST_MATH = YES;
				PRODUCT_NAME = "$(TARGET_NAME)";
				SDKROOT = macosx;
				SWIFT_COMPILATION_MODE = wholemodule;
				SWIFT_OPTIMIZATION_LEVEL = "-O";
				SWIFT_VERSION = 6.0;
			};
			name = Release;
		};
		DBAF174FA9936E46E2FB1209 /* Debug */ = {
			isa = XCBuildConfiguration;
			buildSettings = {
				ALWAYS_SEARCH_USER_PATHS = NO;
				CLANG_ANALYZER_NONNULL = YES;
				CLANG_ANALYZER_NUMBER_OBJECT_CONVERSION = YES_AGGRESSIVE;
				CLANG_CXX_LANGUAGE_STANDARD = "gnu++14";
				CLANG_CXX_LIBRARY = "libc++";
				CLANG_ENABLE_MODULES = YES;
				CLANG_ENABLE_OBJC_ARC = YES;
				CLANG_ENABLE_OBJC_WEAK = YES;
				CLANG_WARN_BLOCK_CAPTURE_AUTORELEASING = YES;
				CLANG_WARN_BOOL_CONVERSION = YES;
				CLANG_WARN_COMMA = YES;
				CLANG_WARN_CONSTANT_CONVERSION = YES;
				CLANG_WARN_DEPRECATED_OBJC_IMPLEMENTATIONS = YES;
				CLANG_WARN_DIRECT_OBJC_ISA_USAGE = YES_ERROR;
				CLANG_WARN_DOCUMENTATION_COMMENTS = YES;
				CLANG_WARN_EMPTY_BODY = YES;
				CLANG_WARN_ENUM_CONVERSION = YES;
				CLANG_WARN_INFINITE_RECURSION = YES;
				CLANG_WARN_INT_CONVERSION = YES;
				CLANG_WARN_NON_LITERAL_NULL_CONVERSION = YES;
				CLANG_WARN_OBJC_IMPLICIT_RETAIN_SELF = YES;
				CLANG_WARN_OBJC_LITERAL_CONVERSION = YES;
				CLANG_WARN_OBJC_ROOT_CLASS = YES_ERROR;
				CLANG_WARN_QUOTED_INCLUDE_IN_FRAMEWORK_HEADER = YES;
				CLANG_WARN_RANGE_LOOP_ANALYSIS = YES;
				CLANG_WARN_STRICT_PROTOTYPES = YES;
				CLANG_WARN_SUSPICIOUS_MOVE = YES;
				CLANG_WARN_UNGUARDED_AVAILABILITY = YES_AGGRESSIVE;
				CLANG_WARN_UNREACHABLE_CODE = YES;
				CLANG_WARN__DUPLICATE_METHOD_MATCH = YES;
				CODE_SIGN_STYLE = Automatic;
				COPY_PHASE_STRIP = NO;
				CURRENT_PROJECT_VERSION = 1;
				DEBUG_INFORMATION_FORMAT = dwarf;
				DEVELOPMENT_TEAM = 9H8L6QA868;
				ENABLE_STRICT_OBJC_MSGSEND = YES;
				ENABLE_TESTABILITY = YES;
				GCC_C_LANGUAGE_STANDARD = gnu11;
				GCC_DYNAMIC_NO_PIC = NO;
				GCC_NO_COMMON_BLOCKS = YES;
				GCC_OPTIMIZATION_LEVEL = 0;
				GCC_PREPROCESSOR_DEFINITIONS = (
					"$(inherited)",
					"DEBUG=1",
				);
				GCC_WARN_64_TO_32_BIT_CONVERSION = YES;
				GCC_WARN_ABOUT_RETURN_TYPE = YES_ERROR;
				GCC_WARN_UNDECLARED_SELECTOR = YES;
				GCC_WARN_UNINITIALIZED_AUTOS = YES_AGGRESSIVE;
				GCC_WARN_UNUSED_FUNCTION = YES;
				GCC_WARN_UNUSED_VARIABLE = YES;
				MACOSX_DEPLOYMENT_TARGET = 14.0;
				MARKETING_VERSION = 1.0.0;
				MTL_ENABLE_DEBUG_INFO = INCLUDE_SOURCE;
				MTL_FAST_MATH = YES;
				ONLY_ACTIVE_ARCH = YES;
				PRODUCT_NAME = "$(TARGET_NAME)";
				SDKROOT = macosx;
				SWIFT_ACTIVE_COMPILATION_CONDITIONS = DEBUG;
				SWIFT_OPTIMIZATION_LEVEL = "-Onone";
				SWIFT_VERSION = 6.0;
			};
			name = Debug;
		};
		EF89FCBAD03AF1327C6D7D12 /* Release */ = {
			isa = XCBuildConfiguration;
			buildSettings = {
				ASSETCATALOG_COMPILER_APPICON_NAME = AppIcon;
				ASSETCATALOG_COMPILER_GLOBAL_ACCENT_COLOR_NAME = AccentColor;
				CODE_SIGN_ENTITLEMENTS = Resources/DictlyMac.entitlements;
				COMBINE_HIDPI_IMAGES = YES;
				FRAMEWORK_SEARCH_PATHS = (
					"$(inherited)",
					"\".\"",
				);
				HEADER_SEARCH_PATHS = "$(SRCROOT)/../Vendor/whisper.cpp/include $(SRCROOT)/../Vendor/whisper.cpp/ggml/include";
				INFOPLIST_FILE = Resources/Info.plist;
				LD_RUNPATH_SEARCH_PATHS = (
					"$(inherited)",
					"@executable_path/../Frameworks",
				);
				MACOSX_DEPLOYMENT_TARGET = 14.0;
				OTHER_LDFLAGS = (
					"-ObjC -lc++",
					"-ObjC",
				);
				PRODUCT_BUNDLE_IDENTIFIER = com.dictly.mac;
				SDKROOT = macosx;
				SWIFT_OBJC_BRIDGING_HEADER = "$(SRCROOT)/Transcription/WhisperBridge-Bridging-Header.h";
			};
			name = Release;
		};
/* End XCBuildConfiguration section */

/* Begin XCConfigurationList section */
		5805E5CE3396D1ED74A1B136 /* Build configuration list for PBXNativeTarget "WhisperLib" */ = {
			isa = XCConfigurationList;
			buildConfigurations = (
				3139A447AF462DE39C3EB2A9 /* Debug */,
				AE01875F07869335058FE96E /* Release */,
			);
			defaultConfigurationIsVisible = 0;
			defaultConfigurationName = Debug;
		};
		5D62CECA7EC9EEAC1B579710 /* Build configuration list for PBXNativeTarget "DictlyMacTests" */ = {
			isa = XCConfigurationList;
			buildConfigurations = (
				522DDC47DB44DFCB9CD16386 /* Debug */,
				5F88B8F5B85864ABDCF5FF1E /* Release */,
			);
			defaultConfigurationIsVisible = 0;
			defaultConfigurationName = Debug;
		};
		D6E8889CBBFE9E1EED5579B1 /* Build configuration list for PBXProject "DictlyMac" */ = {
			isa = XCConfigurationList;
			buildConfigurations = (
				DBAF174FA9936E46E2FB1209 /* Debug */,
				B6133B571420AF74E1F880EE /* Release */,
			);
			defaultConfigurationIsVisible = 0;
			defaultConfigurationName = Debug;
		};
		E70DDBE01EFB7D8E9069D2D8 /* Build configuration list for PBXNativeTarget "DictlyMac" */ = {
			isa = XCConfigurationList;
			buildConfigurations = (
				96A0AE363181DED22E0FE431 /* Debug */,
				EF89FCBAD03AF1327C6D7D12 /* Release */,
			);
			defaultConfigurationIsVisible = 0;
			defaultConfigurationName = Debug;
		};
/* End XCConfigurationList section */

/* Begin XCLocalSwiftPackageReference section */
		7C7FF6C87F5287FA673A44F5 /* XCLocalSwiftPackageReference "../DictlyKit" */ = {
			isa = XCLocalSwiftPackageReference;
			relativePath = ../DictlyKit;
		};
/* End XCLocalSwiftPackageReference section */

/* Begin XCSwiftPackageProductDependency section */
		6D779627DD09B4C0A1B8FA61 /* DictlyKit */ = {
			isa = XCSwiftPackageProductDependency;
			productName = DictlyKit;
		};
		C7A8F80EBE71320BD7E63E9E /* DictlyKit */ = {
			isa = XCSwiftPackageProductDependency;
			productName = DictlyKit;
		};
/* End XCSwiftPackageProductDependency section */
	};
	rootObject = AF1B8E01C6B7CEFB5471684D /* Project object */;
}
