// !$*UTF8*$!
{
	archiveVersion = 1;
	classes = {
	};
	objectVersion = 77;
	objects = {

/* Begin PBXBuildFile section */
		001E2D694DC34F6280E2F408 /* DictlyiOSApp.swift in Sources */ = {isa = PBXBuildFile; fileRef = 65858E28AFE327CE10E45530 /* DictlyiOSApp.swift */; };
		0B094A68B17F4F92E3898F6B /* CampaignDetailScreen.swift in Sources */ = {isa = PBXBuildFile; fileRef = 85641EA891D651731A1760AB /* CampaignDetailScreen.swift */; };
		213BE7694C64750A5070F1EE /* DictlyKit in Frameworks */ = {isa = PBXBuildFile; productRef = 73283B2AADDD38B3A8F3CBBF /* DictlyKit */; };
		50223616BDCB96EA9222C2E4 /* TagListScreen.swift in Sources */ = {isa = PBXBuildFile; fileRef = 218663D6D95E12A07825370C /* TagListScreen.swift */; };
		57884EC1179A9C26DDB5C2F9 /* TagCategoryListScreen.swift in Sources */ = {isa = PBXBuildFile; fileRef = 198D76E81C60D43ECDE83E5F /* TagCategoryListScreen.swift */; };
		87A2B544278BCD7C5AB9AA94 /* CampaignListScreen.swift in Sources */ = {isa = PBXBuildFile; fileRef = A34CAC83B9783FE002294049 /* CampaignListScreen.swift */; };
		9FE3AAFF02149FB90750BC86 /* TagFormSheet.swift in Sources */ = {isa = PBXBuildFile; fileRef = 25083852435AB1C24830FBC3 /* TagFormSheet.swift */; };
		A0143385A6B4295D7E173921 /* SessionListRow.swift in Sources */ = {isa = PBXBuildFile; fileRef = 70DEB959750632939DBA599F /* SessionListRow.swift */; };
		AFF7496D2EA43AA3D1A40D54 /* CampaignFormSheet.swift in Sources */ = {isa = PBXBuildFile; fileRef = 1140D16A3FA3BF0E382A17B9 /* CampaignFormSheet.swift */; };
		CD8748C5AAEBFAA2E0680EFA /* TagCategoryFormSheet.swift in Sources */ = {isa = PBXBuildFile; fileRef = B218093E2C301C2CF79D2D48 /* TagCategoryFormSheet.swift */; };
		CE5CCE34159373FF410CE2B2 /* ContentView.swift in Sources */ = {isa = PBXBuildFile; fileRef = 292C56CB086444688FE199C1 /* ContentView.swift */; };
		D61D86C8F6D43C189A6ED53C /* SessionFormSheet.swift in Sources */ = {isa = PBXBuildFile; fileRef = 1293F57D2A3E00C3C41104D3 /* SessionFormSheet.swift */; };
/* End PBXBuildFile section */

/* Begin PBXFileReference section */
		1140D16A3FA3BF0E382A17B9 /* CampaignFormSheet.swift */ = {isa = PBXFileReference; lastKnownFileType = sourcecode.swift; path = CampaignFormSheet.swift; sourceTree = "<group>"; };
		1293F57D2A3E00C3C41104D3 /* SessionFormSheet.swift */ = {isa = PBXFileReference; lastKnownFileType = sourcecode.swift; path = SessionFormSheet.swift; sourceTree = "<group>"; };
		198D76E81C60D43ECDE83E5F /* TagCategoryListScreen.swift */ = {isa = PBXFileReference; lastKnownFileType = sourcecode.swift; path = TagCategoryListScreen.swift; sourceTree = "<group>"; };
		212048F3B21C673F727CF238 /* .gitkeep */ = {isa = PBXFileReference; path = .gitkeep; sourceTree = "<group>"; };
		218663D6D95E12A07825370C /* TagListScreen.swift */ = {isa = PBXFileReference; lastKnownFileType = sourcecode.swift; path = TagListScreen.swift; sourceTree = "<group>"; };
		25083852435AB1C24830FBC3 /* TagFormSheet.swift */ = {isa = PBXFileReference; lastKnownFileType = sourcecode.swift; path = TagFormSheet.swift; sourceTree = "<group>"; };
		292C56CB086444688FE199C1 /* ContentView.swift */ = {isa = PBXFileReference; lastKnownFileType = sourcecode.swift; path = ContentView.swift; sourceTree = "<group>"; };
		421DF30DCF157DFEB97DFC73 /* DictlyiOS.app */ = {isa = PBXFileReference; includeInIndex = 0; lastKnownFileType = wrapper.application; path = DictlyiOS.app; sourceTree = BUILT_PRODUCTS_DIR; };
		65858E28AFE327CE10E45530 /* DictlyiOSApp.swift */ = {isa = PBXFileReference; lastKnownFileType = sourcecode.swift; path = DictlyiOSApp.swift; sourceTree = "<group>"; };
		70DEB959750632939DBA599F /* SessionListRow.swift */ = {isa = PBXFileReference; lastKnownFileType = sourcecode.swift; path = SessionListRow.swift; sourceTree = "<group>"; };
		85641EA891D651731A1760AB /* CampaignDetailScreen.swift */ = {isa = PBXFileReference; lastKnownFileType = sourcecode.swift; path = CampaignDetailScreen.swift; sourceTree = "<group>"; };
		9097885CC399C9C51A2DEF9A /* .gitkeep */ = {isa = PBXFileReference; path = .gitkeep; sourceTree = "<group>"; };
		A34CAC83B9783FE002294049 /* CampaignListScreen.swift */ = {isa = PBXFileReference; lastKnownFileType = sourcecode.swift; path = CampaignListScreen.swift; sourceTree = "<group>"; };
		B218093E2C301C2CF79D2D48 /* TagCategoryFormSheet.swift */ = {isa = PBXFileReference; lastKnownFileType = sourcecode.swift; path = TagCategoryFormSheet.swift; sourceTree = "<group>"; };
		E9DF83D1579012F36AC2AC18 /* DictlyKit */ = {isa = PBXFileReference; lastKnownFileType = folder; name = DictlyKit; path = ../DictlyKit; sourceTree = SOURCE_ROOT; };
/* End PBXFileReference section */

/* Begin PBXFrameworksBuildPhase section */
		8389A86886C76CD1397FC0F5 /* Frameworks */ = {
			isa = PBXFrameworksBuildPhase;
			buildActionMask = 2147483647;
			files = (
				213BE7694C64750A5070F1EE /* DictlyKit in Frameworks */,
			);
			runOnlyForDeploymentPostprocessing = 0;
		};
/* End PBXFrameworksBuildPhase section */

/* Begin PBXGroup section */
		095163D397CB84C943559505 = {
			isa = PBXGroup;
			children = (
				102D047256739A005B43E852 /* App */,
				9EAF4186648735D4DD6A42A2 /* Campaigns */,
				DE00568F58657567AEDD6FA3 /* Packages */,
				2164FED092E47251C8E7BD04 /* Tagging */,
				E233D43E11DF5690FCBCBD58 /* Products */,
			);
			sourceTree = "<group>";
		};
		102D047256739A005B43E852 /* App */ = {
			isa = PBXGroup;
			children = (
				292C56CB086444688FE199C1 /* ContentView.swift */,
				65858E28AFE327CE10E45530 /* DictlyiOSApp.swift */,
			);
			path = App;
			sourceTree = "<group>";
		};
		2164FED092E47251C8E7BD04 /* Tagging */ = {
			isa = PBXGroup;
			children = (
				9097885CC399C9C51A2DEF9A /* .gitkeep */,
				B218093E2C301C2CF79D2D48 /* TagCategoryFormSheet.swift */,
				198D76E81C60D43ECDE83E5F /* TagCategoryListScreen.swift */,
				25083852435AB1C24830FBC3 /* TagFormSheet.swift */,
				218663D6D95E12A07825370C /* TagListScreen.swift */,
			);
			path = Tagging;
			sourceTree = "<group>";
		};
		9EAF4186648735D4DD6A42A2 /* Campaigns */ = {
			isa = PBXGroup;
			children = (
				212048F3B21C673F727CF238 /* .gitkeep */,
				85641EA891D651731A1760AB /* CampaignDetailScreen.swift */,
				1140D16A3FA3BF0E382A17B9 /* CampaignFormSheet.swift */,
				A34CAC83B9783FE002294049 /* CampaignListScreen.swift */,
				1293F57D2A3E00C3C41104D3 /* SessionFormSheet.swift */,
				70DEB959750632939DBA599F /* SessionListRow.swift */,
			);
			path = Campaigns;
			sourceTree = "<group>";
		};
		DE00568F58657567AEDD6FA3 /* Packages */ = {
			isa = PBXGroup;
			children = (
				E9DF83D1579012F36AC2AC18 /* DictlyKit */,
			);
			name = Packages;
			sourceTree = "<group>";
		};
		E233D43E11DF5690FCBCBD58 /* Products */ = {
			isa = PBXGroup;
			children = (
				421DF30DCF157DFEB97DFC73 /* DictlyiOS.app */,
			);
			name = Products;
			sourceTree = "<group>";
		};
/* End PBXGroup section */

/* Begin PBXNativeTarget section */
		ED422B840AC5DE293419D114 /* DictlyiOS */ = {
			isa = PBXNativeTarget;
			buildConfigurationList = 6040FD55EABE82DC07A43DC9 /* Build configuration list for PBXNativeTarget "DictlyiOS" */;
			buildPhases = (
				E0FC3A6F0357CC16F14D1411 /* Sources */,
				8389A86886C76CD1397FC0F5 /* Frameworks */,
			);
			buildRules = (
			);
			dependencies = (
			);
			name = DictlyiOS;
			packageProductDependencies = (
				73283B2AADDD38B3A8F3CBBF /* DictlyKit */,
			);
			productName = DictlyiOS;
			productReference = 421DF30DCF157DFEB97DFC73 /* DictlyiOS.app */;
			productType = "com.apple.product-type.application";
		};
/* End PBXNativeTarget section */

/* Begin PBXProject section */
		3AB964EDD0B2A2F4BCD5C983 /* Project object */ = {
			isa = PBXProject;
			attributes = {
				BuildIndependentTargetsInParallel = YES;
				LastUpgradeCheck = 1600;
				TargetAttributes = {
					ED422B840AC5DE293419D114 = {
						DevelopmentTeam = "";
						ProvisioningStyle = Automatic;
					};
				};
			};
			buildConfigurationList = 159283FABDE835F89042ACBE /* Build configuration list for PBXProject "DictlyiOS" */;
			developmentRegion = en;
			hasScannedForEncodings = 0;
			knownRegions = (
				Base,
				en,
			);
			mainGroup = 095163D397CB84C943559505;
			minimizedProjectReferenceProxies = 1;
			packageReferences = (
				A7E4B6D3260EB3D759226A81 /* XCLocalSwiftPackageReference "../DictlyKit" */,
			);
			preferredProjectObjectVersion = 77;
			productRefGroup = E233D43E11DF5690FCBCBD58 /* Products */;
			projectDirPath = "";
			projectRoot = "";
			targets = (
				ED422B840AC5DE293419D114 /* DictlyiOS */,
			);
		};
/* End PBXProject section */

/* Begin PBXSourcesBuildPhase section */
		E0FC3A6F0357CC16F14D1411 /* Sources */ = {
			isa = PBXSourcesBuildPhase;
			buildActionMask = 2147483647;
			files = (
				0B094A68B17F4F92E3898F6B /* CampaignDetailScreen.swift in Sources */,
				AFF7496D2EA43AA3D1A40D54 /* CampaignFormSheet.swift in Sources */,
				87A2B544278BCD7C5AB9AA94 /* CampaignListScreen.swift in Sources */,
				CE5CCE34159373FF410CE2B2 /* ContentView.swift in Sources */,
				001E2D694DC34F6280E2F408 /* DictlyiOSApp.swift in Sources */,
				D61D86C8F6D43C189A6ED53C /* SessionFormSheet.swift in Sources */,
				A0143385A6B4295D7E173921 /* SessionListRow.swift in Sources */,
				CD8748C5AAEBFAA2E0680EFA /* TagCategoryFormSheet.swift in Sources */,
				57884EC1179A9C26DDB5C2F9 /* TagCategoryListScreen.swift in Sources */,
				9FE3AAFF02149FB90750BC86 /* TagFormSheet.swift in Sources */,
				50223616BDCB96EA9222C2E4 /* TagListScreen.swift in Sources */,
			);
			runOnlyForDeploymentPostprocessing = 0;
		};
/* End PBXSourcesBuildPhase section */

/* Begin XCBuildConfiguration section */
		3BB889AA52EC022D97A3A93B /* Release */ = {
			isa = XCBuildConfiguration;
			buildSettings = {
				ALWAYS_SEARCH_USER_PATHS = NO;
				CLANG_ANALYZER_NONNULL = YES;
				CLANG_ANALYZER_NUMBER_OBJECT_CONVERSION = YES_AGGRESSIVE;
				CLANG_CXX_LANGUAGE_STANDARD = "gnu++14";
				CLANG_CXX_LIBRARY = "libc++";
				CLANG_ENABLE_MODULES = YES;
				CLANG_ENABLE_OBJC_ARC = YES;
				CLANG_ENABLE_OBJC_WEAK = YES;
				CLANG_WARN_BLOCK_CAPTURE_AUTORELEASING = YES;
				CLANG_WARN_BOOL_CONVERSION = YES;
				CLANG_WARN_COMMA = YES;
				CLANG_WARN_CONSTANT_CONVERSION = YES;
				CLANG_WARN_DEPRECATED_OBJC_IMPLEMENTATIONS = YES;
				CLANG_WARN_DIRECT_OBJC_ISA_USAGE = YES_ERROR;
				CLANG_WARN_DOCUMENTATION_COMMENTS = YES;
				CLANG_WARN_EMPTY_BODY = YES;
				CLANG_WARN_ENUM_CONVERSION = YES;
				CLANG_WARN_INFINITE_RECURSION = YES;
				CLANG_WARN_INT_CONVERSION = YES;
				CLANG_WARN_NON_LITERAL_NULL_CONVERSION = YES;
				CLANG_WARN_OBJC_IMPLICIT_RETAIN_SELF = YES;
				CLANG_WARN_OBJC_LITERAL_CONVERSION = YES;
				CLANG_WARN_OBJC_ROOT_CLASS = YES_ERROR;
				CLANG_WARN_QUOTED_INCLUDE_IN_FRAMEWORK_HEADER = YES;
				CLANG_WARN_RANGE_LOOP_ANALYSIS = YES;
				CLANG_WARN_STRICT_PROTOTYPES = YES;
				CLANG_WARN_SUSPICIOUS_MOVE = YES;
				CLANG_WARN_UNGUARDED_AVAILABILITY = YES_AGGRESSIVE;
				CLANG_WARN_UNREACHABLE_CODE = YES;
				CLANG_WARN__DUPLICATE_METHOD_MATCH = YES;
				CODE_SIGN_STYLE = Automatic;
				COPY_PHASE_STRIP = NO;
				CURRENT_PROJECT_VERSION = 1;
				DEBUG_INFORMATION_FORMAT = "dwarf-with-dsym";
				DEVELOPMENT_TEAM = "";
				ENABLE_NS_ASSERTIONS = NO;
				ENABLE_STRICT_OBJC_MSGSEND = YES;
				GCC_C_LANGUAGE_STANDARD = gnu11;
				GCC_NO_COMMON_BLOCKS = YES;
				GCC_WARN_64_TO_32_BIT_CONVERSION = YES;
				GCC_WARN_ABOUT_RETURN_TYPE = YES_ERROR;
				GCC_WARN_UNDECLARED_SELECTOR = YES;
				GCC_WARN_UNINITIALIZED_AUTOS = YES_AGGRESSIVE;
				GCC_WARN_UNUSED_FUNCTION = YES;
				GCC_WARN_UNUSED_VARIABLE = YES;
				IPHONEOS_DEPLOYMENT_TARGET = 17.0;
				MARKETING_VERSION = 1.0.0;
				MTL_ENABLE_DEBUG_INFO = NO;
				MTL_FAST_MATH = YES;
				PRODUCT_NAME = "$(TARGET_NAME)";
				SDKROOT = iphoneos;
				SWIFT_COMPILATION_MODE = wholemodule;
				SWIFT_OPTIMIZATION_LEVEL = "-O";
				SWIFT_VERSION = 6.0;
			};
			name = Release;
		};
		63C1EE724CA154A7BF02B044 /* Debug */ = {
			isa = XCBuildConfiguration;
			buildSettings = {
				ASSETCATALOG_COMPILER_APPICON_NAME = AppIcon;
				ASSETCATALOG_COMPILER_GLOBAL_ACCENT_COLOR_NAME = AccentColor;
				CODE_SIGN_IDENTITY = "iPhone Developer";
				INFOPLIST_FILE = Resources/Info.plist;
				IPHONEOS_DEPLOYMENT_TARGET = 17.0;
				LD_RUNPATH_SEARCH_PATHS = (
					"$(inherited)",
					"@executable_path/Frameworks",
				);
				PRODUCT_BUNDLE_IDENTIFIER = com.dictly.ios;
				SDKROOT = iphoneos;
				TARGETED_DEVICE_FAMILY = "1,2";
			};
			name = Debug;
		};
		87E94E2E4B7375DBEB2AC1FB /* Debug */ = {
			isa = XCBuildConfiguration;
			buildSettings = {
				ALWAYS_SEARCH_USER_PATHS = NO;
				CLANG_ANALYZER_NONNULL = YES;
				CLANG_ANALYZER_NUMBER_OBJECT_CONVERSION = YES_AGGRESSIVE;
				CLANG_CXX_LANGUAGE_STANDARD = "gnu++14";
				CLANG_CXX_LIBRARY = "libc++";
				CLANG_ENABLE_MODULES = YES;
				CLANG_ENABLE_OBJC_ARC = YES;
				CLANG_ENABLE_OBJC_WEAK = YES;
				CLANG_WARN_BLOCK_CAPTURE_AUTORELEASING = YES;
				CLANG_WARN_BOOL_CONVERSION = YES;
				CLANG_WARN_COMMA = YES;
				CLANG_WARN_CONSTANT_CONVERSION = YES;
				CLANG_WARN_DEPRECATED_OBJC_IMPLEMENTATIONS = YES;
				CLANG_WARN_DIRECT_OBJC_ISA_USAGE = YES_ERROR;
				CLANG_WARN_DOCUMENTATION_COMMENTS = YES;
				CLANG_WARN_EMPTY_BODY = YES;
				CLANG_WARN_ENUM_CONVERSION = YES;
				CLANG_WARN_INFINITE_RECURSION = YES;
				CLANG_WARN_INT_CONVERSION = YES;
				CLANG_WARN_NON_LITERAL_NULL_CONVERSION = YES;
				CLANG_WARN_OBJC_IMPLICIT_RETAIN_SELF = YES;
				CLANG_WARN_OBJC_LITERAL_CONVERSION = YES;
				CLANG_WARN_OBJC_ROOT_CLASS = YES_ERROR;
				CLANG_WARN_QUOTED_INCLUDE_IN_FRAMEWORK_HEADER = YES;
				CLANG_WARN_RANGE_LOOP_ANALYSIS = YES;
				CLANG_WARN_STRICT_PROTOTYPES = YES;
				CLANG_WARN_SUSPICIOUS_MOVE = YES;
				CLANG_WARN_UNGUARDED_AVAILABILITY = YES_AGGRESSIVE;
				CLANG_WARN_UNREACHABLE_CODE = YES;
				CLANG_WARN__DUPLICATE_METHOD_MATCH = YES;
				CODE_SIGN_STYLE = Automatic;
				COPY_PHASE_STRIP = NO;
				CURRENT_PROJECT_VERSION = 1;
				DEBUG_INFORMATION_FORMAT = dwarf;
				DEVELOPMENT_TEAM = "";
				ENABLE_STRICT_OBJC_MSGSEND = YES;
				ENABLE_TESTABILITY = YES;
				GCC_C_LANGUAGE_STANDARD = gnu11;
				GCC_DYNAMIC_NO_PIC = NO;
				GCC_NO_COMMON_BLOCKS = YES;
				GCC_OPTIMIZATION_LEVEL = 0;
				GCC_PREPROCESSOR_DEFINITIONS = (
					"$(inherited)",
					"DEBUG=1",
				);
				GCC_WARN_64_TO_32_BIT_CONVERSION = YES;
				GCC_WARN_ABOUT_RETURN_TYPE = YES_ERROR;
				GCC_WARN_UNDECLARED_SELECTOR = YES;
				GCC_WARN_UNINITIALIZED_AUTOS = YES_AGGRESSIVE;
				GCC_WARN_UNUSED_FUNCTION = YES;
				GCC_WARN_UNUSED_VARIABLE = YES;
				IPHONEOS_DEPLOYMENT_TARGET = 17.0;
				MARKETING_VERSION = 1.0.0;
				MTL_ENABLE_DEBUG_INFO = INCLUDE_SOURCE;
				MTL_FAST_MATH = YES;
				ONLY_ACTIVE_ARCH = YES;
				PRODUCT_NAME = "$(TARGET_NAME)";
				SDKROOT = iphoneos;
				SWIFT_ACTIVE_COMPILATION_CONDITIONS = DEBUG;
				SWIFT_OPTIMIZATION_LEVEL = "-Onone";
				SWIFT_VERSION = 6.0;
			};
			name = Debug;
		};
		A5C28442DBDF68435894A272 /* Release */ = {
			isa = XCBuildConfiguration;
			buildSettings = {
				ASSETCATALOG_COMPILER_APPICON_NAME = AppIcon;
				ASSETCATALOG_COMPILER_GLOBAL_ACCENT_COLOR_NAME = AccentColor;
				CODE_SIGN_IDENTITY = "iPhone Developer";
				INFOPLIST_FILE = Resources/Info.plist;
				IPHONEOS_DEPLOYMENT_TARGET = 17.0;
				LD_RUNPATH_SEARCH_PATHS = (
					"$(inherited)",
					"@executable_path/Frameworks",
				);
				PRODUCT_BUNDLE_IDENTIFIER = com.dictly.ios;
				SDKROOT = iphoneos;
				TARGETED_DEVICE_FAMILY = "1,2";
			};
			name = Release;
		};
/* End XCBuildConfiguration section */

/* Begin XCConfigurationList section */
		159283FABDE835F89042ACBE /* Build configuration list for PBXProject "DictlyiOS" */ = {
			isa = XCConfigurationList;
			buildConfigurations = (
				87E94E2E4B7375DBEB2AC1FB /* Debug */,
				3BB889AA52EC022D97A3A93B /* Release */,
			);
			defaultConfigurationIsVisible = 0;
			defaultConfigurationName = Debug;
		};
		6040FD55EABE82DC07A43DC9 /* Build configuration list for PBXNativeTarget "DictlyiOS" */ = {
			isa = XCConfigurationList;
			buildConfigurations = (
				63C1EE724CA154A7BF02B044 /* Debug */,
				A5C28442DBDF68435894A272 /* Release */,
			);
			defaultConfigurationIsVisible = 0;
			defaultConfigurationName = Debug;
		};
/* End XCConfigurationList section */

/* Begin XCLocalSwiftPackageReference section */
		A7E4B6D3260EB3D759226A81 /* XCLocalSwiftPackageReference "../DictlyKit" */ = {
			isa = XCLocalSwiftPackageReference;
			relativePath = ../DictlyKit;
		};
/* End XCLocalSwiftPackageReference section */

/* Begin XCSwiftPackageProductDependency section */
		73283B2AADDD38B3A8F3CBBF /* DictlyKit */ = {
			isa = XCSwiftPackageProductDependency;
			productName = DictlyKit;
		};
/* End XCSwiftPackageProductDependency section */
	};
	rootObject = 3AB964EDD0B2A2F4BCD5C983 /* Project object */;
}
